{
  "version": 4,
  "terraform_version": "0.12.28",
  "serial": 580,
  "lineage": "2d75535a-3a38-01b2-8bb3-4c3491953272",
  "outputs": {},
  "resources": [
    {
      "module": "module.nginx_group",
      "mode": "data",
      "type": "google_compute_zones",
      "name": "available",
      "provider": "provider.google",
      "instances": [
        {
          "schema_version": 0,
          "attributes": {
            "id": "2020-06-29 20:40:14.2098974 +0000 UTC",
            "names": [
              "us-central1-a",
              "us-central1-b",
              "us-central1-c",
              "us-central1-f"
            ],
            "project": "application-project-1-028e",
            "region": "us-central1",
            "status": null
          }
        }
      ]
    },
    {
      "module": "module.redhat_instances",
      "mode": "data",
      "type": "google_compute_zones",
      "name": "available",
      "provider": "provider.google",
      "instances": [
        {
          "schema_version": 0,
          "attributes": {
            "id": "2020-06-29 20:40:14.2322561 +0000 UTC",
            "names": [
              "us-central1-a",
              "us-central1-b",
              "us-central1-c",
              "us-central1-f"
            ],
            "project": "application-project-1-028e",
            "region": "us-central1",
            "status": null
          }
        }
      ]
    },
    {
      "module": "module.management_project.module.gsuite_group",
      "mode": "data",
      "type": "google_organization",
      "name": "org",
      "each": "list",
      "provider": "provider.google",
      "instances": []
    },
    {
      "module": "module.application_project.module.gsuite_group",
      "mode": "data",
      "type": "google_organization",
      "name": "org",
      "each": "list",
      "provider": "provider.google",
      "instances": []
    },
    {
      "module": "module.application_project.module.project-factory",
      "mode": "data",
      "type": "null_data_source",
      "name": "default_service_account",
      "provider": "provider.null",
      "instances": [
        {
          "schema_version": 0,
          "attributes": {
            "has_computed_default": "default",
            "id": "static",
            "inputs": {
              "email": "686693193309-compute@developer.gserviceaccount.com"
            },
            "outputs": {
              "email": "686693193309-compute@developer.gserviceaccount.com"
            },
            "random": "8181472488772195028"
          }
        }
      ]
    },
    {
      "module": "module.management_project.module.project-factory",
      "mode": "data",
      "type": "null_data_source",
      "name": "default_service_account",
      "provider": "provider.null",
      "instances": [
        {
          "schema_version": 0,
          "attributes": {
            "has_computed_default": "default",
            "id": "static",
            "inputs": {
              "email": "335342439628-compute@developer.gserviceaccount.com"
            },
            "outputs": {
              "email": "335342439628-compute@developer.gserviceaccount.com"
            },
            "random": "3477590047102121071"
          }
        }
      ]
    },
    {
      "module": "module.application_project.module.budget",
      "mode": "managed",
      "type": "google_billing_budget",
      "name": "budget",
      "each": "list",
      "provider": "provider.google-beta",
      "instances": []
    },
    {
      "module": "module.management_project.module.budget",
      "mode": "managed",
      "type": "google_billing_budget",
      "name": "budget",
      "each": "list",
      "provider": "provider.google-beta",
      "instances": []
    },
    {
      "module": "module.network.module.network-firewall",
      "mode": "managed",
      "type": "google_compute_firewall",
      "name": "allow-admins",
      "each": "list",
      "provider": "provider.google",
      "instances": []
    },
    {
      "module": "module.network.module.network-firewall",
      "mode": "managed",
      "type": "google_compute_firewall",
      "name": "allow-internal",
      "each": "list",
      "provider": "provider.google",
      "instances": []
    },
    {
      "module": "module.network.module.network-firewall",
      "mode": "managed",
      "type": "google_compute_firewall",
      "name": "allow-tag-http",
      "each": "list",
      "provider": "provider.google",
      "instances": [
        {
          "index_key": 0,
          "schema_version": 1,
          "attributes": {
            "allow": [
              {
                "ports": [
                  "80"
                ],
                "protocol": "tcp"
              }
            ],
            "creation_timestamp": "2020-06-29T13:40:09.465-07:00",
            "deny": [],
            "description": "Allow HTTP to machines with the 'http-server' tag",
            "destination_ranges": [],
            "direction": "INGRESS",
            "disabled": false,
            "enable_logging": false,
            "id": "projects/management-project-1-c32d/global/firewalls/cf-vpc-ingress-tag-http",
            "name": "cf-vpc-ingress-tag-http",
            "network": "https://www.googleapis.com/compute/v1/projects/management-project-1-c32d/global/networks/cf-vpc",
            "priority": 1000,
            "project": "management-project-1-c32d",
            "self_link": "https://www.googleapis.com/compute/v1/projects/management-project-1-c32d/global/firewalls/cf-vpc-ingress-tag-http",
            "source_ranges": [
              "0.0.0.0/0"
            ],
            "source_service_accounts": null,
            "source_tags": null,
            "target_service_accounts": null,
            "target_tags": [
              "http-server"
            ],
            "timeouts": null
          },
          "private": "eyJlMmJmYjczMC1lY2FhLTExZTYtOGY4OC0zNDM2M2JjN2M0YzAiOnsiY3JlYXRlIjoyNDAwMDAwMDAwMDAsImRlbGV0ZSI6MjQwMDAwMDAwMDAwLCJ1cGRhdGUiOjI0MDAwMDAwMDAwMH0sInNjaGVtYV92ZXJzaW9uIjoiMSJ9",
          "dependencies": [
            "google_folder.management",
            "module.management_project.module.project-factory.google_project.main",
            "module.management_project.module.project-factory.module.project_services.google_project_service.project_services",
            "module.management_project.module.project-factory.null_resource.preconditions",
            "module.management_project.module.project-factory.random_id.random_project_id_suffix",
            "module.network.module.vpc.module.vpc.google_compute_network.network"
          ]
        }
      ]
    },
    {
      "module": "module.network.module.network-firewall",
      "mode": "managed",
      "type": "google_compute_firewall",
      "name": "allow-tag-https",
      "each": "list",
      "provider": "provider.google",
      "instances": [
        {
          "index_key": 0,
          "schema_version": 1,
          "attributes": {
            "allow": [
              {
                "ports": [
                  "443"
                ],
                "protocol": "tcp"
              }
            ],
            "creation_timestamp": "2020-06-29T13:40:09.398-07:00",
            "deny": [],
            "description": "Allow HTTPS to machines with the 'https' tag",
            "destination_ranges": [],
            "direction": "INGRESS",
            "disabled": false,
            "enable_logging": false,
            "id": "projects/management-project-1-c32d/global/firewalls/cf-vpc-ingress-tag-https",
            "name": "cf-vpc-ingress-tag-https",
            "network": "https://www.googleapis.com/compute/v1/projects/management-project-1-c32d/global/networks/cf-vpc",
            "priority": 1000,
            "project": "management-project-1-c32d",
            "self_link": "https://www.googleapis.com/compute/v1/projects/management-project-1-c32d/global/firewalls/cf-vpc-ingress-tag-https",
            "source_ranges": [
              "0.0.0.0/0"
            ],
            "source_service_accounts": null,
            "source_tags": null,
            "target_service_accounts": null,
            "target_tags": [
              "https-server"
            ],
            "timeouts": null
          },
          "private": "eyJlMmJmYjczMC1lY2FhLTExZTYtOGY4OC0zNDM2M2JjN2M0YzAiOnsiY3JlYXRlIjoyNDAwMDAwMDAwMDAsImRlbGV0ZSI6MjQwMDAwMDAwMDAwLCJ1cGRhdGUiOjI0MDAwMDAwMDAwMH0sInNjaGVtYV92ZXJzaW9uIjoiMSJ9",
          "dependencies": [
            "google_folder.management",
            "module.management_project.module.project-factory.google_project.main",
            "module.management_project.module.project-factory.module.project_services.google_project_service.project_services",
            "module.management_project.module.project-factory.null_resource.preconditions",
            "module.management_project.module.project-factory.random_id.random_project_id_suffix",
            "module.network.module.vpc.module.vpc.google_compute_network.network"
          ]
        }
      ]
    },
    {
      "module": "module.network.module.network-firewall",
      "mode": "managed",
      "type": "google_compute_firewall",
      "name": "allow-tag-ssh",
      "each": "list",
      "provider": "provider.google",
      "instances": [
        {
          "index_key": 0,
          "schema_version": 1,
          "attributes": {
            "allow": [
              {
                "ports": [
                  "22"
                ],
                "protocol": "tcp"
              }
            ],
            "creation_timestamp": "2020-06-29T13:40:09.301-07:00",
            "deny": [],
            "description": "Allow SSH to machines with the 'ssh' tag",
            "destination_ranges": [],
            "direction": "INGRESS",
            "disabled": false,
            "enable_logging": false,
            "id": "projects/management-project-1-c32d/global/firewalls/cf-vpc-ingress-tag-ssh",
            "name": "cf-vpc-ingress-tag-ssh",
            "network": "https://www.googleapis.com/compute/v1/projects/management-project-1-c32d/global/networks/cf-vpc",
            "priority": 1000,
            "project": "management-project-1-c32d",
            "self_link": "https://www.googleapis.com/compute/v1/projects/management-project-1-c32d/global/firewalls/cf-vpc-ingress-tag-ssh",
            "source_ranges": [
              "0.0.0.0/0"
            ],
            "source_service_accounts": null,
            "source_tags": null,
            "target_service_accounts": null,
            "target_tags": [
              "ssh"
            ],
            "timeouts": null
          },
          "private": "eyJlMmJmYjczMC1lY2FhLTExZTYtOGY4OC0zNDM2M2JjN2M0YzAiOnsiY3JlYXRlIjoyNDAwMDAwMDAwMDAsImRlbGV0ZSI6MjQwMDAwMDAwMDAwLCJ1cGRhdGUiOjI0MDAwMDAwMDAwMH0sInNjaGVtYV92ZXJzaW9uIjoiMSJ9",
          "dependencies": [
            "google_folder.management",
            "module.management_project.module.project-factory.google_project.main",
            "module.management_project.module.project-factory.module.project_services.google_project_service.project_services",
            "module.management_project.module.project-factory.null_resource.preconditions",
            "module.management_project.module.project-factory.random_id.random_project_id_suffix",
            "module.network.module.vpc.module.vpc.google_compute_network.network"
          ]
        }
      ]
    },
    {
      "module": "module.network.module.network-firewall",
      "mode": "managed",
      "type": "google_compute_firewall",
      "name": "custom",
      "each": "map",
      "provider": "provider.google",
      "instances": []
    },
    {
      "module": "module.nginx_group",
      "mode": "managed",
      "type": "google_compute_health_check",
      "name": "http",
      "each": "list",
      "provider": "provider.google",
      "instances": []
    },
    {
      "module": "module.redhat_instances",
      "mode": "managed",
      "type": "google_compute_health_check",
      "name": "http",
      "each": "list",
      "provider": "provider.google",
      "instances": []
    },
    {
      "module": "module.nginx_group",
      "mode": "managed",
      "type": "google_compute_health_check",
      "name": "tcp",
      "each": "list",
      "provider": "provider.google",
      "instances": []
    },
    {
      "module": "module.redhat_instances",
      "mode": "managed",
      "type": "google_compute_health_check",
      "name": "tcp",
      "each": "list",
      "provider": "provider.google",
      "instances": []
    },
    {
      "module": "module.network.module.vpc.module.vpc",
      "mode": "managed",
      "type": "google_compute_network",
      "name": "network",
      "provider": "provider.google",
      "instances": [
        {
          "schema_version": 0,
          "attributes": {
            "auto_create_subnetworks": false,
            "delete_default_routes_on_create": false,
            "description": "",
            "gateway_ipv4": "",
            "id": "projects/management-project-1-c32d/global/networks/cf-vpc",
            "ipv4_range": null,
            "name": "cf-vpc",
            "project": "management-project-1-c32d",
            "routing_mode": "GLOBAL",
            "self_link": "https://www.googleapis.com/compute/v1/projects/management-project-1-c32d/global/networks/cf-vpc",
            "timeouts": null
          },
          "private": "eyJlMmJmYjczMC1lY2FhLTExZTYtOGY4OC0zNDM2M2JjN2M0YzAiOnsiY3JlYXRlIjoyNDAwMDAwMDAwMDAsImRlbGV0ZSI6MjQwMDAwMDAwMDAwLCJ1cGRhdGUiOjI0MDAwMDAwMDAwMH19",
          "dependencies": [
            "google_folder.management",
            "module.management_project.module.project-factory.google_project.main",
            "module.management_project.module.project-factory.module.project_services.google_project_service.project_services",
            "module.management_project.module.project-factory.null_resource.preconditions",
            "module.management_project.module.project-factory.random_id.random_project_id_suffix"
          ]
        }
      ]
    },
    {
      "module": "module.nginx_group",
      "mode": "managed",
      "type": "google_compute_region_autoscaler",
      "name": "autoscaler",
      "each": "list",
      "provider": "provider.google",
      "instances": []
    },
    {
      "module": "module.redhat_instances",
      "mode": "managed",
      "type": "google_compute_region_autoscaler",
      "name": "autoscaler",
      "each": "list",
      "provider": "provider.google",
      "instances": []
    },
    {
      "module": "module.nginx_group",
      "mode": "managed",
      "type": "google_compute_region_instance_group_manager",
      "name": "mig",
      "provider": "provider.google-beta",
      "instances": []
    },
    {
      "module": "module.redhat_instances",
      "mode": "managed",
      "type": "google_compute_region_instance_group_manager",
      "name": "mig",
      "provider": "provider.google-beta",
      "instances": []
    },
    {
      "module": "module.network.module.vpc.module.routes",
      "mode": "managed",
      "type": "google_compute_route",
      "name": "route",
      "each": "map",
      "provider": "provider.google",
      "instances": [
        {
          "index_key": "egress-internet",
          "schema_version": 0,
          "attributes": {
            "description": "route access to internet",
            "dest_range": "0.0.0.0/0",
            "id": "projects/management-project-1-c32d/global/routes/egress-internet",
            "name": "egress-internet",
            "network": "https://www.googleapis.com/compute/v1/projects/management-project-1-c32d/global/networks/cf-vpc",
            "next_hop_gateway": "https://www.googleapis.com/compute/v1/projects/management-project-1-c32d/global/gateways/default-internet-gateway",
            "next_hop_ilb": "",
            "next_hop_instance": "",
            "next_hop_instance_zone": null,
            "next_hop_ip": "",
            "next_hop_network": "",
            "next_hop_vpn_tunnel": "",
            "priority": 1000,
            "project": "management-project-1-c32d",
            "self_link": "https://www.googleapis.com/compute/v1/projects/management-project-1-c32d/global/routes/egress-internet",
            "tags": [
              "egress-inet"
            ],
            "timeouts": null
          },
          "private": "eyJlMmJmYjczMC1lY2FhLTExZTYtOGY4OC0zNDM2M2JjN2M0YzAiOnsiY3JlYXRlIjoyNDAwMDAwMDAwMDAsImRlbGV0ZSI6MjQwMDAwMDAwMDAwfX0=",
          "dependencies": [
            "google_folder.management",
            "module.management_project.module.project-factory.google_project.main",
            "module.management_project.module.project-factory.module.project_services.google_project_service.project_services",
            "module.management_project.module.project-factory.null_resource.preconditions",
            "module.management_project.module.project-factory.random_id.random_project_id_suffix",
            "module.network.module.vpc.module.subnets.google_compute_subnetwork.subnetwork",
            "module.network.module.vpc.module.vpc.google_compute_network.network"
          ]
        }
      ]
    },
    {
      "module": "module.network.module.vpc.module.vpc",
      "mode": "managed",
      "type": "google_compute_shared_vpc_host_project",
      "name": "shared_vpc_host",
      "each": "list",
      "provider": "provider.google",
      "instances": []
    },
    {
      "module": "module.application_project.module.project-factory",
      "mode": "managed",
      "type": "google_compute_shared_vpc_service_project",
      "name": "shared_vpc_attachment",
      "each": "list",
      "provider": "provider.google",
      "instances": []
    },
    {
      "module": "module.management_project.module.project-factory",
      "mode": "managed",
      "type": "google_compute_shared_vpc_service_project",
      "name": "shared_vpc_attachment",
      "each": "list",
      "provider": "provider.google",
      "instances": []
    },
    {
      "module": "module.network.module.vpc.module.subnets",
      "mode": "managed",
      "type": "google_compute_subnetwork",
      "name": "subnetwork",
      "each": "map",
      "provider": "provider.google",
      "instances": [
        {
          "index_key": "us-central1/cf-vpc-sub1",
          "schema_version": 0,
          "attributes": {
            "creation_timestamp": "2020-06-29T13:40:09.399-07:00",
            "description": "",
            "enable_flow_logs": null,
            "fingerprint": null,
            "gateway_address": "10.0.0.1",
            "id": "projects/management-project-1-c32d/regions/us-central1/subnetworks/cf-vpc-sub1",
            "ip_cidr_range": "10.0.0.0/24",
            "log_config": [],
            "name": "cf-vpc-sub1",
            "network": "https://www.googleapis.com/compute/v1/projects/management-project-1-c32d/global/networks/cf-vpc",
            "private_ip_google_access": true,
            "project": "management-project-1-c32d",
            "region": "us-central1",
            "secondary_ip_range": [],
            "self_link": "https://www.googleapis.com/compute/v1/projects/management-project-1-c32d/regions/us-central1/subnetworks/cf-vpc-sub1",
            "timeouts": null
          },
          "private": "eyJlMmJmYjczMC1lY2FhLTExZTYtOGY4OC0zNDM2M2JjN2M0YzAiOnsiY3JlYXRlIjozNjAwMDAwMDAwMDAsImRlbGV0ZSI6MzYwMDAwMDAwMDAwLCJ1cGRhdGUiOjM2MDAwMDAwMDAwMH19",
          "dependencies": [
            "google_folder.management",
            "module.management_project.module.project-factory.google_project.main",
            "module.management_project.module.project-factory.module.project_services.google_project_service.project_services",
            "module.management_project.module.project-factory.null_resource.preconditions",
            "module.management_project.module.project-factory.random_id.random_project_id_suffix",
            "module.network.module.vpc.module.vpc.google_compute_network.network"
          ]
        },
        {
          "index_key": "us-central1/cf-vpc-sub2",
          "schema_version": 0,
          "attributes": {
            "creation_timestamp": "2020-06-29T13:40:09.343-07:00",
            "description": "",
            "enable_flow_logs": null,
            "fingerprint": null,
            "gateway_address": "10.0.1.1",
            "id": "projects/management-project-1-c32d/regions/us-central1/subnetworks/cf-vpc-sub2",
            "ip_cidr_range": "10.0.1.0/24",
            "log_config": [],
            "name": "cf-vpc-sub2",
            "network": "https://www.googleapis.com/compute/v1/projects/management-project-1-c32d/global/networks/cf-vpc",
            "private_ip_google_access": true,
            "project": "management-project-1-c32d",
            "region": "us-central1",
            "secondary_ip_range": [],
            "self_link": "https://www.googleapis.com/compute/v1/projects/management-project-1-c32d/regions/us-central1/subnetworks/cf-vpc-sub2",
            "timeouts": null
          },
          "private": "eyJlMmJmYjczMC1lY2FhLTExZTYtOGY4OC0zNDM2M2JjN2M0YzAiOnsiY3JlYXRlIjozNjAwMDAwMDAwMDAsImRlbGV0ZSI6MzYwMDAwMDAwMDAwLCJ1cGRhdGUiOjM2MDAwMDAwMDAwMH19",
          "dependencies": [
            "google_folder.management",
            "module.management_project.module.project-factory.google_project.main",
            "module.management_project.module.project-factory.module.project_services.google_project_service.project_services",
            "module.management_project.module.project-factory.null_resource.preconditions",
            "module.management_project.module.project-factory.random_id.random_project_id_suffix",
            "module.network.module.vpc.module.vpc.google_compute_network.network"
          ]
        },
        {
          "index_key": "us-central1/cf-vpc-sub3",
          "schema_version": 0,
          "attributes": {
            "creation_timestamp": "2020-06-29T13:40:09.902-07:00",
            "description": "",
            "enable_flow_logs": null,
            "fingerprint": null,
            "gateway_address": "10.0.2.1",
            "id": "projects/management-project-1-c32d/regions/us-central1/subnetworks/cf-vpc-sub3",
            "ip_cidr_range": "10.0.2.0/24",
            "log_config": [],
            "name": "cf-vpc-sub3",
            "network": "https://www.googleapis.com/compute/v1/projects/management-project-1-c32d/global/networks/cf-vpc",
            "private_ip_google_access": true,
            "project": "management-project-1-c32d",
            "region": "us-central1",
            "secondary_ip_range": [],
            "self_link": "https://www.googleapis.com/compute/v1/projects/management-project-1-c32d/regions/us-central1/subnetworks/cf-vpc-sub3",
            "timeouts": null
          },
          "private": "eyJlMmJmYjczMC1lY2FhLTExZTYtOGY4OC0zNDM2M2JjN2M0YzAiOnsiY3JlYXRlIjozNjAwMDAwMDAwMDAsImRlbGV0ZSI6MzYwMDAwMDAwMDAwLCJ1cGRhdGUiOjM2MDAwMDAwMDAwMH19",
          "dependencies": [
            "google_folder.management",
            "module.management_project.module.project-factory.google_project.main",
            "module.management_project.module.project-factory.module.project_services.google_project_service.project_services",
            "module.management_project.module.project-factory.null_resource.preconditions",
            "module.management_project.module.project-factory.random_id.random_project_id_suffix",
            "module.network.module.vpc.module.vpc.google_compute_network.network"
          ]
        },
        {
          "index_key": "us-central1/cf-vpc-sub4",
          "schema_version": 0,
          "attributes": {
            "creation_timestamp": "2020-06-29T13:40:09.379-07:00",
            "description": "",
            "enable_flow_logs": null,
            "fingerprint": null,
            "gateway_address": "10.0.3.1",
            "id": "projects/management-project-1-c32d/regions/us-central1/subnetworks/cf-vpc-sub4",
            "ip_cidr_range": "10.0.3.0/24",
            "log_config": [],
            "name": "cf-vpc-sub4",
            "network": "https://www.googleapis.com/compute/v1/projects/management-project-1-c32d/global/networks/cf-vpc",
            "private_ip_google_access": true,
            "project": "management-project-1-c32d",
            "region": "us-central1",
            "secondary_ip_range": [],
            "self_link": "https://www.googleapis.com/compute/v1/projects/management-project-1-c32d/regions/us-central1/subnetworks/cf-vpc-sub4",
            "timeouts": null
          },
          "private": "eyJlMmJmYjczMC1lY2FhLTExZTYtOGY4OC0zNDM2M2JjN2M0YzAiOnsiY3JlYXRlIjozNjAwMDAwMDAwMDAsImRlbGV0ZSI6MzYwMDAwMDAwMDAwLCJ1cGRhdGUiOjM2MDAwMDAwMDAwMH19",
          "dependencies": [
            "google_folder.management",
            "module.management_project.module.project-factory.google_project.main",
            "module.management_project.module.project-factory.module.project_services.google_project_service.project_services",
            "module.management_project.module.project-factory.null_resource.preconditions",
            "module.management_project.module.project-factory.random_id.random_project_id_suffix",
            "module.network.module.vpc.module.vpc.google_compute_network.network"
          ]
        }
      ]
    },
    {
      "module": "module.application_project.module.project-factory",
      "mode": "managed",
      "type": "google_compute_subnetwork_iam_member",
      "name": "apis_service_account_role_to_vpc_subnets",
      "each": "list",
      "provider": "provider.google-beta",
      "instances": []
    },
    {
      "module": "module.management_project.module.project-factory",
      "mode": "managed",
      "type": "google_compute_subnetwork_iam_member",
      "name": "apis_service_account_role_to_vpc_subnets",
      "each": "list",
      "provider": "provider.google-beta",
      "instances": []
    },
    {
      "module": "module.application_project.module.project-factory",
      "mode": "managed",
      "type": "google_compute_subnetwork_iam_member",
      "name": "gke_shared_vpc_subnets",
      "each": "list",
      "provider": "provider.google-beta",
      "instances": []
    },
    {
      "module": "module.management_project.module.project-factory",
      "mode": "managed",
      "type": "google_compute_subnetwork_iam_member",
      "name": "gke_shared_vpc_subnets",
      "each": "list",
      "provider": "provider.google-beta",
      "instances": []
    },
    {
      "module": "module.application_project.module.project-factory",
      "mode": "managed",
      "type": "google_compute_subnetwork_iam_member",
      "name": "group_role_to_vpc_subnets",
      "each": "list",
      "provider": "provider.google-beta",
      "instances": []
    },
    {
      "module": "module.management_project.module.project-factory",
      "mode": "managed",
      "type": "google_compute_subnetwork_iam_member",
      "name": "group_role_to_vpc_subnets",
      "each": "list",
      "provider": "provider.google-beta",
      "instances": []
    },
    {
      "module": "module.application_project.module.project-factory",
      "mode": "managed",
      "type": "google_compute_subnetwork_iam_member",
      "name": "service_account_role_to_vpc_subnets",
      "each": "list",
      "provider": "provider.google-beta",
      "instances": []
    },
    {
      "module": "module.management_project.module.project-factory",
      "mode": "managed",
      "type": "google_compute_subnetwork_iam_member",
      "name": "service_account_role_to_vpc_subnets",
      "each": "list",
      "provider": "provider.google-beta",
      "instances": []
    },
    {
      "mode": "managed",
      "type": "google_folder",
      "name": "application",
      "provider": "provider.google",
      "instances": [
        {
          "schema_version": 0,
          "attributes": {
            "create_time": "2020-06-29T20:36:08.959Z",
            "display_name": "application",
            "id": "folders/571929930422",
            "lifecycle_state": "ACTIVE",
            "name": "folders/571929930422",
            "parent": "organizations/478509003713",
            "timeouts": null
          },
          "private": "eyJlMmJmYjczMC1lY2FhLTExZTYtOGY4OC0zNDM2M2JjN2M0YzAiOnsiY3JlYXRlIjoyNDAwMDAwMDAwMDAsImRlbGV0ZSI6MjQwMDAwMDAwMDAwLCJyZWFkIjoyNDAwMDAwMDAwMDAsInVwZGF0ZSI6MjQwMDAwMDAwMDAwfX0="
        }
      ]
    },
    {
      "mode": "managed",
      "type": "google_folder",
      "name": "management",
      "provider": "provider.google",
      "instances": [
        {
          "schema_version": 0,
          "attributes": {
            "create_time": "2020-06-29T20:36:09.170Z",
            "display_name": "management",
            "id": "folders/653215335125",
            "lifecycle_state": "ACTIVE",
            "name": "folders/653215335125",
            "parent": "organizations/478509003713",
            "timeouts": null
          },
          "private": "eyJlMmJmYjczMC1lY2FhLTExZTYtOGY4OC0zNDM2M2JjN2M0YzAiOnsiY3JlYXRlIjoyNDAwMDAwMDAwMDAsImRlbGV0ZSI6MjQwMDAwMDAwMDAwLCJyZWFkIjoyNDAwMDAwMDAwMDAsInVwZGF0ZSI6MjQwMDAwMDAwMDAwfX0="
        }
      ]
    },
    {
      "module": "module.application_project.module.project-factory",
      "mode": "managed",
      "type": "google_project",
      "name": "main",
      "provider": "provider.google",
      "instances": [
        {
          "schema_version": 1,
          "attributes": {
            "auto_create_network": false,
            "billing_account": "01AFBE-11DA43-19B888",
            "folder_id": "571929930422",
            "id": "projects/application-project-1-028e",
            "labels": null,
            "name": "application-project-1",
            "number": "686693193309",
            "org_id": "",
            "project_id": "application-project-1-028e",
            "skip_delete": null,
            "timeouts": null
          },
          "private": "eyJlMmJmYjczMC1lY2FhLTExZTYtOGY4OC0zNDM2M2JjN2M0YzAiOnsiY3JlYXRlIjoyNDAwMDAwMDAwMDAsImRlbGV0ZSI6MjQwMDAwMDAwMDAwLCJyZWFkIjoyNDAwMDAwMDAwMDAsInVwZGF0ZSI6MjQwMDAwMDAwMDAwfSwic2NoZW1hX3ZlcnNpb24iOiIxIn0=",
          "dependencies": [
            "google_folder.application",
            "module.application_project.module.project-factory.null_resource.preconditions",
            "module.application_project.module.project-factory.random_id.random_project_id_suffix"
          ]
        }
      ]
    },
    {
      "module": "module.management_project.module.project-factory",
      "mode": "managed",
      "type": "google_project",
      "name": "main",
      "provider": "provider.google",
      "instances": [
        {
          "schema_version": 1,
          "attributes": {
            "auto_create_network": false,
            "billing_account": "01AFBE-11DA43-19B888",
            "folder_id": "653215335125",
            "id": "projects/management-project-1-c32d",
            "labels": null,
            "name": "management-project-1",
            "number": "335342439628",
            "org_id": "",
            "project_id": "management-project-1-c32d",
            "skip_delete": null,
            "timeouts": null
          },
          "private": "eyJlMmJmYjczMC1lY2FhLTExZTYtOGY4OC0zNDM2M2JjN2M0YzAiOnsiY3JlYXRlIjoyNDAwMDAwMDAwMDAsImRlbGV0ZSI6MjQwMDAwMDAwMDAwLCJyZWFkIjoyNDAwMDAwMDAwMDAsInVwZGF0ZSI6MjQwMDAwMDAwMDAwfSwic2NoZW1hX3ZlcnNpb24iOiIxIn0=",
          "dependencies": [
            "google_folder.management",
            "module.management_project.module.project-factory.null_resource.preconditions",
            "module.management_project.module.project-factory.random_id.random_project_id_suffix"
          ]
        }
      ]
    },
    {
      "module": "module.application_project.module.project-factory",
      "mode": "managed",
      "type": "google_project_iam_member",
      "name": "controlling_group_vpc_membership",
      "each": "list",
      "provider": "provider.google",
      "instances": []
    },
    {
      "module": "module.management_project.module.project-factory",
      "mode": "managed",
      "type": "google_project_iam_member",
      "name": "controlling_group_vpc_membership",
      "each": "list",
      "provider": "provider.google",
      "instances": []
    },
    {
      "module": "module.application_project.module.project-factory",
      "mode": "managed",
      "type": "google_project_iam_member",
      "name": "default_service_account_membership",
      "each": "list",
      "provider": "provider.google",
      "instances": []
    },
    {
      "module": "module.management_project.module.project-factory",
      "mode": "managed",
      "type": "google_project_iam_member",
      "name": "default_service_account_membership",
      "each": "list",
      "provider": "provider.google",
      "instances": []
    },
    {
      "module": "module.application_project.module.project-factory",
      "mode": "managed",
      "type": "google_project_iam_member",
      "name": "gke_host_agent",
      "each": "list",
      "provider": "provider.google",
      "instances": []
    },
    {
      "module": "module.management_project.module.project-factory",
      "mode": "managed",
      "type": "google_project_iam_member",
      "name": "gke_host_agent",
      "each": "list",
      "provider": "provider.google",
      "instances": []
    },
    {
      "module": "module.application_project.module.project-factory",
      "mode": "managed",
      "type": "google_project_iam_member",
      "name": "gsuite_group_role",
      "each": "list",
      "provider": "provider.google",
      "instances": []
    },
    {
      "module": "module.management_project.module.project-factory",
      "mode": "managed",
      "type": "google_project_iam_member",
      "name": "gsuite_group_role",
      "each": "list",
      "provider": "provider.google",
      "instances": []
    },
    {
      "module": "module.management_project.module.project-factory.module.project_services",
      "mode": "managed",
      "type": "google_project_service",
      "name": "project_services",
      "each": "map",
      "provider": "provider.google",
      "instances": [
        {
          "index_key": "compute.googleapis.com",
          "schema_version": 0,
          "attributes": {
            "disable_dependent_services": true,
            "disable_on_destroy": true,
            "id": "management-project-1-c32d/compute.googleapis.com",
            "project": "management-project-1-c32d",
            "service": "compute.googleapis.com",
            "timeouts": null
          },
          "private": "eyJlMmJmYjczMC1lY2FhLTExZTYtOGY4OC0zNDM2M2JjN2M0YzAiOnsiY3JlYXRlIjoxMjAwMDAwMDAwMDAwLCJkZWxldGUiOjEyMDAwMDAwMDAwMDAsInJlYWQiOjYwMDAwMDAwMDAwMCwidXBkYXRlIjoxMjAwMDAwMDAwMDAwfX0=",
          "dependencies": [
            "google_folder.management",
            "module.management_project.module.project-factory.google_project.main",
            "module.management_project.module.project-factory.null_resource.preconditions",
            "module.management_project.module.project-factory.random_id.random_project_id_suffix"
          ]
        }
      ]
    },
    {
      "module": "module.application_project.module.project-factory.module.project_services",
      "mode": "managed",
      "type": "google_project_service",
      "name": "project_services",
      "each": "map",
      "provider": "provider.google",
      "instances": [
        {
          "index_key": "compute.googleapis.com",
          "schema_version": 0,
          "attributes": {
            "disable_dependent_services": true,
            "disable_on_destroy": true,
            "id": "application-project-1-028e/compute.googleapis.com",
            "project": "application-project-1-028e",
            "service": "compute.googleapis.com",
            "timeouts": null
          },
          "private": "eyJlMmJmYjczMC1lY2FhLTExZTYtOGY4OC0zNDM2M2JjN2M0YzAiOnsiY3JlYXRlIjoxMjAwMDAwMDAwMDAwLCJkZWxldGUiOjEyMDAwMDAwMDAwMDAsInJlYWQiOjYwMDAwMDAwMDAwMCwidXBkYXRlIjoxMjAwMDAwMDAwMDAwfX0=",
          "dependencies": [
            "google_folder.application",
            "module.application_project.module.project-factory.google_project.main",
            "module.application_project.module.project-factory.null_resource.preconditions",
            "module.application_project.module.project-factory.random_id.random_project_id_suffix"
          ]
        }
      ]
    },
    {
      "module": "module.application_project.module.project-factory",
      "mode": "managed",
      "type": "google_project_usage_export_bucket",
      "name": "usage_report_export",
      "each": "list",
      "provider": "provider.google",
      "instances": []
    },
    {
      "module": "module.management_project.module.project-factory",
      "mode": "managed",
      "type": "google_project_usage_export_bucket",
      "name": "usage_report_export",
      "each": "list",
      "provider": "provider.google",
      "instances": []
    },
    {
      "module": "module.application_project.module.project-factory",
      "mode": "managed",
      "type": "google_resource_manager_lien",
      "name": "lien",
      "each": "list",
      "provider": "provider.google",
      "instances": []
    },
    {
      "module": "module.management_project.module.project-factory",
      "mode": "managed",
      "type": "google_resource_manager_lien",
      "name": "lien",
      "each": "list",
      "provider": "provider.google",
      "instances": []
    },
    {
      "module": "module.application_project.module.project-factory",
      "mode": "managed",
      "type": "google_service_account",
      "name": "default_service_account",
      "provider": "provider.google",
      "instances": [
        {
          "schema_version": 0,
          "attributes": {
            "account_id": "project-service-account",
            "description": "",
            "display_name": "application-project-1 Project Service Account",
            "email": "project-service-account@application-project-1-028e.iam.gserviceaccount.com",
            "id": "projects/application-project-1-028e/serviceAccounts/project-service-account@application-project-1-028e.iam.gserviceaccount.com",
            "name": "projects/application-project-1-028e/serviceAccounts/project-service-account@application-project-1-028e.iam.gserviceaccount.com",
            "project": "application-project-1-028e",
            "timeouts": null,
            "unique_id": "112654421554543844376"
          },
          "private": "eyJlMmJmYjczMC1lY2FhLTExZTYtOGY4OC0zNDM2M2JjN2M0YzAiOnsiY3JlYXRlIjozMDAwMDAwMDAwMDB9fQ==",
          "dependencies": [
            "google_folder.application",
            "module.application_project.module.project-factory.google_project.main",
            "module.application_project.module.project-factory.null_resource.preconditions",
            "module.application_project.module.project-factory.random_id.random_project_id_suffix"
          ]
        }
      ]
    },
    {
      "module": "module.management_project.module.project-factory",
      "mode": "managed",
      "type": "google_service_account",
      "name": "default_service_account",
      "provider": "provider.google",
      "instances": [
        {
          "schema_version": 0,
          "attributes": {
            "account_id": "project-service-account",
            "description": "",
            "display_name": "management-project-1 Project Service Account",
            "email": "project-service-account@management-project-1-c32d.iam.gserviceaccount.com",
            "id": "projects/management-project-1-c32d/serviceAccounts/project-service-account@management-project-1-c32d.iam.gserviceaccount.com",
            "name": "projects/management-project-1-c32d/serviceAccounts/project-service-account@management-project-1-c32d.iam.gserviceaccount.com",
            "project": "management-project-1-c32d",
            "timeouts": null,
            "unique_id": "101511784500187185793"
          },
          "private": "eyJlMmJmYjczMC1lY2FhLTExZTYtOGY4OC0zNDM2M2JjN2M0YzAiOnsiY3JlYXRlIjozMDAwMDAwMDAwMDB9fQ==",
          "dependencies": [
            "google_folder.management",
            "module.management_project.module.project-factory.google_project.main",
            "module.management_project.module.project-factory.null_resource.preconditions",
            "module.management_project.module.project-factory.random_id.random_project_id_suffix"
          ]
        }
      ]
    },
    {
      "module": "module.application_project.module.project-factory",
      "mode": "managed",
      "type": "google_service_account_iam_member",
      "name": "service_account_grant_to_group",
      "each": "list",
      "provider": "provider.google",
      "instances": []
    },
    {
      "module": "module.management_project.module.project-factory",
      "mode": "managed",
      "type": "google_service_account_iam_member",
      "name": "service_account_grant_to_group",
      "each": "list",
      "provider": "provider.google",
      "instances": []
    },
    {
      "module": "module.application_project.module.project-factory",
      "mode": "managed",
      "type": "google_storage_bucket",
      "name": "project_bucket",
      "each": "list",
      "provider": "provider.google",
      "instances": []
    },
    {
      "module": "module.management_project.module.project-factory",
      "mode": "managed",
      "type": "google_storage_bucket",
      "name": "project_bucket",
      "each": "list",
      "provider": "provider.google",
      "instances": []
    },
    {
      "module": "module.application_project.module.project-factory",
      "mode": "managed",
      "type": "google_storage_bucket_iam_member",
      "name": "api_s_account_storage_admin_on_project_bucket",
      "each": "list",
      "provider": "provider.google",
      "instances": []
    },
    {
      "module": "module.management_project.module.project-factory",
      "mode": "managed",
      "type": "google_storage_bucket_iam_member",
      "name": "api_s_account_storage_admin_on_project_bucket",
      "each": "list",
      "provider": "provider.google",
      "instances": []
    },
    {
      "module": "module.application_project.module.project-factory",
      "mode": "managed",
      "type": "google_storage_bucket_iam_member",
      "name": "group_storage_admin_on_project_bucket",
      "each": "list",
      "provider": "provider.google",
      "instances": []
    },
    {
      "module": "module.management_project.module.project-factory",
      "mode": "managed",
      "type": "google_storage_bucket_iam_member",
      "name": "group_storage_admin_on_project_bucket",
      "each": "list",
      "provider": "provider.google",
      "instances": []
    },
    {
      "module": "module.application_project.module.project-factory",
      "mode": "managed",
      "type": "google_storage_bucket_iam_member",
      "name": "s_account_storage_admin_on_project_bucket",
      "each": "list",
      "provider": "provider.google",
      "instances": []
    },
    {
      "module": "module.management_project.module.project-factory",
      "mode": "managed",
      "type": "google_storage_bucket_iam_member",
      "name": "s_account_storage_admin_on_project_bucket",
      "each": "list",
      "provider": "provider.google",
      "instances": []
    },
    {
      "module": "module.application_project.module.project-factory.module.gcloud_deprivilege",
      "mode": "managed",
      "type": "null_resource",
      "name": "additional_components",
      "each": "list",
      "provider": "provider.null",
      "instances": []
    },
    {
      "module": "module.management_project.module.project-factory.module.gcloud_delete",
      "mode": "managed",
      "type": "null_resource",
      "name": "additional_components",
      "each": "list",
      "provider": "provider.null",
      "instances": []
    },
    {
      "module": "module.application_project.module.project-factory.module.gcloud_disable",
      "mode": "managed",
      "type": "null_resource",
      "name": "additional_components",
      "each": "list",
      "provider": "provider.null",
      "instances": []
    },
    {
      "module": "module.management_project.module.project-factory.module.gcloud_disable",
      "mode": "managed",
      "type": "null_resource",
      "name": "additional_components",
      "each": "list",
      "provider": "provider.null",
      "instances": []
    },
    {
      "module": "module.management_project.module.project-factory.module.gcloud_deprivilege",
      "mode": "managed",
      "type": "null_resource",
      "name": "additional_components",
      "each": "list",
      "provider": "provider.null",
      "instances": []
    },
    {
      "module": "module.application_project.module.project-factory.module.gcloud_delete",
      "mode": "managed",
      "type": "null_resource",
      "name": "additional_components",
      "each": "list",
      "provider": "provider.null",
      "instances": []
    },
    {
      "module": "module.application_project.module.project-factory.module.gcloud_deprivilege",
      "mode": "managed",
      "type": "null_resource",
      "name": "additional_components_destroy",
      "each": "list",
      "provider": "provider.null",
      "instances": []
    },
    {
      "module": "module.management_project.module.project-factory.module.gcloud_delete",
      "mode": "managed",
      "type": "null_resource",
      "name": "additional_components_destroy",
      "each": "list",
      "provider": "provider.null",
      "instances": []
    },
    {
      "module": "module.application_project.module.project-factory.module.gcloud_disable",
      "mode": "managed",
      "type": "null_resource",
      "name": "additional_components_destroy",
      "each": "list",
      "provider": "provider.null",
      "instances": []
    },
    {
      "module": "module.management_project.module.project-factory.module.gcloud_disable",
      "mode": "managed",
      "type": "null_resource",
      "name": "additional_components_destroy",
      "each": "list",
      "provider": "provider.null",
      "instances": []
    },
    {
      "module": "module.management_project.module.project-factory.module.gcloud_deprivilege",
      "mode": "managed",
      "type": "null_resource",
      "name": "additional_components_destroy",
      "each": "list",
      "provider": "provider.null",
      "instances": []
    },
    {
      "module": "module.application_project.module.project-factory.module.gcloud_delete",
      "mode": "managed",
      "type": "null_resource",
      "name": "additional_components_destroy",
      "each": "list",
      "provider": "provider.null",
      "instances": []
    },
    {
      "module": "module.application_project.module.project-factory.module.gcloud_deprivilege",
      "mode": "managed",
      "type": "null_resource",
      "name": "decompress",
      "each": "list",
      "provider": "provider.null",
      "instances": []
    },
    {
      "module": "module.management_project.module.project-factory.module.gcloud_delete",
      "mode": "managed",
      "type": "null_resource",
      "name": "decompress",
      "each": "list",
      "provider": "provider.null",
      "instances": []
    },
    {
      "module": "module.application_project.module.project-factory.module.gcloud_disable",
      "mode": "managed",
      "type": "null_resource",
      "name": "decompress",
      "each": "list",
      "provider": "provider.null",
      "instances": [
        {
          "index_key": 0,
          "schema_version": 0,
          "attributes": {
            "id": "4677087817857674603",
            "triggers": {
              "activated_apis": "compute.googleapis.com",
              "arguments": "59239c9715f5e192b0422dd34f1ef368",
              "decompress_command": "tar -xzf .terraform/modules/application_project.project-factory.gcloud_disable/terraform-google-gcloud-1.0.1/cache/40b01bd5/google-cloud-sdk.tar.gz -C .terraform/modules/application_project.project-factory.gcloud_disable/terraform-google-gcloud-1.0.1/cache/40b01bd5 \u0026\u0026 cp .terraform/modules/application_project.project-factory.gcloud_disable/terraform-google-gcloud-1.0.1/cache/40b01bd5/jq .terraform/modules/application_project.project-factory.gcloud_disable/terraform-google-gcloud-1.0.1/cache/40b01bd5/google-cloud-sdk/bin/",
              "default_service_account": "686693193309-compute@developer.gserviceaccount.com",
              "download_gcloud_command": "curl -sL -o .terraform/modules/application_project.project-factory.gcloud_disable/terraform-google-gcloud-1.0.1/cache/40b01bd5/google-cloud-sdk.tar.gz https://dl.google.com/dl/cloudsdk/channels/rapid/downloads/google-cloud-sdk-281.0.0-linux-x86_64.tar.gz",
              "download_jq_command": "curl -sL -o .terraform/modules/application_project.project-factory.gcloud_disable/terraform-google-gcloud-1.0.1/cache/40b01bd5/jq https://github.com/stedolan/jq/releases/download/jq-1.6/jq-linux64 \u0026\u0026 chmod +x .terraform/modules/application_project.project-factory.gcloud_disable/terraform-google-gcloud-1.0.1/cache/40b01bd5/jq",
              "md5": "681bc493d5c6e0e3b64679436aaeabff",
              "project_services": "application-project-1-028e"
            }
          },
          "private": "bnVsbA==",
          "dependencies": [
            "google_folder.application",
            "module.application_project.module.project-factory.google_project.main",
            "module.application_project.module.project-factory.module.gcloud_disable.null_resource.download_gcloud",
            "module.application_project.module.project-factory.module.gcloud_disable.null_resource.download_jq",
            "module.application_project.module.project-factory.module.gcloud_disable.null_resource.module_depends_on",
            "module.application_project.module.project-factory.module.gcloud_disable.null_resource.prepare_cache",
            "module.application_project.module.project-factory.module.gcloud_disable.random_id.cache",
            "module.application_project.module.project-factory.module.project_services.google_project_service.project_services",
            "module.application_project.module.project-factory.null_resource.preconditions",
            "module.application_project.module.project-factory.random_id.random_project_id_suffix"
          ]
        }
      ]
    },
    {
      "module": "module.management_project.module.project-factory.module.gcloud_disable",
      "mode": "managed",
      "type": "null_resource",
      "name": "decompress",
      "each": "list",
      "provider": "provider.null",
      "instances": [
        {
          "index_key": 0,
          "schema_version": 0,
          "attributes": {
            "id": "344555840557275577",
            "triggers": {
              "activated_apis": "compute.googleapis.com",
              "arguments": "3e55ef49b387a64577556020381f51db",
              "decompress_command": "tar -xzf .terraform/modules/management_project.project-factory.gcloud_disable/terraform-google-gcloud-1.0.1/cache/4ce86347/google-cloud-sdk.tar.gz -C .terraform/modules/management_project.project-factory.gcloud_disable/terraform-google-gcloud-1.0.1/cache/4ce86347 \u0026\u0026 cp .terraform/modules/management_project.project-factory.gcloud_disable/terraform-google-gcloud-1.0.1/cache/4ce86347/jq .terraform/modules/management_project.project-factory.gcloud_disable/terraform-google-gcloud-1.0.1/cache/4ce86347/google-cloud-sdk/bin/",
              "default_service_account": "335342439628-compute@developer.gserviceaccount.com",
              "download_gcloud_command": "curl -sL -o .terraform/modules/management_project.project-factory.gcloud_disable/terraform-google-gcloud-1.0.1/cache/4ce86347/google-cloud-sdk.tar.gz https://dl.google.com/dl/cloudsdk/channels/rapid/downloads/google-cloud-sdk-281.0.0-linux-x86_64.tar.gz",
              "download_jq_command": "curl -sL -o .terraform/modules/management_project.project-factory.gcloud_disable/terraform-google-gcloud-1.0.1/cache/4ce86347/jq https://github.com/stedolan/jq/releases/download/jq-1.6/jq-linux64 \u0026\u0026 chmod +x .terraform/modules/management_project.project-factory.gcloud_disable/terraform-google-gcloud-1.0.1/cache/4ce86347/jq",
              "md5": "57d7cca9add72bee2310c9b8cfb83293",
              "project_services": "management-project-1-c32d"
            }
          },
          "private": "bnVsbA==",
          "dependencies": [
            "google_folder.management",
            "module.management_project.module.project-factory.google_project.main",
            "module.management_project.module.project-factory.module.gcloud_disable.null_resource.download_gcloud",
            "module.management_project.module.project-factory.module.gcloud_disable.null_resource.download_jq",
            "module.management_project.module.project-factory.module.gcloud_disable.null_resource.module_depends_on",
            "module.management_project.module.project-factory.module.gcloud_disable.null_resource.prepare_cache",
            "module.management_project.module.project-factory.module.gcloud_disable.random_id.cache",
            "module.management_project.module.project-factory.module.project_services.google_project_service.project_services",
            "module.management_project.module.project-factory.null_resource.preconditions",
            "module.management_project.module.project-factory.random_id.random_project_id_suffix"
          ]
        }
      ]
    },
    {
      "module": "module.management_project.module.project-factory.module.gcloud_deprivilege",
      "mode": "managed",
      "type": "null_resource",
      "name": "decompress",
      "each": "list",
      "provider": "provider.null",
      "instances": []
    },
    {
      "module": "module.application_project.module.project-factory.module.gcloud_delete",
      "mode": "managed",
      "type": "null_resource",
      "name": "decompress",
      "each": "list",
      "provider": "provider.null",
      "instances": []
    },
    {
      "module": "module.application_project.module.project-factory.module.gcloud_deprivilege",
      "mode": "managed",
      "type": "null_resource",
      "name": "decompress_destroy",
      "each": "list",
      "provider": "provider.null",
      "instances": []
    },
    {
      "module": "module.management_project.module.project-factory.module.gcloud_delete",
      "mode": "managed",
      "type": "null_resource",
      "name": "decompress_destroy",
      "each": "list",
      "provider": "provider.null",
      "instances": []
    },
    {
      "module": "module.application_project.module.project-factory.module.gcloud_disable",
      "mode": "managed",
      "type": "null_resource",
      "name": "decompress_destroy",
      "each": "list",
      "provider": "provider.null",
      "instances": [
        {
          "index_key": 0,
          "schema_version": 0,
          "attributes": {
            "id": "4518493145327608558",
            "triggers": {
              "decompress_command": "tar -xzf .terraform/modules/application_project.project-factory.gcloud_disable/terraform-google-gcloud-1.0.1/cache/40b01bd5/google-cloud-sdk.tar.gz -C .terraform/modules/application_project.project-factory.gcloud_disable/terraform-google-gcloud-1.0.1/cache/40b01bd5 \u0026\u0026 cp .terraform/modules/application_project.project-factory.gcloud_disable/terraform-google-gcloud-1.0.1/cache/40b01bd5/jq .terraform/modules/application_project.project-factory.gcloud_disable/terraform-google-gcloud-1.0.1/cache/40b01bd5/google-cloud-sdk/bin/"
            }
          },
          "private": "bnVsbA==",
          "dependencies": [
            "module.application_project.module.project-factory.module.gcloud_disable.null_resource.additional_components_destroy",
            "module.application_project.module.project-factory.module.gcloud_disable.null_resource.gcloud_auth_google_credentials_destroy",
            "module.application_project.module.project-factory.module.gcloud_disable.null_resource.gcloud_auth_service_account_key_file_destroy",
            "module.application_project.module.project-factory.module.gcloud_disable.null_resource.upgrade_destroy",
            "module.application_project.module.project-factory.module.gcloud_disable.random_id.cache"
          ]
        }
      ]
    },
    {
      "module": "module.management_project.module.project-factory.module.gcloud_disable",
      "mode": "managed",
      "type": "null_resource",
      "name": "decompress_destroy",
      "each": "list",
      "provider": "provider.null",
      "instances": [
        {
          "index_key": 0,
          "schema_version": 0,
          "attributes": {
            "id": "5697062984549123436",
            "triggers": {
              "decompress_command": "tar -xzf .terraform/modules/management_project.project-factory.gcloud_disable/terraform-google-gcloud-1.0.1/cache/4ce86347/google-cloud-sdk.tar.gz -C .terraform/modules/management_project.project-factory.gcloud_disable/terraform-google-gcloud-1.0.1/cache/4ce86347 \u0026\u0026 cp .terraform/modules/management_project.project-factory.gcloud_disable/terraform-google-gcloud-1.0.1/cache/4ce86347/jq .terraform/modules/management_project.project-factory.gcloud_disable/terraform-google-gcloud-1.0.1/cache/4ce86347/google-cloud-sdk/bin/"
            }
          },
          "private": "bnVsbA==",
          "dependencies": [
            "module.management_project.module.project-factory.module.gcloud_disable.null_resource.additional_components_destroy",
            "module.management_project.module.project-factory.module.gcloud_disable.null_resource.gcloud_auth_google_credentials_destroy",
            "module.management_project.module.project-factory.module.gcloud_disable.null_resource.gcloud_auth_service_account_key_file_destroy",
            "module.management_project.module.project-factory.module.gcloud_disable.null_resource.upgrade_destroy",
            "module.management_project.module.project-factory.module.gcloud_disable.random_id.cache"
          ]
        }
      ]
    },
    {
      "module": "module.management_project.module.project-factory.module.gcloud_deprivilege",
      "mode": "managed",
      "type": "null_resource",
      "name": "decompress_destroy",
      "each": "list",
      "provider": "provider.null",
      "instances": []
    },
    {
      "module": "module.application_project.module.project-factory.module.gcloud_delete",
      "mode": "managed",
      "type": "null_resource",
      "name": "decompress_destroy",
      "each": "list",
      "provider": "provider.null",
      "instances": []
    },
    {
      "module": "module.application_project.module.project-factory.module.gcloud_deprivilege",
      "mode": "managed",
      "type": "null_resource",
      "name": "download_gcloud",
      "each": "list",
      "provider": "provider.null",
      "instances": []
    },
    {
      "module": "module.management_project.module.project-factory.module.gcloud_delete",
      "mode": "managed",
      "type": "null_resource",
      "name": "download_gcloud",
      "each": "list",
      "provider": "provider.null",
      "instances": []
    },
    {
      "module": "module.application_project.module.project-factory.module.gcloud_disable",
      "mode": "managed",
      "type": "null_resource",
      "name": "download_gcloud",
      "each": "list",
      "provider": "provider.null",
      "instances": [
        {
          "index_key": 0,
          "schema_version": 0,
          "attributes": {
            "id": "4151480161319223548",
            "triggers": {
              "activated_apis": "compute.googleapis.com",
              "arguments": "59239c9715f5e192b0422dd34f1ef368",
              "default_service_account": "686693193309-compute@developer.gserviceaccount.com",
              "download_gcloud_command": "curl -sL -o .terraform/modules/application_project.project-factory.gcloud_disable/terraform-google-gcloud-1.0.1/cache/40b01bd5/google-cloud-sdk.tar.gz https://dl.google.com/dl/cloudsdk/channels/rapid/downloads/google-cloud-sdk-281.0.0-linux-x86_64.tar.gz",
              "md5": "681bc493d5c6e0e3b64679436aaeabff",
              "project_services": "application-project-1-028e"
            }
          },
          "private": "bnVsbA==",
          "dependencies": [
            "google_folder.application",
            "module.application_project.module.project-factory.google_project.main",
            "module.application_project.module.project-factory.module.gcloud_disable.null_resource.module_depends_on",
            "module.application_project.module.project-factory.module.gcloud_disable.null_resource.prepare_cache",
            "module.application_project.module.project-factory.module.gcloud_disable.random_id.cache",
            "module.application_project.module.project-factory.module.project_services.google_project_service.project_services",
            "module.application_project.module.project-factory.null_resource.preconditions",
            "module.application_project.module.project-factory.random_id.random_project_id_suffix"
          ]
        }
      ]
    },
    {
      "module": "module.management_project.module.project-factory.module.gcloud_disable",
      "mode": "managed",
      "type": "null_resource",
      "name": "download_gcloud",
      "each": "list",
      "provider": "provider.null",
      "instances": [
        {
          "index_key": 0,
          "schema_version": 0,
          "attributes": {
            "id": "8400360858514384587",
            "triggers": {
              "activated_apis": "compute.googleapis.com",
              "arguments": "3e55ef49b387a64577556020381f51db",
              "default_service_account": "335342439628-compute@developer.gserviceaccount.com",
              "download_gcloud_command": "curl -sL -o .terraform/modules/management_project.project-factory.gcloud_disable/terraform-google-gcloud-1.0.1/cache/4ce86347/google-cloud-sdk.tar.gz https://dl.google.com/dl/cloudsdk/channels/rapid/downloads/google-cloud-sdk-281.0.0-linux-x86_64.tar.gz",
              "md5": "57d7cca9add72bee2310c9b8cfb83293",
              "project_services": "management-project-1-c32d"
            }
          },
          "private": "bnVsbA==",
          "dependencies": [
            "google_folder.management",
            "module.management_project.module.project-factory.google_project.main",
            "module.management_project.module.project-factory.module.gcloud_disable.null_resource.module_depends_on",
            "module.management_project.module.project-factory.module.gcloud_disable.null_resource.prepare_cache",
            "module.management_project.module.project-factory.module.gcloud_disable.random_id.cache",
            "module.management_project.module.project-factory.module.project_services.google_project_service.project_services",
            "module.management_project.module.project-factory.null_resource.preconditions",
            "module.management_project.module.project-factory.random_id.random_project_id_suffix"
          ]
        }
      ]
    },
    {
      "module": "module.management_project.module.project-factory.module.gcloud_deprivilege",
      "mode": "managed",
      "type": "null_resource",
      "name": "download_gcloud",
      "each": "list",
      "provider": "provider.null",
      "instances": []
    },
    {
      "module": "module.application_project.module.project-factory.module.gcloud_delete",
      "mode": "managed",
      "type": "null_resource",
      "name": "download_gcloud",
      "each": "list",
      "provider": "provider.null",
      "instances": []
    },
    {
      "module": "module.application_project.module.project-factory.module.gcloud_deprivilege",
      "mode": "managed",
      "type": "null_resource",
      "name": "download_jq",
      "each": "list",
      "provider": "provider.null",
      "instances": []
    },
    {
      "module": "module.management_project.module.project-factory.module.gcloud_delete",
      "mode": "managed",
      "type": "null_resource",
      "name": "download_jq",
      "each": "list",
      "provider": "provider.null",
      "instances": []
    },
    {
      "module": "module.application_project.module.project-factory.module.gcloud_disable",
      "mode": "managed",
      "type": "null_resource",
      "name": "download_jq",
      "each": "list",
      "provider": "provider.null",
      "instances": [
        {
          "index_key": 0,
          "schema_version": 0,
          "attributes": {
            "id": "1092472489330238006",
            "triggers": {
              "activated_apis": "compute.googleapis.com",
              "arguments": "59239c9715f5e192b0422dd34f1ef368",
              "default_service_account": "686693193309-compute@developer.gserviceaccount.com",
              "download_jq_command": "curl -sL -o .terraform/modules/application_project.project-factory.gcloud_disable/terraform-google-gcloud-1.0.1/cache/40b01bd5/jq https://github.com/stedolan/jq/releases/download/jq-1.6/jq-linux64 \u0026\u0026 chmod +x .terraform/modules/application_project.project-factory.gcloud_disable/terraform-google-gcloud-1.0.1/cache/40b01bd5/jq",
              "md5": "681bc493d5c6e0e3b64679436aaeabff",
              "project_services": "application-project-1-028e"
            }
          },
          "private": "bnVsbA==",
          "dependencies": [
            "google_folder.application",
            "module.application_project.module.project-factory.google_project.main",
            "module.application_project.module.project-factory.module.gcloud_disable.null_resource.module_depends_on",
            "module.application_project.module.project-factory.module.gcloud_disable.null_resource.prepare_cache",
            "module.application_project.module.project-factory.module.gcloud_disable.random_id.cache",
            "module.application_project.module.project-factory.module.project_services.google_project_service.project_services",
            "module.application_project.module.project-factory.null_resource.preconditions",
            "module.application_project.module.project-factory.random_id.random_project_id_suffix"
          ]
        }
      ]
    },
    {
      "module": "module.management_project.module.project-factory.module.gcloud_disable",
      "mode": "managed",
      "type": "null_resource",
      "name": "download_jq",
      "each": "list",
      "provider": "provider.null",
      "instances": [
        {
          "index_key": 0,
          "schema_version": 0,
          "attributes": {
            "id": "8647639108744374018",
            "triggers": {
              "activated_apis": "compute.googleapis.com",
              "arguments": "3e55ef49b387a64577556020381f51db",
              "default_service_account": "335342439628-compute@developer.gserviceaccount.com",
              "download_jq_command": "curl -sL -o .terraform/modules/management_project.project-factory.gcloud_disable/terraform-google-gcloud-1.0.1/cache/4ce86347/jq https://github.com/stedolan/jq/releases/download/jq-1.6/jq-linux64 \u0026\u0026 chmod +x .terraform/modules/management_project.project-factory.gcloud_disable/terraform-google-gcloud-1.0.1/cache/4ce86347/jq",
              "md5": "57d7cca9add72bee2310c9b8cfb83293",
              "project_services": "management-project-1-c32d"
            }
          },
          "private": "bnVsbA==",
          "dependencies": [
            "google_folder.management",
            "module.management_project.module.project-factory.google_project.main",
            "module.management_project.module.project-factory.module.gcloud_disable.null_resource.module_depends_on",
            "module.management_project.module.project-factory.module.gcloud_disable.null_resource.prepare_cache",
            "module.management_project.module.project-factory.module.gcloud_disable.random_id.cache",
            "module.management_project.module.project-factory.module.project_services.google_project_service.project_services",
            "module.management_project.module.project-factory.null_resource.preconditions",
            "module.management_project.module.project-factory.random_id.random_project_id_suffix"
          ]
        }
      ]
    },
    {
      "module": "module.management_project.module.project-factory.module.gcloud_deprivilege",
      "mode": "managed",
      "type": "null_resource",
      "name": "download_jq",
      "each": "list",
      "provider": "provider.null",
      "instances": []
    },
    {
      "module": "module.application_project.module.project-factory.module.gcloud_delete",
      "mode": "managed",
      "type": "null_resource",
      "name": "download_jq",
      "each": "list",
      "provider": "provider.null",
      "instances": []
    },
    {
      "module": "module.application_project.module.project-factory.module.gcloud_deprivilege",
      "mode": "managed",
      "type": "null_resource",
      "name": "gcloud_auth_google_credentials",
      "each": "list",
      "provider": "provider.null",
      "instances": []
    },
    {
      "module": "module.management_project.module.project-factory.module.gcloud_delete",
      "mode": "managed",
      "type": "null_resource",
      "name": "gcloud_auth_google_credentials",
      "each": "list",
      "provider": "provider.null",
      "instances": []
    },
    {
      "module": "module.application_project.module.project-factory.module.gcloud_disable",
      "mode": "managed",
      "type": "null_resource",
      "name": "gcloud_auth_google_credentials",
      "each": "list",
      "provider": "provider.null",
      "instances": []
    },
    {
      "module": "module.management_project.module.project-factory.module.gcloud_disable",
      "mode": "managed",
      "type": "null_resource",
      "name": "gcloud_auth_google_credentials",
      "each": "list",
      "provider": "provider.null",
      "instances": []
    },
    {
      "module": "module.management_project.module.project-factory.module.gcloud_deprivilege",
      "mode": "managed",
      "type": "null_resource",
      "name": "gcloud_auth_google_credentials",
      "each": "list",
      "provider": "provider.null",
      "instances": []
    },
    {
      "module": "module.application_project.module.project-factory.module.gcloud_delete",
      "mode": "managed",
      "type": "null_resource",
      "name": "gcloud_auth_google_credentials",
      "each": "list",
      "provider": "provider.null",
      "instances": []
    },
    {
      "module": "module.application_project.module.project-factory.module.gcloud_deprivilege",
      "mode": "managed",
      "type": "null_resource",
      "name": "gcloud_auth_google_credentials_destroy",
      "each": "list",
      "provider": "provider.null",
      "instances": []
    },
    {
      "module": "module.management_project.module.project-factory.module.gcloud_delete",
      "mode": "managed",
      "type": "null_resource",
      "name": "gcloud_auth_google_credentials_destroy",
      "each": "list",
      "provider": "provider.null",
      "instances": []
    },
    {
      "module": "module.application_project.module.project-factory.module.gcloud_disable",
      "mode": "managed",
      "type": "null_resource",
      "name": "gcloud_auth_google_credentials_destroy",
      "each": "list",
      "provider": "provider.null",
      "instances": []
    },
    {
      "module": "module.management_project.module.project-factory.module.gcloud_disable",
      "mode": "managed",
      "type": "null_resource",
      "name": "gcloud_auth_google_credentials_destroy",
      "each": "list",
      "provider": "provider.null",
      "instances": []
    },
    {
      "module": "module.management_project.module.project-factory.module.gcloud_deprivilege",
      "mode": "managed",
      "type": "null_resource",
      "name": "gcloud_auth_google_credentials_destroy",
      "each": "list",
      "provider": "provider.null",
      "instances": []
    },
    {
      "module": "module.application_project.module.project-factory.module.gcloud_delete",
      "mode": "managed",
      "type": "null_resource",
      "name": "gcloud_auth_google_credentials_destroy",
      "each": "list",
      "provider": "provider.null",
      "instances": []
    },
    {
      "module": "module.application_project.module.project-factory.module.gcloud_deprivilege",
      "mode": "managed",
      "type": "null_resource",
      "name": "gcloud_auth_service_account_key_file",
      "each": "list",
      "provider": "provider.null",
      "instances": []
    },
    {
      "module": "module.management_project.module.project-factory.module.gcloud_delete",
      "mode": "managed",
      "type": "null_resource",
      "name": "gcloud_auth_service_account_key_file",
      "each": "list",
      "provider": "provider.null",
      "instances": []
    },
    {
      "module": "module.application_project.module.project-factory.module.gcloud_disable",
      "mode": "managed",
      "type": "null_resource",
      "name": "gcloud_auth_service_account_key_file",
      "each": "list",
      "provider": "provider.null",
      "instances": []
    },
    {
      "module": "module.management_project.module.project-factory.module.gcloud_disable",
      "mode": "managed",
      "type": "null_resource",
      "name": "gcloud_auth_service_account_key_file",
      "each": "list",
      "provider": "provider.null",
      "instances": []
    },
    {
      "module": "module.management_project.module.project-factory.module.gcloud_deprivilege",
      "mode": "managed",
      "type": "null_resource",
      "name": "gcloud_auth_service_account_key_file",
      "each": "list",
      "provider": "provider.null",
      "instances": []
    },
    {
      "module": "module.application_project.module.project-factory.module.gcloud_delete",
      "mode": "managed",
      "type": "null_resource",
      "name": "gcloud_auth_service_account_key_file",
      "each": "list",
      "provider": "provider.null",
      "instances": []
    },
    {
      "module": "module.application_project.module.project-factory.module.gcloud_deprivilege",
      "mode": "managed",
      "type": "null_resource",
      "name": "gcloud_auth_service_account_key_file_destroy",
      "each": "list",
      "provider": "provider.null",
      "instances": []
    },
    {
      "module": "module.management_project.module.project-factory.module.gcloud_delete",
      "mode": "managed",
      "type": "null_resource",
      "name": "gcloud_auth_service_account_key_file_destroy",
      "each": "list",
      "provider": "provider.null",
      "instances": []
    },
    {
      "module": "module.application_project.module.project-factory.module.gcloud_disable",
      "mode": "managed",
      "type": "null_resource",
      "name": "gcloud_auth_service_account_key_file_destroy",
      "each": "list",
      "provider": "provider.null",
      "instances": []
    },
    {
      "module": "module.management_project.module.project-factory.module.gcloud_disable",
      "mode": "managed",
      "type": "null_resource",
      "name": "gcloud_auth_service_account_key_file_destroy",
      "each": "list",
      "provider": "provider.null",
      "instances": []
    },
    {
      "module": "module.management_project.module.project-factory.module.gcloud_deprivilege",
      "mode": "managed",
      "type": "null_resource",
      "name": "gcloud_auth_service_account_key_file_destroy",
      "each": "list",
      "provider": "provider.null",
      "instances": []
    },
    {
      "module": "module.application_project.module.project-factory.module.gcloud_delete",
      "mode": "managed",
      "type": "null_resource",
      "name": "gcloud_auth_service_account_key_file_destroy",
      "each": "list",
      "provider": "provider.null",
      "instances": []
    },
    {
      "module": "module.application_project.module.project-factory.module.gcloud_deprivilege",
      "mode": "managed",
      "type": "null_resource",
      "name": "module_depends_on",
      "each": "list",
      "provider": "provider.null",
      "instances": []
    },
    {
      "module": "module.management_project.module.project-factory.module.gcloud_delete",
      "mode": "managed",
      "type": "null_resource",
      "name": "module_depends_on",
      "each": "list",
      "provider": "provider.null",
      "instances": []
    },
    {
      "module": "module.application_project.module.project-factory.module.gcloud_disable",
      "mode": "managed",
      "type": "null_resource",
      "name": "module_depends_on",
      "each": "list",
      "provider": "provider.null",
      "instances": []
    },
    {
      "module": "module.management_project.module.project-factory.module.gcloud_disable",
      "mode": "managed",
      "type": "null_resource",
      "name": "module_depends_on",
      "each": "list",
      "provider": "provider.null",
      "instances": []
    },
    {
      "module": "module.management_project.module.project-factory.module.gcloud_deprivilege",
      "mode": "managed",
      "type": "null_resource",
      "name": "module_depends_on",
      "each": "list",
      "provider": "provider.null",
      "instances": []
    },
    {
      "module": "module.application_project.module.project-factory.module.gcloud_delete",
      "mode": "managed",
      "type": "null_resource",
      "name": "module_depends_on",
      "each": "list",
      "provider": "provider.null",
      "instances": []
    },
    {
      "module": "module.application_project.module.project-factory",
      "mode": "managed",
      "type": "null_resource",
      "name": "preconditions",
      "provider": "provider.null",
      "instances": [
        {
          "schema_version": 0,
          "attributes": {
            "id": "7545606493234167396",
            "triggers": {
              "billing_account": "01AFBE-11DA43-19B888",
              "credentials_path": "",
              "folder_id": "folders/571929930422",
              "org_id": "478509003713",
              "shared_vpc": ""
            }
          },
          "private": "bnVsbA==",
          "dependencies": [
            "google_folder.application"
          ]
        }
      ]
    },
    {
      "module": "module.management_project.module.project-factory",
      "mode": "managed",
      "type": "null_resource",
      "name": "preconditions",
      "provider": "provider.null",
      "instances": [
        {
          "schema_version": 0,
          "attributes": {
            "id": "1577367826576105583",
            "triggers": {
              "billing_account": "01AFBE-11DA43-19B888",
              "credentials_path": "",
              "folder_id": "folders/653215335125",
              "org_id": "478509003713",
              "shared_vpc": ""
            }
          },
          "private": "bnVsbA==",
          "dependencies": [
            "google_folder.management"
          ]
        }
      ]
    },
    {
      "module": "module.application_project.module.project-factory.module.gcloud_deprivilege",
      "mode": "managed",
      "type": "null_resource",
      "name": "prepare_cache",
      "each": "list",
      "provider": "provider.null",
      "instances": []
    },
    {
      "module": "module.management_project.module.project-factory.module.gcloud_delete",
      "mode": "managed",
      "type": "null_resource",
      "name": "prepare_cache",
      "each": "list",
      "provider": "provider.null",
      "instances": []
    },
    {
      "module": "module.application_project.module.project-factory.module.gcloud_disable",
      "mode": "managed",
      "type": "null_resource",
      "name": "prepare_cache",
      "each": "list",
      "provider": "provider.null",
      "instances": [
        {
          "index_key": 0,
          "schema_version": 0,
          "attributes": {
            "id": "8060870713697305402",
            "triggers": {
              "activated_apis": "compute.googleapis.com",
              "arguments": "59239c9715f5e192b0422dd34f1ef368",
              "default_service_account": "686693193309-compute@developer.gserviceaccount.com",
              "md5": "681bc493d5c6e0e3b64679436aaeabff",
              "prepare_cache_command": "mkdir .terraform/modules/application_project.project-factory.gcloud_disable/terraform-google-gcloud-1.0.1/cache/40b01bd5",
              "project_services": "application-project-1-028e"
            }
          },
          "private": "bnVsbA==",
          "dependencies": [
            "google_folder.application",
            "module.application_project.module.project-factory.google_project.main",
            "module.application_project.module.project-factory.module.gcloud_disable.null_resource.module_depends_on",
            "module.application_project.module.project-factory.module.gcloud_disable.random_id.cache",
            "module.application_project.module.project-factory.module.project_services.google_project_service.project_services",
            "module.application_project.module.project-factory.null_resource.preconditions",
            "module.application_project.module.project-factory.random_id.random_project_id_suffix"
          ]
        }
      ]
    },
    {
      "module": "module.management_project.module.project-factory.module.gcloud_disable",
      "mode": "managed",
      "type": "null_resource",
      "name": "prepare_cache",
      "each": "list",
      "provider": "provider.null",
      "instances": [
        {
          "index_key": 0,
          "schema_version": 0,
          "attributes": {
            "id": "3543704763824615528",
            "triggers": {
              "activated_apis": "compute.googleapis.com",
              "arguments": "3e55ef49b387a64577556020381f51db",
              "default_service_account": "335342439628-compute@developer.gserviceaccount.com",
              "md5": "57d7cca9add72bee2310c9b8cfb83293",
              "prepare_cache_command": "mkdir .terraform/modules/management_project.project-factory.gcloud_disable/terraform-google-gcloud-1.0.1/cache/4ce86347",
              "project_services": "management-project-1-c32d"
            }
          },
          "private": "bnVsbA==",
          "dependencies": [
            "google_folder.management",
            "module.management_project.module.project-factory.google_project.main",
            "module.management_project.module.project-factory.module.gcloud_disable.null_resource.module_depends_on",
            "module.management_project.module.project-factory.module.gcloud_disable.random_id.cache",
            "module.management_project.module.project-factory.module.project_services.google_project_service.project_services",
            "module.management_project.module.project-factory.null_resource.preconditions",
            "module.management_project.module.project-factory.random_id.random_project_id_suffix"
          ]
        }
      ]
    },
    {
      "module": "module.management_project.module.project-factory.module.gcloud_deprivilege",
      "mode": "managed",
      "type": "null_resource",
      "name": "prepare_cache",
      "each": "list",
      "provider": "provider.null",
      "instances": []
    },
    {
      "module": "module.application_project.module.project-factory.module.gcloud_delete",
      "mode": "managed",
      "type": "null_resource",
      "name": "prepare_cache",
      "each": "list",
      "provider": "provider.null",
      "instances": []
    },
    {
      "module": "module.application_project.module.project-factory.module.gcloud_deprivilege",
      "mode": "managed",
      "type": "null_resource",
      "name": "run_command",
      "each": "list",
      "provider": "provider.null",
      "instances": []
    },
    {
      "module": "module.management_project.module.project-factory.module.gcloud_delete",
      "mode": "managed",
      "type": "null_resource",
      "name": "run_command",
      "each": "list",
      "provider": "provider.null",
      "instances": []
    },
    {
      "module": "module.application_project.module.project-factory.module.gcloud_disable",
      "mode": "managed",
      "type": "null_resource",
      "name": "run_command",
      "each": "list",
      "provider": "provider.null",
      "instances": [
        {
          "index_key": 0,
          "status": "tainted",
          "schema_version": 0,
          "attributes": {
            "id": "8973475186926259179",
            "triggers": {
              "activated_apis": "compute.googleapis.com",
              "arguments": "59239c9715f5e192b0422dd34f1ef368",
              "create_cmd_body": "--project_id='application-project-1-028e' \\\n--sa_id='686693193309-compute@developer.gserviceaccount.com' \\\n--credentials_path='' \\\n--impersonate-service-account='' \\\n--action='disable'\n",
              "create_cmd_entrypoint": ".terraform/modules/application_project/terraform-google-project-factory-8.0.1/modules/core_project_factory/scripts/modify-service-account.sh",
              "default_service_account": "686693193309-compute@developer.gserviceaccount.com",
              "destroy_cmd_body": "info",
              "destroy_cmd_entrypoint": "gcloud",
              "gcloud_bin_abs_path": "/home/treycaliva/terraform-projects/cf-challenge/.terraform/modules/application_project.project-factory.gcloud_disable/terraform-google-gcloud-1.0.1/cache/40b01bd5/google-cloud-sdk/bin",
              "md5": "681bc493d5c6e0e3b64679436aaeabff",
              "project_services": "application-project-1-028e"
            }
          },
          "private": "bnVsbA==",
          "dependencies": [
            "google_folder.application",
            "module.application_project.module.project-factory.google_project.main",
            "module.application_project.module.project-factory.module.gcloud_disable.null_resource.additional_components",
            "module.application_project.module.project-factory.module.gcloud_disable.null_resource.decompress",
            "module.application_project.module.project-factory.module.gcloud_disable.null_resource.download_gcloud",
            "module.application_project.module.project-factory.module.gcloud_disable.null_resource.download_jq",
            "module.application_project.module.project-factory.module.gcloud_disable.null_resource.gcloud_auth_google_credentials",
            "module.application_project.module.project-factory.module.gcloud_disable.null_resource.gcloud_auth_service_account_key_file",
            "module.application_project.module.project-factory.module.gcloud_disable.null_resource.module_depends_on",
            "module.application_project.module.project-factory.module.gcloud_disable.null_resource.prepare_cache",
            "module.application_project.module.project-factory.module.gcloud_disable.random_id.cache",
            "module.application_project.module.project-factory.module.project_services.google_project_service.project_services",
            "module.application_project.module.project-factory.null_resource.preconditions",
            "module.application_project.module.project-factory.random_id.random_project_id_suffix"
          ]
        }
      ]
    },
    {
      "module": "module.management_project.module.project-factory.module.gcloud_disable",
      "mode": "managed",
      "type": "null_resource",
      "name": "run_command",
      "each": "list",
      "provider": "provider.null",
      "instances": [
        {
          "index_key": 0,
          "status": "tainted",
          "schema_version": 0,
          "attributes": {
            "id": "926933571139299375",
            "triggers": {
              "activated_apis": "compute.googleapis.com",
              "arguments": "3e55ef49b387a64577556020381f51db",
              "create_cmd_body": "--project_id='management-project-1-c32d' \\\n--sa_id='335342439628-compute@developer.gserviceaccount.com' \\\n--credentials_path='' \\\n--impersonate-service-account='' \\\n--action='disable'\n",
              "create_cmd_entrypoint": ".terraform/modules/management_project/terraform-google-project-factory-8.0.1/modules/core_project_factory/scripts/modify-service-account.sh",
              "default_service_account": "335342439628-compute@developer.gserviceaccount.com",
              "destroy_cmd_body": "info",
              "destroy_cmd_entrypoint": "gcloud",
              "gcloud_bin_abs_path": "/home/treycaliva/terraform-projects/cf-challenge/.terraform/modules/management_project.project-factory.gcloud_disable/terraform-google-gcloud-1.0.1/cache/4ce86347/google-cloud-sdk/bin",
              "md5": "57d7cca9add72bee2310c9b8cfb83293",
              "project_services": "management-project-1-c32d"
            }
          },
          "private": "bnVsbA==",
          "dependencies": [
            "google_folder.management",
            "module.management_project.module.project-factory.google_project.main",
            "module.management_project.module.project-factory.module.gcloud_disable.null_resource.additional_components",
            "module.management_project.module.project-factory.module.gcloud_disable.null_resource.decompress",
            "module.management_project.module.project-factory.module.gcloud_disable.null_resource.download_gcloud",
            "module.management_project.module.project-factory.module.gcloud_disable.null_resource.download_jq",
            "module.management_project.module.project-factory.module.gcloud_disable.null_resource.gcloud_auth_google_credentials",
            "module.management_project.module.project-factory.module.gcloud_disable.null_resource.gcloud_auth_service_account_key_file",
            "module.management_project.module.project-factory.module.gcloud_disable.null_resource.module_depends_on",
            "module.management_project.module.project-factory.module.gcloud_disable.null_resource.prepare_cache",
            "module.management_project.module.project-factory.module.gcloud_disable.random_id.cache",
            "module.management_project.module.project-factory.module.project_services.google_project_service.project_services",
            "module.management_project.module.project-factory.null_resource.preconditions",
            "module.management_project.module.project-factory.random_id.random_project_id_suffix"
          ]
        }
      ]
    },
    {
      "module": "module.management_project.module.project-factory.module.gcloud_deprivilege",
      "mode": "managed",
      "type": "null_resource",
      "name": "run_command",
      "each": "list",
      "provider": "provider.null",
      "instances": []
    },
    {
      "module": "module.application_project.module.project-factory.module.gcloud_delete",
      "mode": "managed",
      "type": "null_resource",
      "name": "run_command",
      "each": "list",
      "provider": "provider.null",
      "instances": []
    },
    {
      "module": "module.application_project.module.project-factory.module.gcloud_deprivilege",
      "mode": "managed",
      "type": "null_resource",
      "name": "upgrade",
      "each": "list",
      "provider": "provider.null",
      "instances": []
    },
    {
      "module": "module.management_project.module.project-factory.module.gcloud_delete",
      "mode": "managed",
      "type": "null_resource",
      "name": "upgrade",
      "each": "list",
      "provider": "provider.null",
      "instances": []
    },
    {
      "module": "module.application_project.module.project-factory.module.gcloud_disable",
      "mode": "managed",
      "type": "null_resource",
      "name": "upgrade",
      "each": "list",
      "provider": "provider.null",
      "instances": [
        {
          "index_key": 0,
          "schema_version": 0,
          "attributes": {
            "id": "8879974480031273263",
            "triggers": {
              "activated_apis": "compute.googleapis.com",
              "arguments": "59239c9715f5e192b0422dd34f1ef368",
              "default_service_account": "686693193309-compute@developer.gserviceaccount.com",
              "md5": "681bc493d5c6e0e3b64679436aaeabff",
              "project_services": "application-project-1-028e",
              "upgrade_command": ".terraform/modules/application_project.project-factory.gcloud_disable/terraform-google-gcloud-1.0.1/cache/40b01bd5/google-cloud-sdk/bin/gcloud components update --quiet"
            }
          },
          "private": "bnVsbA==",
          "dependencies": [
            "google_folder.application",
            "module.application_project.module.project-factory.google_project.main",
            "module.application_project.module.project-factory.module.gcloud_disable.null_resource.decompress",
            "module.application_project.module.project-factory.module.gcloud_disable.null_resource.download_gcloud",
            "module.application_project.module.project-factory.module.gcloud_disable.null_resource.download_jq",
            "module.application_project.module.project-factory.module.gcloud_disable.null_resource.module_depends_on",
            "module.application_project.module.project-factory.module.gcloud_disable.null_resource.prepare_cache",
            "module.application_project.module.project-factory.module.gcloud_disable.random_id.cache",
            "module.application_project.module.project-factory.module.project_services.google_project_service.project_services",
            "module.application_project.module.project-factory.null_resource.preconditions",
            "module.application_project.module.project-factory.random_id.random_project_id_suffix"
          ]
        }
      ]
    },
    {
      "module": "module.management_project.module.project-factory.module.gcloud_disable",
      "mode": "managed",
      "type": "null_resource",
      "name": "upgrade",
      "each": "list",
      "provider": "provider.null",
      "instances": [
        {
          "index_key": 0,
          "schema_version": 0,
          "attributes": {
            "id": "5658180641059104832",
            "triggers": {
              "activated_apis": "compute.googleapis.com",
              "arguments": "3e55ef49b387a64577556020381f51db",
              "default_service_account": "335342439628-compute@developer.gserviceaccount.com",
              "md5": "57d7cca9add72bee2310c9b8cfb83293",
              "project_services": "management-project-1-c32d",
              "upgrade_command": ".terraform/modules/management_project.project-factory.gcloud_disable/terraform-google-gcloud-1.0.1/cache/4ce86347/google-cloud-sdk/bin/gcloud components update --quiet"
            }
          },
          "private": "bnVsbA==",
          "dependencies": [
            "google_folder.management",
            "module.management_project.module.project-factory.google_project.main",
            "module.management_project.module.project-factory.module.gcloud_disable.null_resource.decompress",
            "module.management_project.module.project-factory.module.gcloud_disable.null_resource.download_gcloud",
            "module.management_project.module.project-factory.module.gcloud_disable.null_resource.download_jq",
            "module.management_project.module.project-factory.module.gcloud_disable.null_resource.module_depends_on",
            "module.management_project.module.project-factory.module.gcloud_disable.null_resource.prepare_cache",
            "module.management_project.module.project-factory.module.gcloud_disable.random_id.cache",
            "module.management_project.module.project-factory.module.project_services.google_project_service.project_services",
            "module.management_project.module.project-factory.null_resource.preconditions",
            "module.management_project.module.project-factory.random_id.random_project_id_suffix"
          ]
        }
      ]
    },
    {
      "module": "module.management_project.module.project-factory.module.gcloud_deprivilege",
      "mode": "managed",
      "type": "null_resource",
      "name": "upgrade",
      "each": "list",
      "provider": "provider.null",
      "instances": []
    },
    {
      "module": "module.application_project.module.project-factory.module.gcloud_delete",
      "mode": "managed",
      "type": "null_resource",
      "name": "upgrade",
      "each": "list",
      "provider": "provider.null",
      "instances": []
    },
    {
      "module": "module.application_project.module.project-factory.module.gcloud_deprivilege",
      "mode": "managed",
      "type": "null_resource",
      "name": "upgrade_destroy",
      "each": "list",
      "provider": "provider.null",
      "instances": []
    },
    {
      "module": "module.management_project.module.project-factory.module.gcloud_delete",
      "mode": "managed",
      "type": "null_resource",
      "name": "upgrade_destroy",
      "each": "list",
      "provider": "provider.null",
      "instances": []
    },
    {
      "module": "module.application_project.module.project-factory.module.gcloud_disable",
      "mode": "managed",
      "type": "null_resource",
      "name": "upgrade_destroy",
      "each": "list",
      "provider": "provider.null",
      "instances": [
        {
          "index_key": 0,
          "schema_version": 0,
          "attributes": {
            "id": "2325026768092188392",
            "triggers": {
              "upgrade_command": ".terraform/modules/application_project.project-factory.gcloud_disable/terraform-google-gcloud-1.0.1/cache/40b01bd5/google-cloud-sdk/bin/gcloud components update --quiet"
            }
          },
          "private": "bnVsbA==",
          "dependencies": [
            "module.application_project.module.project-factory.module.gcloud_disable.null_resource.additional_components_destroy",
            "module.application_project.module.project-factory.module.gcloud_disable.null_resource.gcloud_auth_google_credentials_destroy",
            "module.application_project.module.project-factory.module.gcloud_disable.null_resource.gcloud_auth_service_account_key_file_destroy",
            "module.application_project.module.project-factory.module.gcloud_disable.random_id.cache"
          ]
        }
      ]
    },
    {
      "module": "module.management_project.module.project-factory.module.gcloud_disable",
      "mode": "managed",
      "type": "null_resource",
      "name": "upgrade_destroy",
      "each": "list",
      "provider": "provider.null",
      "instances": [
        {
          "index_key": 0,
          "schema_version": 0,
          "attributes": {
            "id": "1020792764725809660",
            "triggers": {
              "upgrade_command": ".terraform/modules/management_project.project-factory.gcloud_disable/terraform-google-gcloud-1.0.1/cache/4ce86347/google-cloud-sdk/bin/gcloud components update --quiet"
            }
          },
          "private": "bnVsbA==",
          "dependencies": [
            "module.management_project.module.project-factory.module.gcloud_disable.null_resource.additional_components_destroy",
            "module.management_project.module.project-factory.module.gcloud_disable.null_resource.gcloud_auth_google_credentials_destroy",
            "module.management_project.module.project-factory.module.gcloud_disable.null_resource.gcloud_auth_service_account_key_file_destroy",
            "module.management_project.module.project-factory.module.gcloud_disable.random_id.cache"
          ]
        }
      ]
    },
    {
      "module": "module.management_project.module.project-factory.module.gcloud_deprivilege",
      "mode": "managed",
      "type": "null_resource",
      "name": "upgrade_destroy",
      "each": "list",
      "provider": "provider.null",
      "instances": []
    },
    {
      "module": "module.application_project.module.project-factory.module.gcloud_delete",
      "mode": "managed",
      "type": "null_resource",
      "name": "upgrade_destroy",
      "each": "list",
      "provider": "provider.null",
      "instances": []
    },
    {
      "module": "module.application_project.module.project-factory.module.gcloud_deprivilege",
      "mode": "managed",
      "type": "random_id",
      "name": "cache",
      "provider": "provider.random",
      "instances": [
        {
          "schema_version": 0,
          "attributes": {
            "b64": "AH8ANg",
            "b64_std": "AH8ANg==",
            "b64_url": "AH8ANg",
            "byte_length": 4,
            "dec": "8323126",
            "hex": "007f0036",
            "id": "AH8ANg",
            "keepers": null,
            "prefix": null
          },
          "private": "bnVsbA=="
        }
      ]
    },
    {
      "module": "module.management_project.module.project-factory.module.gcloud_delete",
      "mode": "managed",
      "type": "random_id",
      "name": "cache",
      "provider": "provider.random",
      "instances": [
        {
          "schema_version": 0,
          "attributes": {
            "b64": "svKhhg",
            "b64_std": "svKhhg==",
            "b64_url": "svKhhg",
            "byte_length": 4,
            "dec": "3002245510",
            "hex": "b2f2a186",
            "id": "svKhhg",
            "keepers": null,
            "prefix": null
          },
          "private": "bnVsbA=="
        }
      ]
    },
    {
      "module": "module.application_project.module.project-factory.module.gcloud_disable",
      "mode": "managed",
      "type": "random_id",
      "name": "cache",
      "provider": "provider.random",
      "instances": [
        {
          "schema_version": 0,
          "attributes": {
            "b64": "QLAb1Q",
            "b64_std": "QLAb1Q==",
            "b64_url": "QLAb1Q",
            "byte_length": 4,
            "dec": "1085283285",
            "hex": "40b01bd5",
            "id": "QLAb1Q",
            "keepers": null,
            "prefix": null
          },
          "private": "bnVsbA=="
        }
      ]
    },
    {
      "module": "module.management_project.module.project-factory.module.gcloud_disable",
      "mode": "managed",
      "type": "random_id",
      "name": "cache",
      "provider": "provider.random",
      "instances": [
        {
          "schema_version": 0,
          "attributes": {
            "b64": "TOhjRw",
            "b64_std": "TOhjRw==",
            "b64_url": "TOhjRw",
            "byte_length": 4,
            "dec": "1290298183",
            "hex": "4ce86347",
            "id": "TOhjRw",
            "keepers": null,
            "prefix": null
          },
          "private": "bnVsbA=="
        }
      ]
    },
    {
      "module": "module.management_project.module.project-factory.module.gcloud_deprivilege",
      "mode": "managed",
      "type": "random_id",
      "name": "cache",
      "provider": "provider.random",
      "instances": [
        {
          "schema_version": 0,
          "attributes": {
            "b64": "Psy8uA",
            "b64_std": "Psy8uA==",
            "b64_url": "Psy8uA",
            "byte_length": 4,
            "dec": "1053605048",
            "hex": "3eccbcb8",
            "id": "Psy8uA",
            "keepers": null,
            "prefix": null
          },
          "private": "bnVsbA=="
        }
      ]
    },
    {
      "module": "module.application_project.module.project-factory.module.gcloud_delete",
      "mode": "managed",
      "type": "random_id",
      "name": "cache",
      "provider": "provider.random",
      "instances": [
        {
          "schema_version": 0,
          "attributes": {
            "b64": "soeIuw",
            "b64_std": "soeIuw==",
            "b64_url": "soeIuw",
            "byte_length": 4,
            "dec": "2995226811",
            "hex": "b28788bb",
            "id": "soeIuw",
            "keepers": null,
            "prefix": null
          },
          "private": "bnVsbA=="
        }
      ]
    },
    {
      "module": "module.application_project.module.project-factory",
      "mode": "managed",
      "type": "random_id",
      "name": "random_project_id_suffix",
      "provider": "provider.random",
      "instances": [
        {
          "schema_version": 0,
          "attributes": {
            "b64": "Ao4",
            "b64_std": "Ao4=",
            "b64_url": "Ao4",
            "byte_length": 2,
            "dec": "654",
            "hex": "028e",
            "id": "Ao4",
            "keepers": null,
            "prefix": null
          },
          "private": "bnVsbA=="
        }
      ]
    },
    {
      "module": "module.management_project.module.project-factory",
      "mode": "managed",
      "type": "random_id",
      "name": "random_project_id_suffix",
      "provider": "provider.random",
      "instances": [
        {
          "schema_version": 0,
          "attributes": {
            "b64": "wy0",
            "b64_std": "wy0=",
            "b64_url": "wy0",
            "byte_length": 2,
            "dec": "49965",
            "hex": "c32d",
            "id": "wy0",
            "keepers": null,
            "prefix": null
          },
          "private": "bnVsbA=="
        }
      ]
    }
  ]
}
