{
  "version": 4,
  "terraform_version": "0.12.28",
  "serial": 1416,
  "lineage": "2d75535a-3a38-01b2-8bb3-4c3491953272",
  "outputs": {},
  "resources": [
    {
      "module": "module.nginx_group",
      "mode": "data",
      "type": "google_compute_zones",
      "name": "available",
      "provider": "provider.google",
      "instances": [
        {
          "schema_version": 0,
          "attributes": {
            "id": "2020-06-30 03:44:07.142643 +0000 UTC",
            "names": [
              "us-central1-a",
              "us-central1-b",
              "us-central1-c",
              "us-central1-f"
            ],
            "project": "application-project-a1d0",
            "region": "us-central1",
            "status": null
          }
        }
      ]
    },
    {
      "module": "module.redhat_instances",
      "mode": "data",
      "type": "google_compute_zones",
      "name": "available",
      "provider": "provider.google",
      "instances": [
        {
          "schema_version": 0,
          "attributes": {
            "id": "2020-06-30 03:44:07.097152 +0000 UTC",
            "names": [
              "us-central1-a",
              "us-central1-b",
              "us-central1-c",
              "us-central1-f"
            ],
            "project": "application-project-a1d0",
            "region": "us-central1",
            "status": null
          }
        }
      ]
    },
    {
      "module": "module.application_project.module.gsuite_group",
      "mode": "data",
      "type": "google_organization",
      "name": "org",
      "each": "list",
      "provider": "provider.google",
      "instances": []
    },
    {
      "module": "module.management_project.module.project-factory.module.gsuite_group",
      "mode": "data",
      "type": "google_organization",
      "name": "org",
      "each": "list",
      "provider": "provider.google",
      "instances": []
    },
    {
      "module": "module.management_project.module.project-factory.module.project-factory",
      "mode": "data",
      "type": "null_data_source",
      "name": "default_service_account",
      "provider": "provider.null",
      "instances": [
        {
          "schema_version": 0,
          "attributes": {
            "has_computed_default": "default",
            "id": "static",
            "inputs": {
              "email": "811248929842-compute@developer.gserviceaccount.com"
            },
            "outputs": {
              "email": "811248929842-compute@developer.gserviceaccount.com"
            },
            "random": "3160812383749595418"
          }
        }
      ]
    },
    {
      "module": "module.application_project.module.project-factory",
      "mode": "data",
      "type": "null_data_source",
      "name": "default_service_account",
      "provider": "provider.null",
      "instances": [
        {
          "schema_version": 0,
          "attributes": {
            "has_computed_default": "default",
            "id": "static",
            "inputs": {
              "email": "480944311261-compute@developer.gserviceaccount.com"
            },
            "outputs": {
              "email": "480944311261-compute@developer.gserviceaccount.com"
            },
            "random": "4193907163471931658"
          }
        }
      ]
    },
    {
      "module": "module.application_project.module.budget",
      "mode": "managed",
      "type": "google_billing_budget",
      "name": "budget",
      "each": "list",
      "provider": "provider.google-beta",
      "instances": []
    },
    {
      "module": "module.management_project.module.project-factory.module.budget",
      "mode": "managed",
      "type": "google_billing_budget",
      "name": "budget",
      "each": "list",
      "provider": "provider.google-beta",
      "instances": []
    },
    {
      "module": "module.gce-lb-http",
      "mode": "managed",
      "type": "google_compute_backend_service",
      "name": "default",
      "each": "map",
      "provider": "provider.google-beta",
      "instances": [
        {
          "index_key": "default",
          "schema_version": 1,
          "attributes": {
            "affinity_cookie_ttl_sec": 0,
            "backend": [
              {
                "balancing_mode": "UTILIZATION",
                "capacity_scaler": 1,
                "description": "",
                "group": "https://www.googleapis.com/compute/v1/projects/application-project-a1d0/regions/us-central1/instanceGroups/nginx-server-mig",
                "max_connections": 0,
                "max_connections_per_endpoint": 0,
                "max_connections_per_instance": 0,
                "max_rate": 0,
                "max_rate_per_endpoint": 0,
                "max_rate_per_instance": 0,
                "max_utilization": 0.8
              }
            ],
            "cdn_policy": [],
            "circuit_breakers": [],
            "connection_draining_timeout_sec": 300,
            "consistent_hash": [],
            "creation_timestamp": "2020-06-29T20:41:26.721-07:00",
            "custom_request_headers": [],
            "description": "",
            "enable_cdn": false,
            "fingerprint": "Kuef-Dn--5w=",
            "health_checks": [
              "https://www.googleapis.com/compute/v1/projects/application-project-a1d0/global/healthChecks/nginx-group-lb-hc-default"
            ],
            "iap": [],
            "id": "projects/application-project-a1d0/global/backendServices/nginx-group-lb-backend-default",
            "load_balancing_scheme": "EXTERNAL",
            "locality_lb_policy": "",
            "log_config": [],
            "name": "nginx-group-lb-backend-default",
            "outlier_detection": [],
            "port_name": "http",
            "project": "application-project-a1d0",
            "protocol": "HTTP",
            "security_policy": "",
            "self_link": "https://www.googleapis.com/compute/v1/projects/application-project-a1d0/global/backendServices/nginx-group-lb-backend-default",
            "session_affinity": "NONE",
            "timeout_sec": 10,
            "timeouts": null
          },
          "private": "eyJlMmJmYjczMC1lY2FhLTExZTYtOGY4OC0zNDM2M2JjN2M0YzAiOnsiY3JlYXRlIjoyNDAwMDAwMDAwMDAsImRlbGV0ZSI6MjQwMDAwMDAwMDAwLCJ1cGRhdGUiOjI0MDAwMDAwMDAwMH0sInNjaGVtYV92ZXJzaW9uIjoiMSJ9",
          "dependencies": [
            "module.application_project.module.project-factory.google_project.main",
            "module.application_project.module.project-factory.module.project_services.google_project_service.project_services",
            "module.gce-lb-http.google_compute_health_check.default",
            "module.nginx_group.google_compute_region_instance_group_manager.mig"
          ]
        }
      ]
    },
    {
      "module": "module.network.module.network-firewall",
      "mode": "managed",
      "type": "google_compute_firewall",
      "name": "allow-admins",
      "each": "list",
      "provider": "provider.google",
      "instances": []
    },
    {
      "module": "module.network.module.network-firewall",
      "mode": "managed",
      "type": "google_compute_firewall",
      "name": "allow-internal",
      "each": "list",
      "provider": "provider.google",
      "instances": []
    },
    {
      "module": "module.network.module.network-firewall",
      "mode": "managed",
      "type": "google_compute_firewall",
      "name": "allow-tag-http",
      "each": "list",
      "provider": "provider.google",
      "instances": [
        {
          "index_key": 0,
          "schema_version": 1,
          "attributes": {
            "allow": [
              {
                "ports": [
                  "80"
                ],
                "protocol": "tcp"
              }
            ],
            "creation_timestamp": "2020-06-29T20:14:46.141-07:00",
            "deny": [],
            "description": "Allow HTTP to machines with the 'http-server' tag",
            "destination_ranges": [],
            "direction": "INGRESS",
            "disabled": false,
            "enable_logging": false,
            "id": "projects/management-project-ee13/global/firewalls/cf-vpc-ingress-tag-http",
            "name": "cf-vpc-ingress-tag-http",
            "network": "https://www.googleapis.com/compute/v1/projects/management-project-ee13/global/networks/cf-vpc",
            "priority": 1000,
            "project": "management-project-ee13",
            "self_link": "https://www.googleapis.com/compute/v1/projects/management-project-ee13/global/firewalls/cf-vpc-ingress-tag-http",
            "source_ranges": [
              "0.0.0.0/0"
            ],
            "source_service_accounts": [],
            "source_tags": [],
            "target_service_accounts": [],
            "target_tags": [
              "http-server"
            ],
            "timeouts": null
          },
          "private": "eyJlMmJmYjczMC1lY2FhLTExZTYtOGY4OC0zNDM2M2JjN2M0YzAiOnsiY3JlYXRlIjoyNDAwMDAwMDAwMDAsImRlbGV0ZSI6MjQwMDAwMDAwMDAwLCJ1cGRhdGUiOjI0MDAwMDAwMDAwMH0sInNjaGVtYV92ZXJzaW9uIjoiMSJ9",
          "dependencies": [
            "module.management_folder.google_folder.default",
            "module.management_project.module.project-factory.module.project-factory.google_project.main",
            "module.management_project.module.project-factory.module.project-factory.module.project_services.google_project_service.project_services",
            "module.management_project.module.project-factory.module.project-factory.null_resource.preconditions",
            "module.management_project.module.project-factory.module.project-factory.random_id.random_project_id_suffix",
            "module.network.module.vpc.module.vpc.google_compute_network.network"
          ]
        }
      ]
    },
    {
      "module": "module.network.module.network-firewall",
      "mode": "managed",
      "type": "google_compute_firewall",
      "name": "allow-tag-https",
      "each": "list",
      "provider": "provider.google",
      "instances": [
        {
          "index_key": 0,
          "schema_version": 1,
          "attributes": {
            "allow": [
              {
                "ports": [
                  "443"
                ],
                "protocol": "tcp"
              }
            ],
            "creation_timestamp": "2020-06-29T20:14:46.129-07:00",
            "deny": [],
            "description": "Allow HTTPS to machines with the 'https' tag",
            "destination_ranges": [],
            "direction": "INGRESS",
            "disabled": false,
            "enable_logging": false,
            "id": "projects/management-project-ee13/global/firewalls/cf-vpc-ingress-tag-https",
            "name": "cf-vpc-ingress-tag-https",
            "network": "https://www.googleapis.com/compute/v1/projects/management-project-ee13/global/networks/cf-vpc",
            "priority": 1000,
            "project": "management-project-ee13",
            "self_link": "https://www.googleapis.com/compute/v1/projects/management-project-ee13/global/firewalls/cf-vpc-ingress-tag-https",
            "source_ranges": [
              "0.0.0.0/0"
            ],
            "source_service_accounts": [],
            "source_tags": [],
            "target_service_accounts": [],
            "target_tags": [
              "https-server"
            ],
            "timeouts": null
          },
          "private": "eyJlMmJmYjczMC1lY2FhLTExZTYtOGY4OC0zNDM2M2JjN2M0YzAiOnsiY3JlYXRlIjoyNDAwMDAwMDAwMDAsImRlbGV0ZSI6MjQwMDAwMDAwMDAwLCJ1cGRhdGUiOjI0MDAwMDAwMDAwMH0sInNjaGVtYV92ZXJzaW9uIjoiMSJ9",
          "dependencies": [
            "module.management_folder.google_folder.default",
            "module.management_project.module.project-factory.module.project-factory.google_project.main",
            "module.management_project.module.project-factory.module.project-factory.module.project_services.google_project_service.project_services",
            "module.management_project.module.project-factory.module.project-factory.null_resource.preconditions",
            "module.management_project.module.project-factory.module.project-factory.random_id.random_project_id_suffix",
            "module.network.module.vpc.module.vpc.google_compute_network.network"
          ]
        }
      ]
    },
    {
      "module": "module.network.module.network-firewall",
      "mode": "managed",
      "type": "google_compute_firewall",
      "name": "allow-tag-ssh",
      "each": "list",
      "provider": "provider.google",
      "instances": [
        {
          "index_key": 0,
          "schema_version": 1,
          "attributes": {
            "allow": [
              {
                "ports": [
                  "22"
                ],
                "protocol": "tcp"
              }
            ],
            "creation_timestamp": "2020-06-29T20:14:46.133-07:00",
            "deny": [],
            "description": "Allow SSH to machines with the 'ssh' tag",
            "destination_ranges": [],
            "direction": "INGRESS",
            "disabled": false,
            "enable_logging": false,
            "id": "projects/management-project-ee13/global/firewalls/cf-vpc-ingress-tag-ssh",
            "name": "cf-vpc-ingress-tag-ssh",
            "network": "https://www.googleapis.com/compute/v1/projects/management-project-ee13/global/networks/cf-vpc",
            "priority": 1000,
            "project": "management-project-ee13",
            "self_link": "https://www.googleapis.com/compute/v1/projects/management-project-ee13/global/firewalls/cf-vpc-ingress-tag-ssh",
            "source_ranges": [
              "0.0.0.0/0"
            ],
            "source_service_accounts": [],
            "source_tags": [],
            "target_service_accounts": [],
            "target_tags": [
              "ssh"
            ],
            "timeouts": null
          },
          "private": "eyJlMmJmYjczMC1lY2FhLTExZTYtOGY4OC0zNDM2M2JjN2M0YzAiOnsiY3JlYXRlIjoyNDAwMDAwMDAwMDAsImRlbGV0ZSI6MjQwMDAwMDAwMDAwLCJ1cGRhdGUiOjI0MDAwMDAwMDAwMH0sInNjaGVtYV92ZXJzaW9uIjoiMSJ9",
          "dependencies": [
            "module.management_folder.google_folder.default",
            "module.management_project.module.project-factory.module.project-factory.google_project.main",
            "module.management_project.module.project-factory.module.project-factory.module.project_services.google_project_service.project_services",
            "module.management_project.module.project-factory.module.project-factory.null_resource.preconditions",
            "module.management_project.module.project-factory.module.project-factory.random_id.random_project_id_suffix",
            "module.network.module.vpc.module.vpc.google_compute_network.network"
          ]
        }
      ]
    },
    {
      "module": "module.network.module.network-firewall",
      "mode": "managed",
      "type": "google_compute_firewall",
      "name": "custom",
      "each": "map",
      "provider": "provider.google",
      "instances": []
    },
    {
      "module": "module.gce-lb-http",
      "mode": "managed",
      "type": "google_compute_firewall",
      "name": "default-hc",
      "each": "list",
      "provider": "provider.google",
      "instances": [
        {
          "index_key": 0,
          "schema_version": 1,
          "attributes": {
            "allow": [
              {
                "ports": [
                  "80"
                ],
                "protocol": "tcp"
              }
            ],
            "creation_timestamp": "2020-06-29T20:44:14.047-07:00",
            "deny": [],
            "description": "",
            "destination_ranges": [],
            "direction": "INGRESS",
            "disabled": false,
            "enable_logging": false,
            "id": "projects/management-project-ee13/global/firewalls/nginx-group-lb-hc-0",
            "name": "nginx-group-lb-hc-0",
            "network": "https://www.googleapis.com/compute/v1/projects/management-project-ee13/global/networks/cf-vpc",
            "priority": 1000,
            "project": "management-project-ee13",
            "self_link": "https://www.googleapis.com/compute/v1/projects/management-project-ee13/global/firewalls/nginx-group-lb-hc-0",
            "source_ranges": [
              "130.211.0.0/22",
              "35.191.0.0/16"
            ],
            "source_service_accounts": null,
            "source_tags": null,
            "target_service_accounts": null,
            "target_tags": [
              "http"
            ],
            "timeouts": null
          },
          "private": "eyJlMmJmYjczMC1lY2FhLTExZTYtOGY4OC0zNDM2M2JjN2M0YzAiOnsiY3JlYXRlIjoyNDAwMDAwMDAwMDAsImRlbGV0ZSI6MjQwMDAwMDAwMDAwLCJ1cGRhdGUiOjI0MDAwMDAwMDAwMH0sInNjaGVtYV92ZXJzaW9uIjoiMSJ9",
          "dependencies": [
            "module.application_project.module.project-factory.google_project.main",
            "module.application_project.module.project-factory.module.project_services.google_project_service.project_services",
            "module.management_project.module.project-factory.module.project-factory.google_project.main",
            "module.management_project.module.project-factory.module.project-factory.module.project_services.google_project_service.project_services",
            "module.network.module.vpc.module.vpc.google_compute_network.network",
            "module.nginx_group.google_compute_region_instance_group_manager.mig"
          ]
        }
      ]
    },
    {
      "module": "module.gce-lb-http",
      "mode": "managed",
      "type": "google_compute_global_address",
      "name": "default",
      "each": "list",
      "provider": "provider.google",
      "instances": [
        {
          "index_key": 0,
          "schema_version": 0,
          "attributes": {
            "address": "34.107.237.18",
            "address_type": "EXTERNAL",
            "creation_timestamp": "2020-06-29T20:41:14.945-07:00",
            "description": "",
            "id": "projects/application-project-a1d0/global/addresses/nginx-group-lb-address",
            "ip_version": "",
            "name": "nginx-group-lb-address",
            "network": "",
            "prefix_length": 0,
            "project": "application-project-a1d0",
            "purpose": "",
            "self_link": "https://www.googleapis.com/compute/v1/projects/application-project-a1d0/global/addresses/nginx-group-lb-address",
            "timeouts": null
          },
          "private": "eyJlMmJmYjczMC1lY2FhLTExZTYtOGY4OC0zNDM2M2JjN2M0YzAiOnsiY3JlYXRlIjoyNDAwMDAwMDAwMDAsImRlbGV0ZSI6MjQwMDAwMDAwMDAwfX0=",
          "dependencies": [
            "module.application_project.module.project-factory.google_project.main",
            "module.application_project.module.project-factory.module.project_services.google_project_service.project_services"
          ]
        }
      ]
    },
    {
      "module": "module.gce-lb-http",
      "mode": "managed",
      "type": "google_compute_global_forwarding_rule",
      "name": "http",
      "each": "list",
      "provider": "provider.google",
      "instances": [
        {
          "index_key": 0,
          "schema_version": 0,
          "attributes": {
            "description": "",
            "id": "projects/application-project-a1d0/global/forwardingRules/nginx-group-lb",
            "ip_address": "34.107.237.18",
            "ip_protocol": "TCP",
            "ip_version": "",
            "load_balancing_scheme": "EXTERNAL",
            "metadata_filters": [],
            "name": "nginx-group-lb",
            "port_range": "80-80",
            "project": "application-project-a1d0",
            "self_link": "https://www.googleapis.com/compute/v1/projects/application-project-a1d0/global/forwardingRules/nginx-group-lb",
            "target": "https://www.googleapis.com/compute/v1/projects/application-project-a1d0/global/targetHttpProxies/nginx-group-lb-http-proxy",
            "timeouts": null
          },
          "private": "eyJlMmJmYjczMC1lY2FhLTExZTYtOGY4OC0zNDM2M2JjN2M0YzAiOnsiY3JlYXRlIjoyNDAwMDAwMDAwMDAsImRlbGV0ZSI6MjQwMDAwMDAwMDAwLCJ1cGRhdGUiOjI0MDAwMDAwMDAwMH19",
          "dependencies": [
            "module.application_project.module.project-factory.google_project.main",
            "module.application_project.module.project-factory.module.project_services.google_project_service.project_services",
            "module.gce-lb-http.google_compute_backend_service.default",
            "module.gce-lb-http.google_compute_global_address.default",
            "module.gce-lb-http.google_compute_health_check.default",
            "module.gce-lb-http.google_compute_target_http_proxy.default",
            "module.gce-lb-http.google_compute_url_map.default",
            "module.nginx_group.google_compute_region_instance_group_manager.mig"
          ]
        }
      ]
    },
    {
      "module": "module.gce-lb-http",
      "mode": "managed",
      "type": "google_compute_global_forwarding_rule",
      "name": "https",
      "each": "list",
      "provider": "provider.google",
      "instances": []
    },
    {
      "module": "module.gce-lb-http",
      "mode": "managed",
      "type": "google_compute_health_check",
      "name": "default",
      "each": "map",
      "provider": "provider.google-beta",
      "instances": [
        {
          "index_key": "default",
          "schema_version": 0,
          "attributes": {
            "check_interval_sec": 5,
            "creation_timestamp": "2020-06-29T20:41:14.748-07:00",
            "description": "",
            "healthy_threshold": 2,
            "http2_health_check": [],
            "http_health_check": [
              {
                "host": "",
                "port": 80,
                "port_name": "",
                "port_specification": "",
                "proxy_header": "NONE",
                "request_path": "/",
                "response": ""
              }
            ],
            "https_health_check": [],
            "id": "projects/application-project-a1d0/global/healthChecks/nginx-group-lb-hc-default",
            "log_config": [],
            "name": "nginx-group-lb-hc-default",
            "project": "application-project-a1d0",
            "self_link": "https://www.googleapis.com/compute/v1/projects/application-project-a1d0/global/healthChecks/nginx-group-lb-hc-default",
            "ssl_health_check": [],
            "tcp_health_check": [],
            "timeout_sec": 5,
            "timeouts": null,
            "type": "HTTP",
            "unhealthy_threshold": 2
          },
          "private": "eyJlMmJmYjczMC1lY2FhLTExZTYtOGY4OC0zNDM2M2JjN2M0YzAiOnsiY3JlYXRlIjoyNDAwMDAwMDAwMDAsImRlbGV0ZSI6MjQwMDAwMDAwMDAwLCJ1cGRhdGUiOjI0MDAwMDAwMDAwMH19",
          "dependencies": [
            "module.application_project.module.project-factory.google_project.main",
            "module.application_project.module.project-factory.module.project_services.google_project_service.project_services",
            "module.nginx_group.google_compute_region_instance_group_manager.mig"
          ]
        }
      ]
    },
    {
      "module": "module.nginx_group",
      "mode": "managed",
      "type": "google_compute_health_check",
      "name": "http",
      "each": "list",
      "provider": "provider.google",
      "instances": []
    },
    {
      "module": "module.redhat_instances",
      "mode": "managed",
      "type": "google_compute_health_check",
      "name": "http",
      "each": "list",
      "provider": "provider.google",
      "instances": []
    },
    {
      "module": "module.nginx_group",
      "mode": "managed",
      "type": "google_compute_health_check",
      "name": "tcp",
      "each": "list",
      "provider": "provider.google",
      "instances": []
    },
    {
      "module": "module.redhat_instances",
      "mode": "managed",
      "type": "google_compute_health_check",
      "name": "tcp",
      "each": "list",
      "provider": "provider.google",
      "instances": []
    },
    {
      "module": "module.nginx_instance",
      "mode": "managed",
      "type": "google_compute_instance_template",
      "name": "default",
      "provider": "provider.google",
      "instances": [
        {
          "schema_version": 1,
          "attributes": {
            "can_ip_forward": false,
            "description": "",
            "disk": [
              {
                "auto_delete": true,
                "boot": true,
                "device_name": "persistent-disk-0",
                "disk_encryption_key": [],
                "disk_name": "",
                "disk_size_gb": 20,
                "disk_type": "pd-standard",
                "interface": "SCSI",
                "labels": {},
                "mode": "READ_WRITE",
                "source": "",
                "source_image": "projects/rhel-cloud/global/images/family/rhel-8",
                "type": "PERSISTENT"
              }
            ],
            "enable_display": null,
            "guest_accelerator": [],
            "id": "projects/application-project-a1d0/global/instanceTemplates/nginx-instance-template",
            "instance_description": "",
            "labels": null,
            "machine_type": "n1-standard-2",
            "metadata": {},
            "metadata_fingerprint": "wMJoj-qvQgs=",
            "metadata_startup_script": "#! /bin/bash\nyum update\nyum install -y nginx\nservice nginx start",
            "min_cpu_platform": "",
            "name": "nginx-instance-template",
            "name_prefix": null,
            "network_interface": [
              {
                "access_config": [
                  {
                    "nat_ip": "",
                    "network_tier": "PREMIUM",
                    "public_ptr_domain_name": ""
                  }
                ],
                "alias_ip_range": [],
                "name": "",
                "network": "https://www.googleapis.com/compute/v1/projects/management-project-ee13/global/networks/cf-vpc",
                "network_ip": "",
                "subnetwork": "https://www.googleapis.com/compute/v1/projects/management-project-ee13/regions/us-central1/subnetworks/cf-vpc-sub3",
                "subnetwork_project": "management-project-ee13"
              }
            ],
            "project": "application-project-a1d0",
            "region": "us-central1",
            "scheduling": [
              {
                "automatic_restart": true,
                "node_affinities": [],
                "on_host_maintenance": "MIGRATE",
                "preemptible": false
              }
            ],
            "self_link": "https://www.googleapis.com/compute/beta/projects/application-project-a1d0/global/instanceTemplates/nginx-instance-template",
            "service_account": [],
            "shielded_instance_config": [],
            "tags": [
              "http-server",
              "ssh"
            ],
            "tags_fingerprint": "",
            "timeouts": null
          },
          "private": "eyJlMmJmYjczMC1lY2FhLTExZTYtOGY4OC0zNDM2M2JjN2M0YzAiOnsiY3JlYXRlIjoyNDAwMDAwMDAwMDAsImRlbGV0ZSI6MjQwMDAwMDAwMDAwfSwic2NoZW1hX3ZlcnNpb24iOiIxIn0=",
          "dependencies": [
            "module.application_project.module.project-factory.google_project.main",
            "module.application_project.module.project-factory.module.project_services.google_project_service.project_services",
            "module.network.module.vpc.module.subnets.google_compute_subnetwork.subnetwork",
            "module.network.module.vpc.module.vpc.google_compute_network.network",
            "module.network.module.vpc.module.vpc.google_compute_shared_vpc_host_project.shared_vpc_host"
          ]
        }
      ]
    },
    {
      "module": "module.redhat_instance",
      "mode": "managed",
      "type": "google_compute_instance_template",
      "name": "default",
      "provider": "provider.google",
      "instances": [
        {
          "schema_version": 1,
          "attributes": {
            "can_ip_forward": false,
            "description": "",
            "disk": [
              {
                "auto_delete": true,
                "boot": true,
                "device_name": "persistent-disk-0",
                "disk_encryption_key": [],
                "disk_name": "",
                "disk_size_gb": 20,
                "disk_type": "pd-standard",
                "interface": "SCSI",
                "labels": {},
                "mode": "READ_WRITE",
                "source": "",
                "source_image": "projects/rhel-cloud/global/images/family/rhel-8",
                "type": "PERSISTENT"
              }
            ],
            "enable_display": null,
            "guest_accelerator": [],
            "id": "projects/application-project-a1d0/global/instanceTemplates/redhat-instance-template",
            "instance_description": "",
            "labels": null,
            "machine_type": "n1-standard-2",
            "metadata": {},
            "metadata_fingerprint": "lTUFrei6hTg=",
            "metadata_startup_script": "",
            "min_cpu_platform": "",
            "name": "redhat-instance-template",
            "name_prefix": null,
            "network_interface": [
              {
                "access_config": [
                  {
                    "nat_ip": "",
                    "network_tier": "PREMIUM",
                    "public_ptr_domain_name": ""
                  }
                ],
                "alias_ip_range": [],
                "name": "",
                "network": "https://www.googleapis.com/compute/v1/projects/management-project-ee13/global/networks/cf-vpc",
                "network_ip": "",
                "subnetwork": "https://www.googleapis.com/compute/v1/projects/management-project-ee13/regions/us-central1/subnetworks/cf-vpc-sub1",
                "subnetwork_project": "management-project-ee13"
              }
            ],
            "project": "application-project-a1d0",
            "region": "us-central1",
            "scheduling": [
              {
                "automatic_restart": true,
                "node_affinities": [],
                "on_host_maintenance": "MIGRATE",
                "preemptible": false
              }
            ],
            "self_link": "https://www.googleapis.com/compute/beta/projects/application-project-a1d0/global/instanceTemplates/redhat-instance-template",
            "service_account": [],
            "shielded_instance_config": [],
            "tags": [
              "ssh"
            ],
            "tags_fingerprint": "",
            "timeouts": null
          },
          "private": "eyJlMmJmYjczMC1lY2FhLTExZTYtOGY4OC0zNDM2M2JjN2M0YzAiOnsiY3JlYXRlIjoyNDAwMDAwMDAwMDAsImRlbGV0ZSI6MjQwMDAwMDAwMDAwfSwic2NoZW1hX3ZlcnNpb24iOiIxIn0=",
          "dependencies": [
            "module.application_project.module.project-factory.google_project.main",
            "module.application_project.module.project-factory.module.project_services.google_project_service.project_services",
            "module.network.module.vpc.module.subnets.google_compute_subnetwork.subnetwork",
            "module.network.module.vpc.module.vpc.google_compute_network.network",
            "module.network.module.vpc.module.vpc.google_compute_shared_vpc_host_project.shared_vpc_host"
          ]
        }
      ]
    },
    {
      "module": "module.network.module.vpc.module.vpc",
      "mode": "managed",
      "type": "google_compute_network",
      "name": "network",
      "provider": "provider.google",
      "instances": [
        {
          "schema_version": 0,
          "attributes": {
            "auto_create_subnetworks": false,
            "delete_default_routes_on_create": false,
            "description": "",
            "gateway_ipv4": "",
            "id": "projects/management-project-ee13/global/networks/cf-vpc",
            "ipv4_range": null,
            "name": "cf-vpc",
            "project": "management-project-ee13",
            "routing_mode": "GLOBAL",
            "self_link": "https://www.googleapis.com/compute/v1/projects/management-project-ee13/global/networks/cf-vpc",
            "timeouts": null
          },
          "private": "eyJlMmJmYjczMC1lY2FhLTExZTYtOGY4OC0zNDM2M2JjN2M0YzAiOnsiY3JlYXRlIjoyNDAwMDAwMDAwMDAsImRlbGV0ZSI6MjQwMDAwMDAwMDAwLCJ1cGRhdGUiOjI0MDAwMDAwMDAwMH19",
          "dependencies": [
            "module.management_folder.google_folder.default",
            "module.management_project.module.project-factory.module.project-factory.google_project.main",
            "module.management_project.module.project-factory.module.project-factory.module.project_services.google_project_service.project_services",
            "module.management_project.module.project-factory.module.project-factory.null_resource.preconditions",
            "module.management_project.module.project-factory.module.project-factory.random_id.random_project_id_suffix"
          ]
        }
      ]
    },
    {
      "module": "module.nginx_group",
      "mode": "managed",
      "type": "google_compute_region_autoscaler",
      "name": "autoscaler",
      "each": "list",
      "provider": "provider.google",
      "instances": []
    },
    {
      "module": "module.redhat_instances",
      "mode": "managed",
      "type": "google_compute_region_autoscaler",
      "name": "autoscaler",
      "each": "list",
      "provider": "provider.google",
      "instances": []
    },
    {
      "module": "module.nginx_group",
      "mode": "managed",
      "type": "google_compute_region_instance_group_manager",
      "name": "mig",
      "provider": "provider.google-beta",
      "instances": [
        {
          "schema_version": 0,
          "attributes": {
            "auto_healing_policies": [],
            "base_instance_name": "nginx-server",
            "description": "",
            "distribution_policy_zones": [
              "us-central1-a"
            ],
            "fingerprint": "NEEjWfmxODk=",
            "id": "projects/application-project-a1d0/regions/us-central1/instanceGroupManagers/nginx-server-mig",
            "instance_group": "https://www.googleapis.com/compute/v1/projects/application-project-a1d0/regions/us-central1/instanceGroups/nginx-server-mig",
            "instance_template": null,
            "name": "nginx-server-mig",
            "named_port": [
              {
                "name": "http",
                "port": 80
              }
            ],
            "project": "application-project-a1d0",
            "region": "us-central1",
            "self_link": "https://www.googleapis.com/compute/v1/projects/application-project-a1d0/regions/us-central1/instanceGroupManagers/nginx-server-mig",
            "stateful_disk": [],
            "target_pools": [],
            "target_size": 1,
            "timeouts": null,
            "update_policy": [
              {
                "instance_redistribution_type": "PROACTIVE",
                "max_surge_fixed": 1,
                "max_surge_percent": 0,
                "max_unavailable_fixed": 1,
                "max_unavailable_percent": 0,
                "min_ready_sec": 0,
                "minimal_action": "REPLACE",
                "type": "OPPORTUNISTIC"
              }
            ],
            "update_strategy": null,
            "version": [
              {
                "instance_template": "https://www.googleapis.com/compute/v1/projects/application-project-a1d0/global/instanceTemplates/nginx-instance-template",
                "name": "nginx-server-mig-version-0",
                "target_size": []
              }
            ],
            "wait_for_instances": false
          },
          "private": "eyJlMmJmYjczMC1lY2FhLTExZTYtOGY4OC0zNDM2M2JjN2M0YzAiOnsiY3JlYXRlIjozMDAwMDAwMDAwMDAsImRlbGV0ZSI6OTAwMDAwMDAwMDAwLCJ1cGRhdGUiOjMwMDAwMDAwMDAwMH19",
          "dependencies": [
            "module.application_project.module.project-factory.google_project.main",
            "module.application_project.module.project-factory.module.project_services.google_project_service.project_services",
            "module.network.module.vpc.module.subnets.google_compute_subnetwork.subnetwork",
            "module.network.module.vpc.module.vpc.google_compute_network.network",
            "module.network.module.vpc.module.vpc.google_compute_shared_vpc_host_project.shared_vpc_host",
            "module.nginx_group.google_compute_health_check.http",
            "module.nginx_group.google_compute_health_check.tcp",
            "module.nginx_instance.google_compute_instance_template.default"
          ]
        }
      ]
    },
    {
      "module": "module.redhat_instances",
      "mode": "managed",
      "type": "google_compute_region_instance_group_manager",
      "name": "mig",
      "provider": "provider.google-beta",
      "instances": [
        {
          "schema_version": 0,
          "attributes": {
            "auto_healing_policies": [],
            "base_instance_name": "redhat-server",
            "description": "",
            "distribution_policy_zones": [
              "us-central1-a"
            ],
            "fingerprint": "Sl0YjHNrnpk=",
            "id": "projects/application-project-a1d0/regions/us-central1/instanceGroupManagers/redhat-server-mig",
            "instance_group": "https://www.googleapis.com/compute/v1/projects/application-project-a1d0/regions/us-central1/instanceGroups/redhat-server-mig",
            "instance_template": null,
            "name": "redhat-server-mig",
            "named_port": [],
            "project": "application-project-a1d0",
            "region": "us-central1",
            "self_link": "https://www.googleapis.com/compute/v1/projects/application-project-a1d0/regions/us-central1/instanceGroupManagers/redhat-server-mig",
            "stateful_disk": [],
            "target_pools": [],
            "target_size": 1,
            "timeouts": null,
            "update_policy": [
              {
                "instance_redistribution_type": "PROACTIVE",
                "max_surge_fixed": 1,
                "max_surge_percent": 0,
                "max_unavailable_fixed": 1,
                "max_unavailable_percent": 0,
                "min_ready_sec": 0,
                "minimal_action": "REPLACE",
                "type": "OPPORTUNISTIC"
              }
            ],
            "update_strategy": null,
            "version": [
              {
                "instance_template": "https://www.googleapis.com/compute/v1/projects/application-project-a1d0/global/instanceTemplates/redhat-instance-template",
                "name": "redhat-server-mig-version-0",
                "target_size": []
              }
            ],
            "wait_for_instances": false
          },
          "private": "eyJlMmJmYjczMC1lY2FhLTExZTYtOGY4OC0zNDM2M2JjN2M0YzAiOnsiY3JlYXRlIjozMDAwMDAwMDAwMDAsImRlbGV0ZSI6OTAwMDAwMDAwMDAwLCJ1cGRhdGUiOjMwMDAwMDAwMDAwMH19",
          "dependencies": [
            "module.application_project.module.project-factory.google_project.main",
            "module.application_project.module.project-factory.module.project_services.google_project_service.project_services",
            "module.network.module.vpc.module.subnets.google_compute_subnetwork.subnetwork",
            "module.network.module.vpc.module.vpc.google_compute_network.network",
            "module.network.module.vpc.module.vpc.google_compute_shared_vpc_host_project.shared_vpc_host",
            "module.redhat_instance.google_compute_instance_template.default",
            "module.redhat_instances.google_compute_health_check.http",
            "module.redhat_instances.google_compute_health_check.tcp"
          ]
        }
      ]
    },
    {
      "module": "module.network.module.vpc.module.routes",
      "mode": "managed",
      "type": "google_compute_route",
      "name": "route",
      "each": "map",
      "provider": "provider.google",
      "instances": [
        {
          "index_key": "egress-internet",
          "schema_version": 0,
          "attributes": {
            "description": "route access to internet",
            "dest_range": "0.0.0.0/0",
            "id": "projects/management-project-ee13/global/routes/egress-internet",
            "name": "egress-internet",
            "network": "https://www.googleapis.com/compute/v1/projects/management-project-ee13/global/networks/cf-vpc",
            "next_hop_gateway": "https://www.googleapis.com/compute/v1/projects/management-project-ee13/global/gateways/default-internet-gateway",
            "next_hop_ilb": "",
            "next_hop_instance": "",
            "next_hop_instance_zone": null,
            "next_hop_ip": "",
            "next_hop_network": "",
            "next_hop_vpn_tunnel": "",
            "priority": 1000,
            "project": "management-project-ee13",
            "self_link": "https://www.googleapis.com/compute/v1/projects/management-project-ee13/global/routes/egress-internet",
            "tags": [
              "egress-inet"
            ],
            "timeouts": null
          },
          "private": "eyJlMmJmYjczMC1lY2FhLTExZTYtOGY4OC0zNDM2M2JjN2M0YzAiOnsiY3JlYXRlIjoyNDAwMDAwMDAwMDAsImRlbGV0ZSI6MjQwMDAwMDAwMDAwfX0=",
          "dependencies": [
            "module.management_folder.google_folder.default",
            "module.management_project.module.project-factory.module.project-factory.google_project.main",
            "module.management_project.module.project-factory.module.project-factory.module.project_services.google_project_service.project_services",
            "module.management_project.module.project-factory.module.project-factory.null_resource.preconditions",
            "module.management_project.module.project-factory.module.project-factory.random_id.random_project_id_suffix",
            "module.network.module.vpc.module.subnets.google_compute_subnetwork.subnetwork",
            "module.network.module.vpc.module.vpc.google_compute_network.network"
          ]
        }
      ]
    },
    {
      "module": "module.network.module.vpc.module.vpc",
      "mode": "managed",
      "type": "google_compute_shared_vpc_host_project",
      "name": "shared_vpc_host",
      "each": "list",
      "provider": "provider.google",
      "instances": [
        {
          "index_key": 0,
          "schema_version": 0,
          "attributes": {
            "id": "management-project-ee13",
            "project": "management-project-ee13",
            "timeouts": null
          },
          "private": "eyJlMmJmYjczMC1lY2FhLTExZTYtOGY4OC0zNDM2M2JjN2M0YzAiOnsiY3JlYXRlIjoyNDAwMDAwMDAwMDAsImRlbGV0ZSI6MjQwMDAwMDAwMDAwfX0=",
          "dependencies": [
            "module.management_folder.google_folder.default",
            "module.management_project.module.project-factory.module.project-factory.google_project.main",
            "module.management_project.module.project-factory.module.project-factory.module.project_services.google_project_service.project_services",
            "module.management_project.module.project-factory.module.project-factory.null_resource.preconditions",
            "module.management_project.module.project-factory.module.project-factory.random_id.random_project_id_suffix",
            "module.network.module.vpc.module.vpc.google_compute_network.network"
          ]
        }
      ]
    },
    {
      "module": "module.management_project.module.project-factory.module.project-factory",
      "mode": "managed",
      "type": "google_compute_shared_vpc_service_project",
      "name": "shared_vpc_attachment",
      "each": "list",
      "provider": "provider.google",
      "instances": []
    },
    {
      "module": "module.application_project.module.project-factory",
      "mode": "managed",
      "type": "google_compute_shared_vpc_service_project",
      "name": "shared_vpc_attachment",
      "each": "list",
      "provider": "provider.google",
      "instances": [
        {
          "index_key": 0,
          "schema_version": 0,
          "attributes": {
            "host_project": "management-project-ee13",
            "id": "management-project-ee13/application-project-a1d0",
            "service_project": "application-project-a1d0",
            "timeouts": null
          },
          "private": "eyJlMmJmYjczMC1lY2FhLTExZTYtOGY4OC0zNDM2M2JjN2M0YzAiOnsiY3JlYXRlIjoyNDAwMDAwMDAwMDAsImRlbGV0ZSI6MjQwMDAwMDAwMDAwfX0=",
          "dependencies": [
            "module.application_folder.google_folder.default",
            "module.application_project.module.project-factory.google_project.main",
            "module.application_project.module.project-factory.module.project_services.google_project_service.project_services",
            "module.application_project.module.project-factory.null_resource.preconditions",
            "module.application_project.module.project-factory.random_id.random_project_id_suffix",
            "module.management_folder.google_folder.default",
            "module.management_project.module.project-factory.module.project-factory.google_project.main",
            "module.management_project.module.project-factory.module.project-factory.module.project_services.google_project_service.project_services",
            "module.management_project.module.project-factory.module.project-factory.null_resource.preconditions",
            "module.management_project.module.project-factory.module.project-factory.random_id.random_project_id_suffix",
            "module.network.module.vpc.module.vpc.google_compute_network.network",
            "module.network.module.vpc.module.vpc.google_compute_shared_vpc_host_project.shared_vpc_host"
          ]
        }
      ]
    },
    {
      "module": "module.gce-lb-http",
      "mode": "managed",
      "type": "google_compute_ssl_certificate",
      "name": "default",
      "each": "list",
      "provider": "provider.google",
      "instances": []
    },
    {
      "module": "module.network.module.vpc.module.subnets",
      "mode": "managed",
      "type": "google_compute_subnetwork",
      "name": "subnetwork",
      "each": "map",
      "provider": "provider.google",
      "instances": [
        {
          "index_key": "us-central1/cf-vpc-sub1",
          "schema_version": 0,
          "attributes": {
            "creation_timestamp": "2020-06-29T20:14:46.415-07:00",
            "description": "",
            "enable_flow_logs": null,
            "fingerprint": null,
            "gateway_address": "10.0.0.1",
            "id": "projects/management-project-ee13/regions/us-central1/subnetworks/cf-vpc-sub1",
            "ip_cidr_range": "10.0.0.0/24",
            "log_config": [],
            "name": "cf-vpc-sub1",
            "network": "https://www.googleapis.com/compute/v1/projects/management-project-ee13/global/networks/cf-vpc",
            "private_ip_google_access": true,
            "project": "management-project-ee13",
            "region": "us-central1",
            "secondary_ip_range": [],
            "self_link": "https://www.googleapis.com/compute/v1/projects/management-project-ee13/regions/us-central1/subnetworks/cf-vpc-sub1",
            "timeouts": null
          },
          "private": "eyJlMmJmYjczMC1lY2FhLTExZTYtOGY4OC0zNDM2M2JjN2M0YzAiOnsiY3JlYXRlIjozNjAwMDAwMDAwMDAsImRlbGV0ZSI6MzYwMDAwMDAwMDAwLCJ1cGRhdGUiOjM2MDAwMDAwMDAwMH19",
          "dependencies": [
            "module.management_folder.google_folder.default",
            "module.management_project.module.project-factory.module.project-factory.google_project.main",
            "module.management_project.module.project-factory.module.project-factory.module.project_services.google_project_service.project_services",
            "module.management_project.module.project-factory.module.project-factory.null_resource.preconditions",
            "module.management_project.module.project-factory.module.project-factory.random_id.random_project_id_suffix",
            "module.network.module.vpc.module.vpc.google_compute_network.network"
          ]
        },
        {
          "index_key": "us-central1/cf-vpc-sub2",
          "schema_version": 0,
          "attributes": {
            "creation_timestamp": "2020-06-29T20:14:46.405-07:00",
            "description": "",
            "enable_flow_logs": null,
            "fingerprint": null,
            "gateway_address": "10.0.1.1",
            "id": "projects/management-project-ee13/regions/us-central1/subnetworks/cf-vpc-sub2",
            "ip_cidr_range": "10.0.1.0/24",
            "log_config": [],
            "name": "cf-vpc-sub2",
            "network": "https://www.googleapis.com/compute/v1/projects/management-project-ee13/global/networks/cf-vpc",
            "private_ip_google_access": true,
            "project": "management-project-ee13",
            "region": "us-central1",
            "secondary_ip_range": [],
            "self_link": "https://www.googleapis.com/compute/v1/projects/management-project-ee13/regions/us-central1/subnetworks/cf-vpc-sub2",
            "timeouts": null
          },
          "private": "eyJlMmJmYjczMC1lY2FhLTExZTYtOGY4OC0zNDM2M2JjN2M0YzAiOnsiY3JlYXRlIjozNjAwMDAwMDAwMDAsImRlbGV0ZSI6MzYwMDAwMDAwMDAwLCJ1cGRhdGUiOjM2MDAwMDAwMDAwMH19",
          "dependencies": [
            "module.management_folder.google_folder.default",
            "module.management_project.module.project-factory.module.project-factory.google_project.main",
            "module.management_project.module.project-factory.module.project-factory.module.project_services.google_project_service.project_services",
            "module.management_project.module.project-factory.module.project-factory.null_resource.preconditions",
            "module.management_project.module.project-factory.module.project-factory.random_id.random_project_id_suffix",
            "module.network.module.vpc.module.vpc.google_compute_network.network"
          ]
        },
        {
          "index_key": "us-central1/cf-vpc-sub3",
          "schema_version": 0,
          "attributes": {
            "creation_timestamp": "2020-06-29T20:14:46.419-07:00",
            "description": "",
            "enable_flow_logs": null,
            "fingerprint": null,
            "gateway_address": "10.0.2.1",
            "id": "projects/management-project-ee13/regions/us-central1/subnetworks/cf-vpc-sub3",
            "ip_cidr_range": "10.0.2.0/24",
            "log_config": [],
            "name": "cf-vpc-sub3",
            "network": "https://www.googleapis.com/compute/v1/projects/management-project-ee13/global/networks/cf-vpc",
            "private_ip_google_access": true,
            "project": "management-project-ee13",
            "region": "us-central1",
            "secondary_ip_range": [],
            "self_link": "https://www.googleapis.com/compute/v1/projects/management-project-ee13/regions/us-central1/subnetworks/cf-vpc-sub3",
            "timeouts": null
          },
          "private": "eyJlMmJmYjczMC1lY2FhLTExZTYtOGY4OC0zNDM2M2JjN2M0YzAiOnsiY3JlYXRlIjozNjAwMDAwMDAwMDAsImRlbGV0ZSI6MzYwMDAwMDAwMDAwLCJ1cGRhdGUiOjM2MDAwMDAwMDAwMH19",
          "dependencies": [
            "module.management_folder.google_folder.default",
            "module.management_project.module.project-factory.module.project-factory.google_project.main",
            "module.management_project.module.project-factory.module.project-factory.module.project_services.google_project_service.project_services",
            "module.management_project.module.project-factory.module.project-factory.null_resource.preconditions",
            "module.management_project.module.project-factory.module.project-factory.random_id.random_project_id_suffix",
            "module.network.module.vpc.module.vpc.google_compute_network.network"
          ]
        },
        {
          "index_key": "us-central1/cf-vpc-sub4",
          "schema_version": 0,
          "attributes": {
            "creation_timestamp": "2020-06-29T20:14:46.405-07:00",
            "description": "",
            "enable_flow_logs": null,
            "fingerprint": null,
            "gateway_address": "10.0.3.1",
            "id": "projects/management-project-ee13/regions/us-central1/subnetworks/cf-vpc-sub4",
            "ip_cidr_range": "10.0.3.0/24",
            "log_config": [],
            "name": "cf-vpc-sub4",
            "network": "https://www.googleapis.com/compute/v1/projects/management-project-ee13/global/networks/cf-vpc",
            "private_ip_google_access": true,
            "project": "management-project-ee13",
            "region": "us-central1",
            "secondary_ip_range": [],
            "self_link": "https://www.googleapis.com/compute/v1/projects/management-project-ee13/regions/us-central1/subnetworks/cf-vpc-sub4",
            "timeouts": null
          },
          "private": "eyJlMmJmYjczMC1lY2FhLTExZTYtOGY4OC0zNDM2M2JjN2M0YzAiOnsiY3JlYXRlIjozNjAwMDAwMDAwMDAsImRlbGV0ZSI6MzYwMDAwMDAwMDAwLCJ1cGRhdGUiOjM2MDAwMDAwMDAwMH19",
          "dependencies": [
            "module.management_folder.google_folder.default",
            "module.management_project.module.project-factory.module.project-factory.google_project.main",
            "module.management_project.module.project-factory.module.project-factory.module.project_services.google_project_service.project_services",
            "module.management_project.module.project-factory.module.project-factory.null_resource.preconditions",
            "module.management_project.module.project-factory.module.project-factory.random_id.random_project_id_suffix",
            "module.network.module.vpc.module.vpc.google_compute_network.network"
          ]
        }
      ]
    },
    {
      "module": "module.management_project.module.project-factory.module.project-factory",
      "mode": "managed",
      "type": "google_compute_subnetwork_iam_member",
      "name": "apis_service_account_role_to_vpc_subnets",
      "each": "list",
      "provider": "provider.google-beta",
      "instances": []
    },
    {
      "module": "module.application_project.module.project-factory",
      "mode": "managed",
      "type": "google_compute_subnetwork_iam_member",
      "name": "apis_service_account_role_to_vpc_subnets",
      "each": "list",
      "provider": "provider.google-beta",
      "instances": [
        {
          "index_key": 0,
          "schema_version": 0,
          "attributes": {
            "condition": [],
            "etag": "BwWpRKLOZCo=",
            "id": "projects/management-project-ee13/regions/us-central1/subnetworks/cf-vpc-sub1/roles/compute.networkUser/serviceaccount:480944311261@cloudservices.gserviceaccount.com",
            "member": "serviceAccount:480944311261@cloudservices.gserviceaccount.com",
            "project": "management-project-ee13",
            "region": "us-central1",
            "role": "roles/compute.networkUser",
            "subnetwork": "projects/management-project-ee13/regions/us-central1/subnetworks/cf-vpc-sub1"
          },
          "private": "bnVsbA==",
          "dependencies": [
            "module.application_folder.google_folder.default",
            "module.application_project.module.project-factory.google_project.main",
            "module.application_project.module.project-factory.module.project_services.google_project_service.project_services",
            "module.application_project.module.project-factory.null_resource.preconditions",
            "module.application_project.module.project-factory.random_id.random_project_id_suffix",
            "module.management_folder.google_folder.default",
            "module.management_project.module.project-factory.module.project-factory.google_project.main",
            "module.management_project.module.project-factory.module.project-factory.module.project_services.google_project_service.project_services",
            "module.management_project.module.project-factory.module.project-factory.null_resource.preconditions",
            "module.management_project.module.project-factory.module.project-factory.random_id.random_project_id_suffix",
            "module.network.module.vpc.module.subnets.google_compute_subnetwork.subnetwork",
            "module.network.module.vpc.module.vpc.google_compute_network.network",
            "module.network.module.vpc.module.vpc.google_compute_shared_vpc_host_project.shared_vpc_host"
          ]
        },
        {
          "index_key": 1,
          "schema_version": 0,
          "attributes": {
            "condition": [],
            "etag": "BwWpRKLOa_k=",
            "id": "projects/management-project-ee13/regions/us-central1/subnetworks/cf-vpc-sub2/roles/compute.networkUser/serviceaccount:480944311261@cloudservices.gserviceaccount.com",
            "member": "serviceAccount:480944311261@cloudservices.gserviceaccount.com",
            "project": "management-project-ee13",
            "region": "us-central1",
            "role": "roles/compute.networkUser",
            "subnetwork": "projects/management-project-ee13/regions/us-central1/subnetworks/cf-vpc-sub2"
          },
          "private": "bnVsbA==",
          "dependencies": [
            "module.application_folder.google_folder.default",
            "module.application_project.module.project-factory.google_project.main",
            "module.application_project.module.project-factory.module.project_services.google_project_service.project_services",
            "module.application_project.module.project-factory.null_resource.preconditions",
            "module.application_project.module.project-factory.random_id.random_project_id_suffix",
            "module.management_folder.google_folder.default",
            "module.management_project.module.project-factory.module.project-factory.google_project.main",
            "module.management_project.module.project-factory.module.project-factory.module.project_services.google_project_service.project_services",
            "module.management_project.module.project-factory.module.project-factory.null_resource.preconditions",
            "module.management_project.module.project-factory.module.project-factory.random_id.random_project_id_suffix",
            "module.network.module.vpc.module.subnets.google_compute_subnetwork.subnetwork",
            "module.network.module.vpc.module.vpc.google_compute_network.network",
            "module.network.module.vpc.module.vpc.google_compute_shared_vpc_host_project.shared_vpc_host"
          ]
        },
        {
          "index_key": 2,
          "schema_version": 0,
          "attributes": {
            "condition": [],
            "etag": "BwWpRKLJtuk=",
            "id": "projects/management-project-ee13/regions/us-central1/subnetworks/cf-vpc-sub3/roles/compute.networkUser/serviceaccount:480944311261@cloudservices.gserviceaccount.com",
            "member": "serviceAccount:480944311261@cloudservices.gserviceaccount.com",
            "project": "management-project-ee13",
            "region": "us-central1",
            "role": "roles/compute.networkUser",
            "subnetwork": "projects/management-project-ee13/regions/us-central1/subnetworks/cf-vpc-sub3"
          },
          "private": "bnVsbA==",
          "dependencies": [
            "module.application_folder.google_folder.default",
            "module.application_project.module.project-factory.google_project.main",
            "module.application_project.module.project-factory.module.project_services.google_project_service.project_services",
            "module.application_project.module.project-factory.null_resource.preconditions",
            "module.application_project.module.project-factory.random_id.random_project_id_suffix",
            "module.management_folder.google_folder.default",
            "module.management_project.module.project-factory.module.project-factory.google_project.main",
            "module.management_project.module.project-factory.module.project-factory.module.project_services.google_project_service.project_services",
            "module.management_project.module.project-factory.module.project-factory.null_resource.preconditions",
            "module.management_project.module.project-factory.module.project-factory.random_id.random_project_id_suffix",
            "module.network.module.vpc.module.subnets.google_compute_subnetwork.subnetwork",
            "module.network.module.vpc.module.vpc.google_compute_network.network",
            "module.network.module.vpc.module.vpc.google_compute_shared_vpc_host_project.shared_vpc_host"
          ]
        },
        {
          "index_key": 3,
          "schema_version": 0,
          "attributes": {
            "condition": [],
            "etag": "BwWpRKLLKok=",
            "id": "projects/management-project-ee13/regions/us-central1/subnetworks/cf-vpc-sub4/roles/compute.networkUser/serviceaccount:480944311261@cloudservices.gserviceaccount.com",
            "member": "serviceAccount:480944311261@cloudservices.gserviceaccount.com",
            "project": "management-project-ee13",
            "region": "us-central1",
            "role": "roles/compute.networkUser",
            "subnetwork": "projects/management-project-ee13/regions/us-central1/subnetworks/cf-vpc-sub4"
          },
          "private": "bnVsbA==",
          "dependencies": [
            "module.application_folder.google_folder.default",
            "module.application_project.module.project-factory.google_project.main",
            "module.application_project.module.project-factory.module.project_services.google_project_service.project_services",
            "module.application_project.module.project-factory.null_resource.preconditions",
            "module.application_project.module.project-factory.random_id.random_project_id_suffix",
            "module.management_folder.google_folder.default",
            "module.management_project.module.project-factory.module.project-factory.google_project.main",
            "module.management_project.module.project-factory.module.project-factory.module.project_services.google_project_service.project_services",
            "module.management_project.module.project-factory.module.project-factory.null_resource.preconditions",
            "module.management_project.module.project-factory.module.project-factory.random_id.random_project_id_suffix",
            "module.network.module.vpc.module.subnets.google_compute_subnetwork.subnetwork",
            "module.network.module.vpc.module.vpc.google_compute_network.network",
            "module.network.module.vpc.module.vpc.google_compute_shared_vpc_host_project.shared_vpc_host"
          ]
        }
      ]
    },
    {
      "module": "module.management_project.module.project-factory.module.project-factory",
      "mode": "managed",
      "type": "google_compute_subnetwork_iam_member",
      "name": "gke_shared_vpc_subnets",
      "each": "list",
      "provider": "provider.google-beta",
      "instances": []
    },
    {
      "module": "module.application_project.module.project-factory",
      "mode": "managed",
      "type": "google_compute_subnetwork_iam_member",
      "name": "gke_shared_vpc_subnets",
      "each": "list",
      "provider": "provider.google-beta",
      "instances": []
    },
    {
      "module": "module.management_project.module.project-factory.module.project-factory",
      "mode": "managed",
      "type": "google_compute_subnetwork_iam_member",
      "name": "group_role_to_vpc_subnets",
      "each": "list",
      "provider": "provider.google-beta",
      "instances": []
    },
    {
      "module": "module.application_project.module.project-factory",
      "mode": "managed",
      "type": "google_compute_subnetwork_iam_member",
      "name": "group_role_to_vpc_subnets",
      "each": "list",
      "provider": "provider.google-beta",
      "instances": []
    },
    {
      "module": "module.management_project.module.project-factory.module.project-factory",
      "mode": "managed",
      "type": "google_compute_subnetwork_iam_member",
      "name": "service_account_role_to_vpc_subnets",
      "each": "list",
      "provider": "provider.google-beta",
      "instances": []
    },
    {
      "module": "module.application_project.module.project-factory",
      "mode": "managed",
      "type": "google_compute_subnetwork_iam_member",
      "name": "service_account_role_to_vpc_subnets",
      "each": "list",
      "provider": "provider.google-beta",
      "instances": [
        {
          "index_key": 0,
          "schema_version": 0,
          "attributes": {
            "condition": [],
            "etag": "BwWpRKLOZCo=",
            "id": "projects/management-project-ee13/regions/us-central1/subnetworks/cf-vpc-sub1/roles/compute.networkUser/serviceaccount:project-service-account@application-project-a1d0.iam.gserviceaccount.com",
            "member": "serviceAccount:project-service-account@application-project-a1d0.iam.gserviceaccount.com",
            "project": "management-project-ee13",
            "region": "us-central1",
            "role": "roles/compute.networkUser",
            "subnetwork": "projects/management-project-ee13/regions/us-central1/subnetworks/cf-vpc-sub1"
          },
          "private": "bnVsbA==",
          "dependencies": [
            "module.application_folder.google_folder.default",
            "module.application_project.module.project-factory.google_project.main",
            "module.application_project.module.project-factory.google_service_account.default_service_account",
            "module.application_project.module.project-factory.null_resource.preconditions",
            "module.application_project.module.project-factory.random_id.random_project_id_suffix",
            "module.management_folder.google_folder.default",
            "module.management_project.module.project-factory.module.project-factory.google_project.main",
            "module.management_project.module.project-factory.module.project-factory.module.project_services.google_project_service.project_services",
            "module.management_project.module.project-factory.module.project-factory.null_resource.preconditions",
            "module.management_project.module.project-factory.module.project-factory.random_id.random_project_id_suffix",
            "module.network.module.vpc.module.subnets.google_compute_subnetwork.subnetwork",
            "module.network.module.vpc.module.vpc.google_compute_network.network",
            "module.network.module.vpc.module.vpc.google_compute_shared_vpc_host_project.shared_vpc_host"
          ]
        },
        {
          "index_key": 1,
          "schema_version": 0,
          "attributes": {
            "condition": [],
            "etag": "BwWpRKLOa_k=",
            "id": "projects/management-project-ee13/regions/us-central1/subnetworks/cf-vpc-sub2/roles/compute.networkUser/serviceaccount:project-service-account@application-project-a1d0.iam.gserviceaccount.com",
            "member": "serviceAccount:project-service-account@application-project-a1d0.iam.gserviceaccount.com",
            "project": "management-project-ee13",
            "region": "us-central1",
            "role": "roles/compute.networkUser",
            "subnetwork": "projects/management-project-ee13/regions/us-central1/subnetworks/cf-vpc-sub2"
          },
          "private": "bnVsbA==",
          "dependencies": [
            "module.application_folder.google_folder.default",
            "module.application_project.module.project-factory.google_project.main",
            "module.application_project.module.project-factory.google_service_account.default_service_account",
            "module.application_project.module.project-factory.null_resource.preconditions",
            "module.application_project.module.project-factory.random_id.random_project_id_suffix",
            "module.management_folder.google_folder.default",
            "module.management_project.module.project-factory.module.project-factory.google_project.main",
            "module.management_project.module.project-factory.module.project-factory.module.project_services.google_project_service.project_services",
            "module.management_project.module.project-factory.module.project-factory.null_resource.preconditions",
            "module.management_project.module.project-factory.module.project-factory.random_id.random_project_id_suffix",
            "module.network.module.vpc.module.subnets.google_compute_subnetwork.subnetwork",
            "module.network.module.vpc.module.vpc.google_compute_network.network",
            "module.network.module.vpc.module.vpc.google_compute_shared_vpc_host_project.shared_vpc_host"
          ]
        },
        {
          "index_key": 2,
          "schema_version": 0,
          "attributes": {
            "condition": [],
            "etag": "BwWpRKLJtuk=",
            "id": "projects/management-project-ee13/regions/us-central1/subnetworks/cf-vpc-sub3/roles/compute.networkUser/serviceaccount:project-service-account@application-project-a1d0.iam.gserviceaccount.com",
            "member": "serviceAccount:project-service-account@application-project-a1d0.iam.gserviceaccount.com",
            "project": "management-project-ee13",
            "region": "us-central1",
            "role": "roles/compute.networkUser",
            "subnetwork": "projects/management-project-ee13/regions/us-central1/subnetworks/cf-vpc-sub3"
          },
          "private": "bnVsbA==",
          "dependencies": [
            "module.application_folder.google_folder.default",
            "module.application_project.module.project-factory.google_project.main",
            "module.application_project.module.project-factory.google_service_account.default_service_account",
            "module.application_project.module.project-factory.null_resource.preconditions",
            "module.application_project.module.project-factory.random_id.random_project_id_suffix",
            "module.management_folder.google_folder.default",
            "module.management_project.module.project-factory.module.project-factory.google_project.main",
            "module.management_project.module.project-factory.module.project-factory.module.project_services.google_project_service.project_services",
            "module.management_project.module.project-factory.module.project-factory.null_resource.preconditions",
            "module.management_project.module.project-factory.module.project-factory.random_id.random_project_id_suffix",
            "module.network.module.vpc.module.subnets.google_compute_subnetwork.subnetwork",
            "module.network.module.vpc.module.vpc.google_compute_network.network",
            "module.network.module.vpc.module.vpc.google_compute_shared_vpc_host_project.shared_vpc_host"
          ]
        },
        {
          "index_key": 3,
          "schema_version": 0,
          "attributes": {
            "condition": [],
            "etag": "BwWpRKLLKok=",
            "id": "projects/management-project-ee13/regions/us-central1/subnetworks/cf-vpc-sub4/roles/compute.networkUser/serviceaccount:project-service-account@application-project-a1d0.iam.gserviceaccount.com",
            "member": "serviceAccount:project-service-account@application-project-a1d0.iam.gserviceaccount.com",
            "project": "management-project-ee13",
            "region": "us-central1",
            "role": "roles/compute.networkUser",
            "subnetwork": "projects/management-project-ee13/regions/us-central1/subnetworks/cf-vpc-sub4"
          },
          "private": "bnVsbA==",
          "dependencies": [
            "module.application_folder.google_folder.default",
            "module.application_project.module.project-factory.google_project.main",
            "module.application_project.module.project-factory.google_service_account.default_service_account",
            "module.application_project.module.project-factory.null_resource.preconditions",
            "module.application_project.module.project-factory.random_id.random_project_id_suffix",
            "module.management_folder.google_folder.default",
            "module.management_project.module.project-factory.module.project-factory.google_project.main",
            "module.management_project.module.project-factory.module.project-factory.module.project_services.google_project_service.project_services",
            "module.management_project.module.project-factory.module.project-factory.null_resource.preconditions",
            "module.management_project.module.project-factory.module.project-factory.random_id.random_project_id_suffix",
            "module.network.module.vpc.module.subnets.google_compute_subnetwork.subnetwork",
            "module.network.module.vpc.module.vpc.google_compute_network.network",
            "module.network.module.vpc.module.vpc.google_compute_shared_vpc_host_project.shared_vpc_host"
          ]
        }
      ]
    },
    {
      "module": "module.gce-lb-http",
      "mode": "managed",
      "type": "google_compute_target_http_proxy",
      "name": "default",
      "each": "list",
      "provider": "provider.google",
      "instances": [
        {
          "index_key": 0,
          "schema_version": 0,
          "attributes": {
            "creation_timestamp": "2020-06-29T20:41:50.844-07:00",
            "description": "",
            "id": "projects/application-project-a1d0/global/targetHttpProxies/nginx-group-lb-http-proxy",
            "name": "nginx-group-lb-http-proxy",
            "project": "application-project-a1d0",
            "proxy_id": 7173900648509278865,
            "self_link": "https://www.googleapis.com/compute/v1/projects/application-project-a1d0/global/targetHttpProxies/nginx-group-lb-http-proxy",
            "timeouts": null,
            "url_map": "https://www.googleapis.com/compute/v1/projects/application-project-a1d0/global/urlMaps/nginx-group-lb-url-map"
          },
          "private": "eyJlMmJmYjczMC1lY2FhLTExZTYtOGY4OC0zNDM2M2JjN2M0YzAiOnsiY3JlYXRlIjoyNDAwMDAwMDAwMDAsImRlbGV0ZSI6MjQwMDAwMDAwMDAwLCJ1cGRhdGUiOjI0MDAwMDAwMDAwMH19",
          "dependencies": [
            "module.application_project.module.project-factory.google_project.main",
            "module.application_project.module.project-factory.module.project_services.google_project_service.project_services",
            "module.gce-lb-http.google_compute_backend_service.default",
            "module.gce-lb-http.google_compute_health_check.default",
            "module.gce-lb-http.google_compute_url_map.default",
            "module.nginx_group.google_compute_region_instance_group_manager.mig"
          ]
        }
      ]
    },
    {
      "module": "module.gce-lb-http",
      "mode": "managed",
      "type": "google_compute_target_https_proxy",
      "name": "default",
      "each": "list",
      "provider": "provider.google",
      "instances": []
    },
    {
      "module": "module.gce-lb-http",
      "mode": "managed",
      "type": "google_compute_url_map",
      "name": "default",
      "each": "list",
      "provider": "provider.google",
      "instances": [
        {
          "index_key": 0,
          "schema_version": 0,
          "attributes": {
            "creation_timestamp": "2020-06-29T20:41:38.856-07:00",
            "default_route_action": [],
            "default_service": "https://www.googleapis.com/compute/v1/projects/application-project-a1d0/global/backendServices/nginx-group-lb-backend-default",
            "default_url_redirect": [],
            "description": "",
            "fingerprint": "6JBU32rov5M=",
            "header_action": [],
            "host_rule": [],
            "id": "projects/application-project-a1d0/global/urlMaps/nginx-group-lb-url-map",
            "map_id": 2643971003303529117,
            "name": "nginx-group-lb-url-map",
            "path_matcher": [],
            "project": "application-project-a1d0",
            "self_link": "https://www.googleapis.com/compute/v1/projects/application-project-a1d0/global/urlMaps/nginx-group-lb-url-map",
            "test": [],
            "timeouts": null
          },
          "private": "eyJlMmJmYjczMC1lY2FhLTExZTYtOGY4OC0zNDM2M2JjN2M0YzAiOnsiY3JlYXRlIjoyNDAwMDAwMDAwMDAsImRlbGV0ZSI6MjQwMDAwMDAwMDAwLCJ1cGRhdGUiOjI0MDAwMDAwMDAwMH19",
          "dependencies": [
            "module.application_project.module.project-factory.google_project.main",
            "module.application_project.module.project-factory.module.project_services.google_project_service.project_services",
            "module.gce-lb-http.google_compute_backend_service.default",
            "module.gce-lb-http.google_compute_health_check.default",
            "module.nginx_group.google_compute_region_instance_group_manager.mig"
          ]
        }
      ]
    },
    {
      "module": "module.management_folder",
      "mode": "managed",
      "type": "google_folder",
      "name": "default",
      "provider": "provider.google",
      "instances": [
        {
          "schema_version": 0,
          "attributes": {
            "create_time": "2020-06-30T03:10:37.973Z",
            "display_name": "Management",
            "id": "folders/348437285030",
            "lifecycle_state": "ACTIVE",
            "name": "folders/348437285030",
            "parent": "organizations/478509003713",
            "timeouts": null
          },
          "private": "eyJlMmJmYjczMC1lY2FhLTExZTYtOGY4OC0zNDM2M2JjN2M0YzAiOnsiY3JlYXRlIjoyNDAwMDAwMDAwMDAsImRlbGV0ZSI6MjQwMDAwMDAwMDAwLCJyZWFkIjoyNDAwMDAwMDAwMDAsInVwZGF0ZSI6MjQwMDAwMDAwMDAwfX0="
        }
      ]
    },
    {
      "module": "module.application_folder",
      "mode": "managed",
      "type": "google_folder",
      "name": "default",
      "provider": "provider.google",
      "instances": [
        {
          "schema_version": 0,
          "attributes": {
            "create_time": "2020-06-30T03:10:37.809Z",
            "display_name": "Application",
            "id": "folders/199155897856",
            "lifecycle_state": "ACTIVE",
            "name": "folders/199155897856",
            "parent": "organizations/478509003713",
            "timeouts": null
          },
          "private": "eyJlMmJmYjczMC1lY2FhLTExZTYtOGY4OC0zNDM2M2JjN2M0YzAiOnsiY3JlYXRlIjoyNDAwMDAwMDAwMDAsImRlbGV0ZSI6MjQwMDAwMDAwMDAwLCJyZWFkIjoyNDAwMDAwMDAwMDAsInVwZGF0ZSI6MjQwMDAwMDAwMDAwfX0="
        }
      ]
    },
    {
      "module": "module.management_project.module.project-factory.module.project-factory",
      "mode": "managed",
      "type": "google_project",
      "name": "main",
      "provider": "provider.google",
      "instances": [
        {
          "schema_version": 1,
          "attributes": {
            "auto_create_network": false,
            "billing_account": "01AFBE-11DA43-19B888",
            "folder_id": "348437285030",
            "id": "projects/management-project-ee13",
            "labels": {},
            "name": "management-project",
            "number": "811248929842",
            "org_id": "",
            "project_id": "management-project-ee13",
            "skip_delete": null,
            "timeouts": null
          },
          "private": "eyJlMmJmYjczMC1lY2FhLTExZTYtOGY4OC0zNDM2M2JjN2M0YzAiOnsiY3JlYXRlIjoyNDAwMDAwMDAwMDAsImRlbGV0ZSI6MjQwMDAwMDAwMDAwLCJyZWFkIjoyNDAwMDAwMDAwMDAsInVwZGF0ZSI6MjQwMDAwMDAwMDAwfSwic2NoZW1hX3ZlcnNpb24iOiIxIn0=",
          "dependencies": [
            "module.management_folder.google_folder.default",
            "module.management_project.module.project-factory.module.project-factory.null_resource.preconditions",
            "module.management_project.module.project-factory.module.project-factory.random_id.random_project_id_suffix"
          ]
        }
      ]
    },
    {
      "module": "module.application_project.module.project-factory",
      "mode": "managed",
      "type": "google_project",
      "name": "main",
      "provider": "provider.google",
      "instances": [
        {
          "schema_version": 1,
          "attributes": {
            "auto_create_network": false,
            "billing_account": "01AFBE-11DA43-19B888",
            "folder_id": "199155897856",
            "id": "projects/application-project-a1d0",
            "labels": {},
            "name": "application-project",
            "number": "480944311261",
            "org_id": "",
            "project_id": "application-project-a1d0",
            "skip_delete": null,
            "timeouts": null
          },
          "private": "eyJlMmJmYjczMC1lY2FhLTExZTYtOGY4OC0zNDM2M2JjN2M0YzAiOnsiY3JlYXRlIjoyNDAwMDAwMDAwMDAsImRlbGV0ZSI6MjQwMDAwMDAwMDAwLCJyZWFkIjoyNDAwMDAwMDAwMDAsInVwZGF0ZSI6MjQwMDAwMDAwMDAwfSwic2NoZW1hX3ZlcnNpb24iOiIxIn0=",
          "dependencies": [
            "module.application_folder.google_folder.default",
            "module.application_project.module.project-factory.null_resource.preconditions",
            "module.application_project.module.project-factory.random_id.random_project_id_suffix",
            "module.management_folder.google_folder.default",
            "module.management_project.module.project-factory.module.project-factory.google_project.main",
            "module.management_project.module.project-factory.module.project-factory.module.project_services.google_project_service.project_services",
            "module.management_project.module.project-factory.module.project-factory.null_resource.preconditions",
            "module.management_project.module.project-factory.module.project-factory.random_id.random_project_id_suffix",
            "module.network.module.vpc.module.vpc.google_compute_network.network",
            "module.network.module.vpc.module.vpc.google_compute_shared_vpc_host_project.shared_vpc_host"
          ]
        }
      ]
    },
    {
      "module": "module.management_project.module.project-factory.module.project-factory",
      "mode": "managed",
      "type": "google_project_iam_member",
      "name": "controlling_group_vpc_membership",
      "each": "list",
      "provider": "provider.google",
      "instances": []
    },
    {
      "module": "module.application_project.module.project-factory",
      "mode": "managed",
      "type": "google_project_iam_member",
      "name": "controlling_group_vpc_membership",
      "each": "list",
      "provider": "provider.google",
      "instances": []
    },
    {
      "module": "module.management_project.module.project-factory.module.project-factory",
      "mode": "managed",
      "type": "google_project_iam_member",
      "name": "default_service_account_membership",
      "each": "list",
      "provider": "provider.google",
      "instances": []
    },
    {
      "module": "module.application_project.module.project-factory",
      "mode": "managed",
      "type": "google_project_iam_member",
      "name": "default_service_account_membership",
      "each": "list",
      "provider": "provider.google",
      "instances": []
    },
    {
      "module": "module.management_project.module.project-factory.module.project-factory",
      "mode": "managed",
      "type": "google_project_iam_member",
      "name": "gke_host_agent",
      "each": "list",
      "provider": "provider.google",
      "instances": []
    },
    {
      "module": "module.application_project.module.project-factory",
      "mode": "managed",
      "type": "google_project_iam_member",
      "name": "gke_host_agent",
      "each": "list",
      "provider": "provider.google",
      "instances": []
    },
    {
      "module": "module.management_project.module.project-factory.module.project-factory",
      "mode": "managed",
      "type": "google_project_iam_member",
      "name": "gsuite_group_role",
      "each": "list",
      "provider": "provider.google",
      "instances": []
    },
    {
      "module": "module.application_project.module.project-factory",
      "mode": "managed",
      "type": "google_project_iam_member",
      "name": "gsuite_group_role",
      "each": "list",
      "provider": "provider.google",
      "instances": []
    },
    {
      "module": "module.management_project.module.project-factory.module.project-factory.module.project_services",
      "mode": "managed",
      "type": "google_project_service",
      "name": "project_services",
      "each": "map",
      "provider": "provider.google",
      "instances": [
        {
          "index_key": "compute.googleapis.com",
          "schema_version": 0,
          "attributes": {
            "disable_dependent_services": true,
            "disable_on_destroy": true,
            "id": "management-project-ee13/compute.googleapis.com",
            "project": "management-project-ee13",
            "service": "compute.googleapis.com",
            "timeouts": null
          },
          "private": "eyJlMmJmYjczMC1lY2FhLTExZTYtOGY4OC0zNDM2M2JjN2M0YzAiOnsiY3JlYXRlIjoxMjAwMDAwMDAwMDAwLCJkZWxldGUiOjEyMDAwMDAwMDAwMDAsInJlYWQiOjYwMDAwMDAwMDAwMCwidXBkYXRlIjoxMjAwMDAwMDAwMDAwfX0=",
          "dependencies": [
            "module.management_folder.google_folder.default",
            "module.management_project.module.project-factory.module.project-factory.google_project.main",
            "module.management_project.module.project-factory.module.project-factory.null_resource.preconditions",
            "module.management_project.module.project-factory.module.project-factory.random_id.random_project_id_suffix"
          ]
        }
      ]
    },
    {
      "module": "module.application_project.module.project-factory.module.project_services",
      "mode": "managed",
      "type": "google_project_service",
      "name": "project_services",
      "each": "map",
      "provider": "provider.google",
      "instances": [
        {
          "index_key": "compute.googleapis.com",
          "schema_version": 0,
          "attributes": {
            "disable_dependent_services": true,
            "disable_on_destroy": false,
            "id": "application-project-a1d0/compute.googleapis.com",
            "project": "application-project-a1d0",
            "service": "compute.googleapis.com",
            "timeouts": null
          },
          "private": "eyJlMmJmYjczMC1lY2FhLTExZTYtOGY4OC0zNDM2M2JjN2M0YzAiOnsiY3JlYXRlIjoxMjAwMDAwMDAwMDAwLCJkZWxldGUiOjEyMDAwMDAwMDAwMDAsInJlYWQiOjYwMDAwMDAwMDAwMCwidXBkYXRlIjoxMjAwMDAwMDAwMDAwfX0=",
          "dependencies": [
            "module.application_folder.google_folder.default",
            "module.application_project.module.project-factory.google_project.main",
            "module.application_project.module.project-factory.null_resource.preconditions",
            "module.application_project.module.project-factory.random_id.random_project_id_suffix",
            "module.management_folder.google_folder.default",
            "module.management_project.module.project-factory.module.project-factory.google_project.main",
            "module.management_project.module.project-factory.module.project-factory.module.project_services.google_project_service.project_services",
            "module.management_project.module.project-factory.module.project-factory.null_resource.preconditions",
            "module.management_project.module.project-factory.module.project-factory.random_id.random_project_id_suffix",
            "module.network.module.vpc.module.vpc.google_compute_network.network",
            "module.network.module.vpc.module.vpc.google_compute_shared_vpc_host_project.shared_vpc_host"
          ]
        }
      ]
    },
    {
      "module": "module.management_project.module.project-factory.module.project-factory",
      "mode": "managed",
      "type": "google_project_usage_export_bucket",
      "name": "usage_report_export",
      "each": "list",
      "provider": "provider.google",
      "instances": []
    },
    {
      "module": "module.application_project.module.project-factory",
      "mode": "managed",
      "type": "google_project_usage_export_bucket",
      "name": "usage_report_export",
      "each": "list",
      "provider": "provider.google",
      "instances": []
    },
    {
      "module": "module.management_project.module.project-factory.module.project-factory",
      "mode": "managed",
      "type": "google_resource_manager_lien",
      "name": "lien",
      "each": "list",
      "provider": "provider.google",
      "instances": []
    },
    {
      "module": "module.application_project.module.project-factory",
      "mode": "managed",
      "type": "google_resource_manager_lien",
      "name": "lien",
      "each": "list",
      "provider": "provider.google",
      "instances": []
    },
    {
      "module": "module.management_project.module.project-factory.module.project-factory",
      "mode": "managed",
      "type": "google_service_account",
      "name": "default_service_account",
      "provider": "provider.google",
      "instances": [
        {
          "schema_version": 0,
          "attributes": {
            "account_id": "project-service-account",
            "description": "",
            "display_name": "management-project Project Service Account",
            "email": "project-service-account@management-project-ee13.iam.gserviceaccount.com",
            "id": "projects/management-project-ee13/serviceAccounts/project-service-account@management-project-ee13.iam.gserviceaccount.com",
            "name": "projects/management-project-ee13/serviceAccounts/project-service-account@management-project-ee13.iam.gserviceaccount.com",
            "project": "management-project-ee13",
            "timeouts": null,
            "unique_id": "115182802027758974208"
          },
          "private": "eyJlMmJmYjczMC1lY2FhLTExZTYtOGY4OC0zNDM2M2JjN2M0YzAiOnsiY3JlYXRlIjozMDAwMDAwMDAwMDB9fQ==",
          "dependencies": [
            "module.management_folder.google_folder.default",
            "module.management_project.module.project-factory.module.project-factory.google_project.main",
            "module.management_project.module.project-factory.module.project-factory.null_resource.preconditions",
            "module.management_project.module.project-factory.module.project-factory.random_id.random_project_id_suffix"
          ]
        }
      ]
    },
    {
      "module": "module.application_project.module.project-factory",
      "mode": "managed",
      "type": "google_service_account",
      "name": "default_service_account",
      "provider": "provider.google",
      "instances": [
        {
          "schema_version": 0,
          "attributes": {
            "account_id": "project-service-account",
            "description": "",
            "display_name": "application-project Project Service Account",
            "email": "project-service-account@application-project-a1d0.iam.gserviceaccount.com",
            "id": "projects/application-project-a1d0/serviceAccounts/project-service-account@application-project-a1d0.iam.gserviceaccount.com",
            "name": "projects/application-project-a1d0/serviceAccounts/project-service-account@application-project-a1d0.iam.gserviceaccount.com",
            "project": "application-project-a1d0",
            "timeouts": null,
            "unique_id": "111526199012786960694"
          },
          "private": "eyJlMmJmYjczMC1lY2FhLTExZTYtOGY4OC0zNDM2M2JjN2M0YzAiOnsiY3JlYXRlIjozMDAwMDAwMDAwMDB9fQ==",
          "dependencies": [
            "module.application_folder.google_folder.default",
            "module.application_project.module.project-factory.google_project.main",
            "module.application_project.module.project-factory.null_resource.preconditions",
            "module.application_project.module.project-factory.random_id.random_project_id_suffix",
            "module.management_folder.google_folder.default",
            "module.management_project.module.project-factory.module.project-factory.google_project.main",
            "module.management_project.module.project-factory.module.project-factory.module.project_services.google_project_service.project_services",
            "module.management_project.module.project-factory.module.project-factory.null_resource.preconditions",
            "module.management_project.module.project-factory.module.project-factory.random_id.random_project_id_suffix",
            "module.network.module.vpc.module.vpc.google_compute_network.network",
            "module.network.module.vpc.module.vpc.google_compute_shared_vpc_host_project.shared_vpc_host"
          ]
        }
      ]
    },
    {
      "module": "module.management_project.module.project-factory.module.project-factory",
      "mode": "managed",
      "type": "google_service_account_iam_member",
      "name": "service_account_grant_to_group",
      "each": "list",
      "provider": "provider.google",
      "instances": []
    },
    {
      "module": "module.application_project.module.project-factory",
      "mode": "managed",
      "type": "google_service_account_iam_member",
      "name": "service_account_grant_to_group",
      "each": "list",
      "provider": "provider.google",
      "instances": []
    },
    {
      "module": "module.management_project.module.project-factory.module.project-factory",
      "mode": "managed",
      "type": "google_storage_bucket",
      "name": "project_bucket",
      "each": "list",
      "provider": "provider.google",
      "instances": []
    },
    {
      "module": "module.application_project.module.project-factory",
      "mode": "managed",
      "type": "google_storage_bucket",
      "name": "project_bucket",
      "each": "list",
      "provider": "provider.google",
      "instances": []
    },
    {
      "module": "module.management_project.module.project-factory.module.project-factory",
      "mode": "managed",
      "type": "google_storage_bucket_iam_member",
      "name": "api_s_account_storage_admin_on_project_bucket",
      "each": "list",
      "provider": "provider.google",
      "instances": []
    },
    {
      "module": "module.application_project.module.project-factory",
      "mode": "managed",
      "type": "google_storage_bucket_iam_member",
      "name": "api_s_account_storage_admin_on_project_bucket",
      "each": "list",
      "provider": "provider.google",
      "instances": []
    },
    {
      "module": "module.management_project.module.project-factory.module.project-factory",
      "mode": "managed",
      "type": "google_storage_bucket_iam_member",
      "name": "group_storage_admin_on_project_bucket",
      "each": "list",
      "provider": "provider.google",
      "instances": []
    },
    {
      "module": "module.application_project.module.project-factory",
      "mode": "managed",
      "type": "google_storage_bucket_iam_member",
      "name": "group_storage_admin_on_project_bucket",
      "each": "list",
      "provider": "provider.google",
      "instances": []
    },
    {
      "module": "module.management_project.module.project-factory.module.project-factory",
      "mode": "managed",
      "type": "google_storage_bucket_iam_member",
      "name": "s_account_storage_admin_on_project_bucket",
      "each": "list",
      "provider": "provider.google",
      "instances": []
    },
    {
      "module": "module.application_project.module.project-factory",
      "mode": "managed",
      "type": "google_storage_bucket_iam_member",
      "name": "s_account_storage_admin_on_project_bucket",
      "each": "list",
      "provider": "provider.google",
      "instances": []
    },
    {
      "module": "module.application_project.module.project-factory.module.gcloud_disable",
      "mode": "managed",
      "type": "null_resource",
      "name": "additional_components",
      "each": "list",
      "provider": "provider.null",
      "instances": []
    },
    {
      "module": "module.management_project.module.project-factory.module.project-factory.module.gcloud_disable",
      "mode": "managed",
      "type": "null_resource",
      "name": "additional_components",
      "each": "list",
      "provider": "provider.null",
      "instances": []
    },
    {
      "module": "module.management_project.module.project-factory.module.project-factory.module.gcloud_deprivilege",
      "mode": "managed",
      "type": "null_resource",
      "name": "additional_components",
      "each": "list",
      "provider": "provider.null",
      "instances": []
    },
    {
      "module": "module.application_project.module.project-factory.module.gcloud_delete",
      "mode": "managed",
      "type": "null_resource",
      "name": "additional_components",
      "each": "list",
      "provider": "provider.null",
      "instances": []
    },
    {
      "module": "module.management_project.module.project-factory.module.project-factory.module.gcloud_delete",
      "mode": "managed",
      "type": "null_resource",
      "name": "additional_components",
      "each": "list",
      "provider": "provider.null",
      "instances": []
    },
    {
      "module": "module.application_project.module.project-factory.module.gcloud_deprivilege",
      "mode": "managed",
      "type": "null_resource",
      "name": "additional_components",
      "each": "list",
      "provider": "provider.null",
      "instances": []
    },
    {
      "module": "module.application_project.module.project-factory.module.gcloud_disable",
      "mode": "managed",
      "type": "null_resource",
      "name": "additional_components_destroy",
      "each": "list",
      "provider": "provider.null",
      "instances": []
    },
    {
      "module": "module.management_project.module.project-factory.module.project-factory.module.gcloud_disable",
      "mode": "managed",
      "type": "null_resource",
      "name": "additional_components_destroy",
      "each": "list",
      "provider": "provider.null",
      "instances": []
    },
    {
      "module": "module.management_project.module.project-factory.module.project-factory.module.gcloud_deprivilege",
      "mode": "managed",
      "type": "null_resource",
      "name": "additional_components_destroy",
      "each": "list",
      "provider": "provider.null",
      "instances": []
    },
    {
      "module": "module.application_project.module.project-factory.module.gcloud_delete",
      "mode": "managed",
      "type": "null_resource",
      "name": "additional_components_destroy",
      "each": "list",
      "provider": "provider.null",
      "instances": []
    },
    {
      "module": "module.management_project.module.project-factory.module.project-factory.module.gcloud_delete",
      "mode": "managed",
      "type": "null_resource",
      "name": "additional_components_destroy",
      "each": "list",
      "provider": "provider.null",
      "instances": []
    },
    {
      "module": "module.application_project.module.project-factory.module.gcloud_deprivilege",
      "mode": "managed",
      "type": "null_resource",
      "name": "additional_components_destroy",
      "each": "list",
      "provider": "provider.null",
      "instances": []
    },
    {
      "module": "module.application_project.module.project-factory.module.gcloud_disable",
      "mode": "managed",
      "type": "null_resource",
      "name": "decompress",
      "each": "list",
      "provider": "provider.null",
      "instances": [
        {
          "index_key": 0,
          "schema_version": 0,
          "attributes": {
            "id": "3894836579591199753",
            "triggers": {
              "activated_apis": "compute.googleapis.com",
              "arguments": "39532e88e8650824971011259bbbbb96",
              "decompress_command": "tar -xzf .terraform/modules/application_project.project-factory.gcloud_disable/terraform-google-gcloud-1.0.1/cache/a9402cce/google-cloud-sdk.tar.gz -C .terraform/modules/application_project.project-factory.gcloud_disable/terraform-google-gcloud-1.0.1/cache/a9402cce \u0026\u0026 cp .terraform/modules/application_project.project-factory.gcloud_disable/terraform-google-gcloud-1.0.1/cache/a9402cce/jq .terraform/modules/application_project.project-factory.gcloud_disable/terraform-google-gcloud-1.0.1/cache/a9402cce/google-cloud-sdk/bin/",
              "default_service_account": "480944311261-compute@developer.gserviceaccount.com",
              "download_gcloud_command": "curl -sL -o .terraform/modules/application_project.project-factory.gcloud_disable/terraform-google-gcloud-1.0.1/cache/a9402cce/google-cloud-sdk.tar.gz https://dl.google.com/dl/cloudsdk/channels/rapid/downloads/google-cloud-sdk-281.0.0-linux-x86_64.tar.gz",
              "download_jq_command": "curl -sL -o .terraform/modules/application_project.project-factory.gcloud_disable/terraform-google-gcloud-1.0.1/cache/a9402cce/jq https://github.com/stedolan/jq/releases/download/jq-1.6/jq-linux64 \u0026\u0026 chmod +x .terraform/modules/application_project.project-factory.gcloud_disable/terraform-google-gcloud-1.0.1/cache/a9402cce/jq",
              "md5": "681bc493d5c6e0e3b64679436aaeabff",
              "project_services": "application-project-a1d0"
            }
          },
          "dependencies": [
            "module.application_folder.google_folder.default",
            "module.application_project.module.project-factory.google_project.main",
            "module.application_project.module.project-factory.module.gcloud_disable.null_resource.download_gcloud",
            "module.application_project.module.project-factory.module.gcloud_disable.null_resource.download_jq",
            "module.application_project.module.project-factory.module.gcloud_disable.null_resource.module_depends_on",
            "module.application_project.module.project-factory.module.gcloud_disable.null_resource.prepare_cache",
            "module.application_project.module.project-factory.module.gcloud_disable.random_id.cache",
            "module.application_project.module.project-factory.module.project_services.google_project_service.project_services",
            "module.application_project.module.project-factory.null_resource.preconditions",
            "module.application_project.module.project-factory.random_id.random_project_id_suffix",
            "module.management_folder.google_folder.default",
            "module.management_project.module.project-factory.module.project-factory.google_project.main",
            "module.management_project.module.project-factory.module.project-factory.module.project_services.google_project_service.project_services",
            "module.management_project.module.project-factory.module.project-factory.null_resource.preconditions",
            "module.management_project.module.project-factory.module.project-factory.random_id.random_project_id_suffix",
            "module.network.module.vpc.module.vpc.google_compute_network.network",
            "module.network.module.vpc.module.vpc.google_compute_shared_vpc_host_project.shared_vpc_host"
          ]
        }
      ]
    },
    {
      "module": "module.management_project.module.project-factory.module.project-factory.module.gcloud_disable",
      "mode": "managed",
      "type": "null_resource",
      "name": "decompress",
      "each": "list",
      "provider": "provider.null",
      "instances": [
        {
          "index_key": 0,
          "schema_version": 0,
          "attributes": {
            "id": "5168639341131342966",
            "triggers": {
              "activated_apis": "compute.googleapis.com",
              "arguments": "03427efcfe4a1238cd15ebf241108838",
              "decompress_command": "tar -xzf .terraform/modules/management_project.project-factory.project-factory.gcloud_disable/terraform-google-gcloud-1.0.1/cache/cda98ad9/google-cloud-sdk.tar.gz -C .terraform/modules/management_project.project-factory.project-factory.gcloud_disable/terraform-google-gcloud-1.0.1/cache/cda98ad9 \u0026\u0026 cp .terraform/modules/management_project.project-factory.project-factory.gcloud_disable/terraform-google-gcloud-1.0.1/cache/cda98ad9/jq .terraform/modules/management_project.project-factory.project-factory.gcloud_disable/terraform-google-gcloud-1.0.1/cache/cda98ad9/google-cloud-sdk/bin/",
              "default_service_account": "811248929842-compute@developer.gserviceaccount.com",
              "download_gcloud_command": "curl -sL -o .terraform/modules/management_project.project-factory.project-factory.gcloud_disable/terraform-google-gcloud-1.0.1/cache/cda98ad9/google-cloud-sdk.tar.gz https://dl.google.com/dl/cloudsdk/channels/rapid/downloads/google-cloud-sdk-281.0.0-linux-x86_64.tar.gz",
              "download_jq_command": "curl -sL -o .terraform/modules/management_project.project-factory.project-factory.gcloud_disable/terraform-google-gcloud-1.0.1/cache/cda98ad9/jq https://github.com/stedolan/jq/releases/download/jq-1.6/jq-linux64 \u0026\u0026 chmod +x .terraform/modules/management_project.project-factory.project-factory.gcloud_disable/terraform-google-gcloud-1.0.1/cache/cda98ad9/jq",
              "md5": "0f86ad1c4c3ccef768cdf56ca4e6c111",
              "project_services": "management-project-ee13"
            }
          },
          "dependencies": [
            "module.management_folder.google_folder.default",
            "module.management_project.module.project-factory.module.project-factory.google_project.main",
            "module.management_project.module.project-factory.module.project-factory.module.gcloud_disable.null_resource.download_gcloud",
            "module.management_project.module.project-factory.module.project-factory.module.gcloud_disable.null_resource.download_jq",
            "module.management_project.module.project-factory.module.project-factory.module.gcloud_disable.null_resource.module_depends_on",
            "module.management_project.module.project-factory.module.project-factory.module.gcloud_disable.null_resource.prepare_cache",
            "module.management_project.module.project-factory.module.project-factory.module.gcloud_disable.random_id.cache",
            "module.management_project.module.project-factory.module.project-factory.module.project_services.google_project_service.project_services",
            "module.management_project.module.project-factory.module.project-factory.null_resource.preconditions",
            "module.management_project.module.project-factory.module.project-factory.random_id.random_project_id_suffix"
          ]
        }
      ]
    },
    {
      "module": "module.management_project.module.project-factory.module.project-factory.module.gcloud_deprivilege",
      "mode": "managed",
      "type": "null_resource",
      "name": "decompress",
      "each": "list",
      "provider": "provider.null",
      "instances": []
    },
    {
      "module": "module.application_project.module.project-factory.module.gcloud_delete",
      "mode": "managed",
      "type": "null_resource",
      "name": "decompress",
      "each": "list",
      "provider": "provider.null",
      "instances": []
    },
    {
      "module": "module.management_project.module.project-factory.module.project-factory.module.gcloud_delete",
      "mode": "managed",
      "type": "null_resource",
      "name": "decompress",
      "each": "list",
      "provider": "provider.null",
      "instances": []
    },
    {
      "module": "module.application_project.module.project-factory.module.gcloud_deprivilege",
      "mode": "managed",
      "type": "null_resource",
      "name": "decompress",
      "each": "list",
      "provider": "provider.null",
      "instances": []
    },
    {
      "module": "module.application_project.module.project-factory.module.gcloud_disable",
      "mode": "managed",
      "type": "null_resource",
      "name": "decompress_destroy",
      "each": "list",
      "provider": "provider.null",
      "instances": [
        {
          "index_key": 0,
          "schema_version": 0,
          "attributes": {
            "id": "6971247011665103118",
            "triggers": {
              "decompress_command": "tar -xzf .terraform/modules/application_project.project-factory.gcloud_disable/terraform-google-gcloud-1.0.1/cache/a9402cce/google-cloud-sdk.tar.gz -C .terraform/modules/application_project.project-factory.gcloud_disable/terraform-google-gcloud-1.0.1/cache/a9402cce \u0026\u0026 cp .terraform/modules/application_project.project-factory.gcloud_disable/terraform-google-gcloud-1.0.1/cache/a9402cce/jq .terraform/modules/application_project.project-factory.gcloud_disable/terraform-google-gcloud-1.0.1/cache/a9402cce/google-cloud-sdk/bin/"
            }
          },
          "dependencies": [
            "module.application_project.module.project-factory.module.gcloud_disable.null_resource.additional_components_destroy",
            "module.application_project.module.project-factory.module.gcloud_disable.null_resource.gcloud_auth_google_credentials_destroy",
            "module.application_project.module.project-factory.module.gcloud_disable.null_resource.gcloud_auth_service_account_key_file_destroy",
            "module.application_project.module.project-factory.module.gcloud_disable.null_resource.upgrade_destroy",
            "module.application_project.module.project-factory.module.gcloud_disable.random_id.cache"
          ]
        }
      ]
    },
    {
      "module": "module.management_project.module.project-factory.module.project-factory.module.gcloud_disable",
      "mode": "managed",
      "type": "null_resource",
      "name": "decompress_destroy",
      "each": "list",
      "provider": "provider.null",
      "instances": [
        {
          "index_key": 0,
          "schema_version": 0,
          "attributes": {
            "id": "8060478515115249385",
            "triggers": {
              "decompress_command": "tar -xzf .terraform/modules/management_project.project-factory.project-factory.gcloud_disable/terraform-google-gcloud-1.0.1/cache/cda98ad9/google-cloud-sdk.tar.gz -C .terraform/modules/management_project.project-factory.project-factory.gcloud_disable/terraform-google-gcloud-1.0.1/cache/cda98ad9 \u0026\u0026 cp .terraform/modules/management_project.project-factory.project-factory.gcloud_disable/terraform-google-gcloud-1.0.1/cache/cda98ad9/jq .terraform/modules/management_project.project-factory.project-factory.gcloud_disable/terraform-google-gcloud-1.0.1/cache/cda98ad9/google-cloud-sdk/bin/"
            }
          },
          "dependencies": [
            "module.management_project.module.project-factory.module.project-factory.module.gcloud_disable.null_resource.additional_components_destroy",
            "module.management_project.module.project-factory.module.project-factory.module.gcloud_disable.null_resource.gcloud_auth_google_credentials_destroy",
            "module.management_project.module.project-factory.module.project-factory.module.gcloud_disable.null_resource.gcloud_auth_service_account_key_file_destroy",
            "module.management_project.module.project-factory.module.project-factory.module.gcloud_disable.null_resource.upgrade_destroy",
            "module.management_project.module.project-factory.module.project-factory.module.gcloud_disable.random_id.cache"
          ]
        }
      ]
    },
    {
      "module": "module.management_project.module.project-factory.module.project-factory.module.gcloud_deprivilege",
      "mode": "managed",
      "type": "null_resource",
      "name": "decompress_destroy",
      "each": "list",
      "provider": "provider.null",
      "instances": []
    },
    {
      "module": "module.application_project.module.project-factory.module.gcloud_delete",
      "mode": "managed",
      "type": "null_resource",
      "name": "decompress_destroy",
      "each": "list",
      "provider": "provider.null",
      "instances": []
    },
    {
      "module": "module.management_project.module.project-factory.module.project-factory.module.gcloud_delete",
      "mode": "managed",
      "type": "null_resource",
      "name": "decompress_destroy",
      "each": "list",
      "provider": "provider.null",
      "instances": []
    },
    {
      "module": "module.application_project.module.project-factory.module.gcloud_deprivilege",
      "mode": "managed",
      "type": "null_resource",
      "name": "decompress_destroy",
      "each": "list",
      "provider": "provider.null",
      "instances": []
    },
    {
      "module": "module.application_project.module.project-factory.module.gcloud_disable",
      "mode": "managed",
      "type": "null_resource",
      "name": "download_gcloud",
      "each": "list",
      "provider": "provider.null",
      "instances": [
        {
          "index_key": 0,
          "schema_version": 0,
          "attributes": {
            "id": "8765307635974199463",
            "triggers": {
              "activated_apis": "compute.googleapis.com",
              "arguments": "39532e88e8650824971011259bbbbb96",
              "default_service_account": "480944311261-compute@developer.gserviceaccount.com",
              "download_gcloud_command": "curl -sL -o .terraform/modules/application_project.project-factory.gcloud_disable/terraform-google-gcloud-1.0.1/cache/a9402cce/google-cloud-sdk.tar.gz https://dl.google.com/dl/cloudsdk/channels/rapid/downloads/google-cloud-sdk-281.0.0-linux-x86_64.tar.gz",
              "md5": "681bc493d5c6e0e3b64679436aaeabff",
              "project_services": "application-project-a1d0"
            }
          },
          "dependencies": [
            "module.application_folder.google_folder.default",
            "module.application_project.module.project-factory.google_project.main",
            "module.application_project.module.project-factory.module.gcloud_disable.null_resource.module_depends_on",
            "module.application_project.module.project-factory.module.gcloud_disable.null_resource.prepare_cache",
            "module.application_project.module.project-factory.module.gcloud_disable.random_id.cache",
            "module.application_project.module.project-factory.module.project_services.google_project_service.project_services",
            "module.application_project.module.project-factory.null_resource.preconditions",
            "module.application_project.module.project-factory.random_id.random_project_id_suffix",
            "module.management_folder.google_folder.default",
            "module.management_project.module.project-factory.module.project-factory.google_project.main",
            "module.management_project.module.project-factory.module.project-factory.module.project_services.google_project_service.project_services",
            "module.management_project.module.project-factory.module.project-factory.null_resource.preconditions",
            "module.management_project.module.project-factory.module.project-factory.random_id.random_project_id_suffix",
            "module.network.module.vpc.module.vpc.google_compute_network.network",
            "module.network.module.vpc.module.vpc.google_compute_shared_vpc_host_project.shared_vpc_host"
          ]
        }
      ]
    },
    {
      "module": "module.management_project.module.project-factory.module.project-factory.module.gcloud_disable",
      "mode": "managed",
      "type": "null_resource",
      "name": "download_gcloud",
      "each": "list",
      "provider": "provider.null",
      "instances": [
        {
          "index_key": 0,
          "schema_version": 0,
          "attributes": {
            "id": "5947766243651242055",
            "triggers": {
              "activated_apis": "compute.googleapis.com",
              "arguments": "03427efcfe4a1238cd15ebf241108838",
              "default_service_account": "811248929842-compute@developer.gserviceaccount.com",
              "download_gcloud_command": "curl -sL -o .terraform/modules/management_project.project-factory.project-factory.gcloud_disable/terraform-google-gcloud-1.0.1/cache/cda98ad9/google-cloud-sdk.tar.gz https://dl.google.com/dl/cloudsdk/channels/rapid/downloads/google-cloud-sdk-281.0.0-linux-x86_64.tar.gz",
              "md5": "0f86ad1c4c3ccef768cdf56ca4e6c111",
              "project_services": "management-project-ee13"
            }
          },
          "dependencies": [
            "module.management_folder.google_folder.default",
            "module.management_project.module.project-factory.module.project-factory.google_project.main",
            "module.management_project.module.project-factory.module.project-factory.module.gcloud_disable.null_resource.module_depends_on",
            "module.management_project.module.project-factory.module.project-factory.module.gcloud_disable.null_resource.prepare_cache",
            "module.management_project.module.project-factory.module.project-factory.module.gcloud_disable.random_id.cache",
            "module.management_project.module.project-factory.module.project-factory.module.project_services.google_project_service.project_services",
            "module.management_project.module.project-factory.module.project-factory.null_resource.preconditions",
            "module.management_project.module.project-factory.module.project-factory.random_id.random_project_id_suffix"
          ]
        }
      ]
    },
    {
      "module": "module.management_project.module.project-factory.module.project-factory.module.gcloud_deprivilege",
      "mode": "managed",
      "type": "null_resource",
      "name": "download_gcloud",
      "each": "list",
      "provider": "provider.null",
      "instances": []
    },
    {
      "module": "module.application_project.module.project-factory.module.gcloud_delete",
      "mode": "managed",
      "type": "null_resource",
      "name": "download_gcloud",
      "each": "list",
      "provider": "provider.null",
      "instances": []
    },
    {
      "module": "module.management_project.module.project-factory.module.project-factory.module.gcloud_delete",
      "mode": "managed",
      "type": "null_resource",
      "name": "download_gcloud",
      "each": "list",
      "provider": "provider.null",
      "instances": []
    },
    {
      "module": "module.application_project.module.project-factory.module.gcloud_deprivilege",
      "mode": "managed",
      "type": "null_resource",
      "name": "download_gcloud",
      "each": "list",
      "provider": "provider.null",
      "instances": []
    },
    {
      "module": "module.application_project.module.project-factory.module.gcloud_disable",
      "mode": "managed",
      "type": "null_resource",
      "name": "download_jq",
      "each": "list",
      "provider": "provider.null",
      "instances": [
        {
          "index_key": 0,
          "schema_version": 0,
          "attributes": {
            "id": "6949293235974530345",
            "triggers": {
              "activated_apis": "compute.googleapis.com",
              "arguments": "39532e88e8650824971011259bbbbb96",
              "default_service_account": "480944311261-compute@developer.gserviceaccount.com",
              "download_jq_command": "curl -sL -o .terraform/modules/application_project.project-factory.gcloud_disable/terraform-google-gcloud-1.0.1/cache/a9402cce/jq https://github.com/stedolan/jq/releases/download/jq-1.6/jq-linux64 \u0026\u0026 chmod +x .terraform/modules/application_project.project-factory.gcloud_disable/terraform-google-gcloud-1.0.1/cache/a9402cce/jq",
              "md5": "681bc493d5c6e0e3b64679436aaeabff",
              "project_services": "application-project-a1d0"
            }
          },
          "dependencies": [
            "module.application_folder.google_folder.default",
            "module.application_project.module.project-factory.google_project.main",
            "module.application_project.module.project-factory.module.gcloud_disable.null_resource.module_depends_on",
            "module.application_project.module.project-factory.module.gcloud_disable.null_resource.prepare_cache",
            "module.application_project.module.project-factory.module.gcloud_disable.random_id.cache",
            "module.application_project.module.project-factory.module.project_services.google_project_service.project_services",
            "module.application_project.module.project-factory.null_resource.preconditions",
            "module.application_project.module.project-factory.random_id.random_project_id_suffix",
            "module.management_folder.google_folder.default",
            "module.management_project.module.project-factory.module.project-factory.google_project.main",
            "module.management_project.module.project-factory.module.project-factory.module.project_services.google_project_service.project_services",
            "module.management_project.module.project-factory.module.project-factory.null_resource.preconditions",
            "module.management_project.module.project-factory.module.project-factory.random_id.random_project_id_suffix",
            "module.network.module.vpc.module.vpc.google_compute_network.network",
            "module.network.module.vpc.module.vpc.google_compute_shared_vpc_host_project.shared_vpc_host"
          ]
        }
      ]
    },
    {
      "module": "module.management_project.module.project-factory.module.project-factory.module.gcloud_disable",
      "mode": "managed",
      "type": "null_resource",
      "name": "download_jq",
      "each": "list",
      "provider": "provider.null",
      "instances": [
        {
          "index_key": 0,
          "schema_version": 0,
          "attributes": {
            "id": "3105957978589842591",
            "triggers": {
              "activated_apis": "compute.googleapis.com",
              "arguments": "03427efcfe4a1238cd15ebf241108838",
              "default_service_account": "811248929842-compute@developer.gserviceaccount.com",
              "download_jq_command": "curl -sL -o .terraform/modules/management_project.project-factory.project-factory.gcloud_disable/terraform-google-gcloud-1.0.1/cache/cda98ad9/jq https://github.com/stedolan/jq/releases/download/jq-1.6/jq-linux64 \u0026\u0026 chmod +x .terraform/modules/management_project.project-factory.project-factory.gcloud_disable/terraform-google-gcloud-1.0.1/cache/cda98ad9/jq",
              "md5": "0f86ad1c4c3ccef768cdf56ca4e6c111",
              "project_services": "management-project-ee13"
            }
          },
          "dependencies": [
            "module.management_folder.google_folder.default",
            "module.management_project.module.project-factory.module.project-factory.google_project.main",
            "module.management_project.module.project-factory.module.project-factory.module.gcloud_disable.null_resource.module_depends_on",
            "module.management_project.module.project-factory.module.project-factory.module.gcloud_disable.null_resource.prepare_cache",
            "module.management_project.module.project-factory.module.project-factory.module.gcloud_disable.random_id.cache",
            "module.management_project.module.project-factory.module.project-factory.module.project_services.google_project_service.project_services",
            "module.management_project.module.project-factory.module.project-factory.null_resource.preconditions",
            "module.management_project.module.project-factory.module.project-factory.random_id.random_project_id_suffix"
          ]
        }
      ]
    },
    {
      "module": "module.management_project.module.project-factory.module.project-factory.module.gcloud_deprivilege",
      "mode": "managed",
      "type": "null_resource",
      "name": "download_jq",
      "each": "list",
      "provider": "provider.null",
      "instances": []
    },
    {
      "module": "module.application_project.module.project-factory.module.gcloud_delete",
      "mode": "managed",
      "type": "null_resource",
      "name": "download_jq",
      "each": "list",
      "provider": "provider.null",
      "instances": []
    },
    {
      "module": "module.management_project.module.project-factory.module.project-factory.module.gcloud_delete",
      "mode": "managed",
      "type": "null_resource",
      "name": "download_jq",
      "each": "list",
      "provider": "provider.null",
      "instances": []
    },
    {
      "module": "module.application_project.module.project-factory.module.gcloud_deprivilege",
      "mode": "managed",
      "type": "null_resource",
      "name": "download_jq",
      "each": "list",
      "provider": "provider.null",
      "instances": []
    },
    {
      "module": "module.application_project.module.project-factory.module.gcloud_disable",
      "mode": "managed",
      "type": "null_resource",
      "name": "gcloud_auth_google_credentials",
      "each": "list",
      "provider": "provider.null",
      "instances": []
    },
    {
      "module": "module.management_project.module.project-factory.module.project-factory.module.gcloud_disable",
      "mode": "managed",
      "type": "null_resource",
      "name": "gcloud_auth_google_credentials",
      "each": "list",
      "provider": "provider.null",
      "instances": []
    },
    {
      "module": "module.management_project.module.project-factory.module.project-factory.module.gcloud_deprivilege",
      "mode": "managed",
      "type": "null_resource",
      "name": "gcloud_auth_google_credentials",
      "each": "list",
      "provider": "provider.null",
      "instances": []
    },
    {
      "module": "module.application_project.module.project-factory.module.gcloud_delete",
      "mode": "managed",
      "type": "null_resource",
      "name": "gcloud_auth_google_credentials",
      "each": "list",
      "provider": "provider.null",
      "instances": []
    },
    {
      "module": "module.management_project.module.project-factory.module.project-factory.module.gcloud_delete",
      "mode": "managed",
      "type": "null_resource",
      "name": "gcloud_auth_google_credentials",
      "each": "list",
      "provider": "provider.null",
      "instances": []
    },
    {
      "module": "module.application_project.module.project-factory.module.gcloud_deprivilege",
      "mode": "managed",
      "type": "null_resource",
      "name": "gcloud_auth_google_credentials",
      "each": "list",
      "provider": "provider.null",
      "instances": []
    },
    {
      "module": "module.application_project.module.project-factory.module.gcloud_disable",
      "mode": "managed",
      "type": "null_resource",
      "name": "gcloud_auth_google_credentials_destroy",
      "each": "list",
      "provider": "provider.null",
      "instances": []
    },
    {
      "module": "module.management_project.module.project-factory.module.project-factory.module.gcloud_disable",
      "mode": "managed",
      "type": "null_resource",
      "name": "gcloud_auth_google_credentials_destroy",
      "each": "list",
      "provider": "provider.null",
      "instances": []
    },
    {
      "module": "module.management_project.module.project-factory.module.project-factory.module.gcloud_deprivilege",
      "mode": "managed",
      "type": "null_resource",
      "name": "gcloud_auth_google_credentials_destroy",
      "each": "list",
      "provider": "provider.null",
      "instances": []
    },
    {
      "module": "module.application_project.module.project-factory.module.gcloud_delete",
      "mode": "managed",
      "type": "null_resource",
      "name": "gcloud_auth_google_credentials_destroy",
      "each": "list",
      "provider": "provider.null",
      "instances": []
    },
    {
      "module": "module.management_project.module.project-factory.module.project-factory.module.gcloud_delete",
      "mode": "managed",
      "type": "null_resource",
      "name": "gcloud_auth_google_credentials_destroy",
      "each": "list",
      "provider": "provider.null",
      "instances": []
    },
    {
      "module": "module.application_project.module.project-factory.module.gcloud_deprivilege",
      "mode": "managed",
      "type": "null_resource",
      "name": "gcloud_auth_google_credentials_destroy",
      "each": "list",
      "provider": "provider.null",
      "instances": []
    },
    {
      "module": "module.application_project.module.project-factory.module.gcloud_disable",
      "mode": "managed",
      "type": "null_resource",
      "name": "gcloud_auth_service_account_key_file",
      "each": "list",
      "provider": "provider.null",
      "instances": []
    },
    {
      "module": "module.management_project.module.project-factory.module.project-factory.module.gcloud_disable",
      "mode": "managed",
      "type": "null_resource",
      "name": "gcloud_auth_service_account_key_file",
      "each": "list",
      "provider": "provider.null",
      "instances": []
    },
    {
      "module": "module.management_project.module.project-factory.module.project-factory.module.gcloud_deprivilege",
      "mode": "managed",
      "type": "null_resource",
      "name": "gcloud_auth_service_account_key_file",
      "each": "list",
      "provider": "provider.null",
      "instances": []
    },
    {
      "module": "module.application_project.module.project-factory.module.gcloud_delete",
      "mode": "managed",
      "type": "null_resource",
      "name": "gcloud_auth_service_account_key_file",
      "each": "list",
      "provider": "provider.null",
      "instances": []
    },
    {
      "module": "module.management_project.module.project-factory.module.project-factory.module.gcloud_delete",
      "mode": "managed",
      "type": "null_resource",
      "name": "gcloud_auth_service_account_key_file",
      "each": "list",
      "provider": "provider.null",
      "instances": []
    },
    {
      "module": "module.application_project.module.project-factory.module.gcloud_deprivilege",
      "mode": "managed",
      "type": "null_resource",
      "name": "gcloud_auth_service_account_key_file",
      "each": "list",
      "provider": "provider.null",
      "instances": []
    },
    {
      "module": "module.application_project.module.project-factory.module.gcloud_disable",
      "mode": "managed",
      "type": "null_resource",
      "name": "gcloud_auth_service_account_key_file_destroy",
      "each": "list",
      "provider": "provider.null",
      "instances": []
    },
    {
      "module": "module.management_project.module.project-factory.module.project-factory.module.gcloud_disable",
      "mode": "managed",
      "type": "null_resource",
      "name": "gcloud_auth_service_account_key_file_destroy",
      "each": "list",
      "provider": "provider.null",
      "instances": []
    },
    {
      "module": "module.management_project.module.project-factory.module.project-factory.module.gcloud_deprivilege",
      "mode": "managed",
      "type": "null_resource",
      "name": "gcloud_auth_service_account_key_file_destroy",
      "each": "list",
      "provider": "provider.null",
      "instances": []
    },
    {
      "module": "module.application_project.module.project-factory.module.gcloud_delete",
      "mode": "managed",
      "type": "null_resource",
      "name": "gcloud_auth_service_account_key_file_destroy",
      "each": "list",
      "provider": "provider.null",
      "instances": []
    },
    {
      "module": "module.management_project.module.project-factory.module.project-factory.module.gcloud_delete",
      "mode": "managed",
      "type": "null_resource",
      "name": "gcloud_auth_service_account_key_file_destroy",
      "each": "list",
      "provider": "provider.null",
      "instances": []
    },
    {
      "module": "module.application_project.module.project-factory.module.gcloud_deprivilege",
      "mode": "managed",
      "type": "null_resource",
      "name": "gcloud_auth_service_account_key_file_destroy",
      "each": "list",
      "provider": "provider.null",
      "instances": []
    },
    {
      "module": "module.application_project.module.project-factory.module.gcloud_disable",
      "mode": "managed",
      "type": "null_resource",
      "name": "module_depends_on",
      "each": "list",
      "provider": "provider.null",
      "instances": []
    },
    {
      "module": "module.management_project.module.project-factory.module.project-factory.module.gcloud_disable",
      "mode": "managed",
      "type": "null_resource",
      "name": "module_depends_on",
      "each": "list",
      "provider": "provider.null",
      "instances": []
    },
    {
      "module": "module.management_project.module.project-factory.module.project-factory.module.gcloud_deprivilege",
      "mode": "managed",
      "type": "null_resource",
      "name": "module_depends_on",
      "each": "list",
      "provider": "provider.null",
      "instances": []
    },
    {
      "module": "module.application_project.module.project-factory.module.gcloud_delete",
      "mode": "managed",
      "type": "null_resource",
      "name": "module_depends_on",
      "each": "list",
      "provider": "provider.null",
      "instances": []
    },
    {
      "module": "module.management_project.module.project-factory.module.project-factory.module.gcloud_delete",
      "mode": "managed",
      "type": "null_resource",
      "name": "module_depends_on",
      "each": "list",
      "provider": "provider.null",
      "instances": []
    },
    {
      "module": "module.application_project.module.project-factory.module.gcloud_deprivilege",
      "mode": "managed",
      "type": "null_resource",
      "name": "module_depends_on",
      "each": "list",
      "provider": "provider.null",
      "instances": []
    },
    {
      "module": "module.management_project.module.project-factory.module.project-factory",
      "mode": "managed",
      "type": "null_resource",
      "name": "preconditions",
      "provider": "provider.null",
      "instances": [
        {
          "schema_version": 0,
          "attributes": {
            "id": "309150766153581969",
            "triggers": {
              "billing_account": "01AFBE-11DA43-19B888",
              "credentials_path": "",
              "folder_id": "folders/348437285030",
              "org_id": "478509003713",
              "shared_vpc": ""
            }
          },
          "dependencies": [
            "module.management_folder.google_folder.default"
          ]
        }
      ]
    },
    {
      "module": "module.application_project.module.project-factory",
      "mode": "managed",
      "type": "null_resource",
      "name": "preconditions",
      "provider": "provider.null",
      "instances": [
        {
          "schema_version": 0,
          "attributes": {
            "id": "2598673600835300894",
            "triggers": {
              "billing_account": "01AFBE-11DA43-19B888",
              "credentials_path": "",
              "folder_id": "folders/199155897856",
              "org_id": "478509003713",
              "shared_vpc": "management-project-ee13"
            }
          },
          "dependencies": [
            "module.application_folder.google_folder.default",
            "module.management_folder.google_folder.default",
            "module.management_project.module.project-factory.module.project-factory.google_project.main",
            "module.management_project.module.project-factory.module.project-factory.module.project_services.google_project_service.project_services",
            "module.management_project.module.project-factory.module.project-factory.null_resource.preconditions",
            "module.management_project.module.project-factory.module.project-factory.random_id.random_project_id_suffix",
            "module.network.module.vpc.module.vpc.google_compute_network.network",
            "module.network.module.vpc.module.vpc.google_compute_shared_vpc_host_project.shared_vpc_host"
          ]
        }
      ]
    },
    {
      "module": "module.application_project.module.project-factory.module.gcloud_disable",
      "mode": "managed",
      "type": "null_resource",
      "name": "prepare_cache",
      "each": "list",
      "provider": "provider.null",
      "instances": [
        {
          "index_key": 0,
          "schema_version": 0,
          "attributes": {
            "id": "8088323030284485658",
            "triggers": {
              "activated_apis": "compute.googleapis.com",
              "arguments": "39532e88e8650824971011259bbbbb96",
              "default_service_account": "480944311261-compute@developer.gserviceaccount.com",
              "md5": "681bc493d5c6e0e3b64679436aaeabff",
              "prepare_cache_command": "mkdir .terraform/modules/application_project.project-factory.gcloud_disable/terraform-google-gcloud-1.0.1/cache/a9402cce",
              "project_services": "application-project-a1d0"
            }
          },
          "dependencies": [
            "module.application_folder.google_folder.default",
            "module.application_project.module.project-factory.google_project.main",
            "module.application_project.module.project-factory.module.gcloud_disable.null_resource.module_depends_on",
            "module.application_project.module.project-factory.module.gcloud_disable.random_id.cache",
            "module.application_project.module.project-factory.module.project_services.google_project_service.project_services",
            "module.application_project.module.project-factory.null_resource.preconditions",
            "module.application_project.module.project-factory.random_id.random_project_id_suffix",
            "module.management_folder.google_folder.default",
            "module.management_project.module.project-factory.module.project-factory.google_project.main",
            "module.management_project.module.project-factory.module.project-factory.module.project_services.google_project_service.project_services",
            "module.management_project.module.project-factory.module.project-factory.null_resource.preconditions",
            "module.management_project.module.project-factory.module.project-factory.random_id.random_project_id_suffix",
            "module.network.module.vpc.module.vpc.google_compute_network.network",
            "module.network.module.vpc.module.vpc.google_compute_shared_vpc_host_project.shared_vpc_host"
          ]
        }
      ]
    },
    {
      "module": "module.management_project.module.project-factory.module.project-factory.module.gcloud_disable",
      "mode": "managed",
      "type": "null_resource",
      "name": "prepare_cache",
      "each": "list",
      "provider": "provider.null",
      "instances": [
        {
          "index_key": 0,
          "schema_version": 0,
          "attributes": {
            "id": "1801620128941081622",
            "triggers": {
              "activated_apis": "compute.googleapis.com",
              "arguments": "03427efcfe4a1238cd15ebf241108838",
              "default_service_account": "811248929842-compute@developer.gserviceaccount.com",
              "md5": "0f86ad1c4c3ccef768cdf56ca4e6c111",
              "prepare_cache_command": "mkdir .terraform/modules/management_project.project-factory.project-factory.gcloud_disable/terraform-google-gcloud-1.0.1/cache/cda98ad9",
              "project_services": "management-project-ee13"
            }
          },
          "dependencies": [
            "module.management_folder.google_folder.default",
            "module.management_project.module.project-factory.module.project-factory.google_project.main",
            "module.management_project.module.project-factory.module.project-factory.module.gcloud_disable.null_resource.module_depends_on",
            "module.management_project.module.project-factory.module.project-factory.module.gcloud_disable.random_id.cache",
            "module.management_project.module.project-factory.module.project-factory.module.project_services.google_project_service.project_services",
            "module.management_project.module.project-factory.module.project-factory.null_resource.preconditions",
            "module.management_project.module.project-factory.module.project-factory.random_id.random_project_id_suffix"
          ]
        }
      ]
    },
    {
      "module": "module.management_project.module.project-factory.module.project-factory.module.gcloud_deprivilege",
      "mode": "managed",
      "type": "null_resource",
      "name": "prepare_cache",
      "each": "list",
      "provider": "provider.null",
      "instances": []
    },
    {
      "module": "module.application_project.module.project-factory.module.gcloud_delete",
      "mode": "managed",
      "type": "null_resource",
      "name": "prepare_cache",
      "each": "list",
      "provider": "provider.null",
      "instances": []
    },
    {
      "module": "module.management_project.module.project-factory.module.project-factory.module.gcloud_delete",
      "mode": "managed",
      "type": "null_resource",
      "name": "prepare_cache",
      "each": "list",
      "provider": "provider.null",
      "instances": []
    },
    {
      "module": "module.application_project.module.project-factory.module.gcloud_deprivilege",
      "mode": "managed",
      "type": "null_resource",
      "name": "prepare_cache",
      "each": "list",
      "provider": "provider.null",
      "instances": []
    },
    {
      "module": "module.application_project.module.project-factory.module.gcloud_disable",
      "mode": "managed",
      "type": "null_resource",
      "name": "run_command",
      "each": "list",
      "provider": "provider.null",
      "instances": [
        {
          "index_key": 0,
          "schema_version": 0,
          "attributes": {
            "id": "3104191197863009799",
            "triggers": {
              "activated_apis": "compute.googleapis.com",
              "arguments": "39532e88e8650824971011259bbbbb96",
              "create_cmd_body": "--project_id='application-project-a1d0' \\\n--sa_id='480944311261-compute@developer.gserviceaccount.com' \\\n--credentials_path='' \\\n--impersonate-service-account='' \\\n--action='disable'\n",
              "create_cmd_entrypoint": ".terraform/modules/application_project/terraform-google-project-factory-8.0.1/modules/core_project_factory/scripts/modify-service-account.sh",
              "default_service_account": "480944311261-compute@developer.gserviceaccount.com",
              "destroy_cmd_body": "info",
              "destroy_cmd_entrypoint": "gcloud",
              "gcloud_bin_abs_path": "/Users/treycaliva/learning/terraform/cf-challenge/.terraform/modules/application_project.project-factory.gcloud_disable/terraform-google-gcloud-1.0.1/cache/a9402cce/google-cloud-sdk/bin",
              "md5": "681bc493d5c6e0e3b64679436aaeabff",
              "project_services": "application-project-a1d0"
            }
          },
          "dependencies": [
            "module.application_folder.google_folder.default",
            "module.application_project.module.project-factory.google_project.main",
            "module.application_project.module.project-factory.module.gcloud_disable.null_resource.additional_components",
            "module.application_project.module.project-factory.module.gcloud_disable.null_resource.decompress",
            "module.application_project.module.project-factory.module.gcloud_disable.null_resource.download_gcloud",
            "module.application_project.module.project-factory.module.gcloud_disable.null_resource.download_jq",
            "module.application_project.module.project-factory.module.gcloud_disable.null_resource.gcloud_auth_google_credentials",
            "module.application_project.module.project-factory.module.gcloud_disable.null_resource.gcloud_auth_service_account_key_file",
            "module.application_project.module.project-factory.module.gcloud_disable.null_resource.module_depends_on",
            "module.application_project.module.project-factory.module.gcloud_disable.null_resource.prepare_cache",
            "module.application_project.module.project-factory.module.gcloud_disable.random_id.cache",
            "module.application_project.module.project-factory.module.project_services.google_project_service.project_services",
            "module.application_project.module.project-factory.null_resource.preconditions",
            "module.application_project.module.project-factory.random_id.random_project_id_suffix",
            "module.management_folder.google_folder.default",
            "module.management_project.module.project-factory.module.project-factory.google_project.main",
            "module.management_project.module.project-factory.module.project-factory.module.project_services.google_project_service.project_services",
            "module.management_project.module.project-factory.module.project-factory.null_resource.preconditions",
            "module.management_project.module.project-factory.module.project-factory.random_id.random_project_id_suffix",
            "module.network.module.vpc.module.vpc.google_compute_network.network",
            "module.network.module.vpc.module.vpc.google_compute_shared_vpc_host_project.shared_vpc_host"
          ]
        }
      ]
    },
    {
      "module": "module.management_project.module.project-factory.module.project-factory.module.gcloud_disable",
      "mode": "managed",
      "type": "null_resource",
      "name": "run_command",
      "each": "list",
      "provider": "provider.null",
      "instances": [
        {
          "index_key": 0,
          "schema_version": 0,
          "attributes": {
            "id": "7795817612523479382",
            "triggers": {
              "activated_apis": "compute.googleapis.com",
              "arguments": "03427efcfe4a1238cd15ebf241108838",
              "create_cmd_body": "--project_id='management-project-ee13' \\\n--sa_id='811248929842-compute@developer.gserviceaccount.com' \\\n--credentials_path='' \\\n--impersonate-service-account='' \\\n--action='disable'\n",
              "create_cmd_entrypoint": ".terraform/modules/management_project.project-factory/terraform-google-project-factory-8.0.1/modules/core_project_factory/scripts/modify-service-account.sh",
              "default_service_account": "811248929842-compute@developer.gserviceaccount.com",
              "destroy_cmd_body": "info",
              "destroy_cmd_entrypoint": "gcloud",
              "gcloud_bin_abs_path": "/Users/treycaliva/learning/terraform/cf-challenge/.terraform/modules/management_project.project-factory.project-factory.gcloud_disable/terraform-google-gcloud-1.0.1/cache/cda98ad9/google-cloud-sdk/bin",
              "md5": "0f86ad1c4c3ccef768cdf56ca4e6c111",
              "project_services": "management-project-ee13"
            }
          },
          "dependencies": [
            "module.management_folder.google_folder.default",
            "module.management_project.module.project-factory.module.project-factory.google_project.main",
            "module.management_project.module.project-factory.module.project-factory.module.gcloud_disable.null_resource.additional_components",
            "module.management_project.module.project-factory.module.project-factory.module.gcloud_disable.null_resource.decompress",
            "module.management_project.module.project-factory.module.project-factory.module.gcloud_disable.null_resource.download_gcloud",
            "module.management_project.module.project-factory.module.project-factory.module.gcloud_disable.null_resource.download_jq",
            "module.management_project.module.project-factory.module.project-factory.module.gcloud_disable.null_resource.gcloud_auth_google_credentials",
            "module.management_project.module.project-factory.module.project-factory.module.gcloud_disable.null_resource.gcloud_auth_service_account_key_file",
            "module.management_project.module.project-factory.module.project-factory.module.gcloud_disable.null_resource.module_depends_on",
            "module.management_project.module.project-factory.module.project-factory.module.gcloud_disable.null_resource.prepare_cache",
            "module.management_project.module.project-factory.module.project-factory.module.gcloud_disable.random_id.cache",
            "module.management_project.module.project-factory.module.project-factory.module.project_services.google_project_service.project_services",
            "module.management_project.module.project-factory.module.project-factory.null_resource.preconditions",
            "module.management_project.module.project-factory.module.project-factory.random_id.random_project_id_suffix"
          ]
        }
      ]
    },
    {
      "module": "module.management_project.module.project-factory.module.project-factory.module.gcloud_deprivilege",
      "mode": "managed",
      "type": "null_resource",
      "name": "run_command",
      "each": "list",
      "provider": "provider.null",
      "instances": []
    },
    {
      "module": "module.application_project.module.project-factory.module.gcloud_delete",
      "mode": "managed",
      "type": "null_resource",
      "name": "run_command",
      "each": "list",
      "provider": "provider.null",
      "instances": []
    },
    {
      "module": "module.management_project.module.project-factory.module.project-factory.module.gcloud_delete",
      "mode": "managed",
      "type": "null_resource",
      "name": "run_command",
      "each": "list",
      "provider": "provider.null",
      "instances": []
    },
    {
      "module": "module.application_project.module.project-factory.module.gcloud_deprivilege",
      "mode": "managed",
      "type": "null_resource",
      "name": "run_command",
      "each": "list",
      "provider": "provider.null",
      "instances": []
    },
    {
      "module": "module.application_project.module.project-factory.module.gcloud_disable",
      "mode": "managed",
      "type": "null_resource",
      "name": "upgrade",
      "each": "list",
      "provider": "provider.null",
      "instances": [
        {
          "index_key": 0,
          "schema_version": 0,
          "attributes": {
            "id": "3126305707733704352",
            "triggers": {
              "activated_apis": "compute.googleapis.com",
              "arguments": "39532e88e8650824971011259bbbbb96",
              "default_service_account": "480944311261-compute@developer.gserviceaccount.com",
              "md5": "681bc493d5c6e0e3b64679436aaeabff",
              "project_services": "application-project-a1d0",
              "upgrade_command": ".terraform/modules/application_project.project-factory.gcloud_disable/terraform-google-gcloud-1.0.1/cache/a9402cce/google-cloud-sdk/bin/gcloud components update --quiet"
            }
          },
          "dependencies": [
            "module.application_folder.google_folder.default",
            "module.application_project.module.project-factory.google_project.main",
            "module.application_project.module.project-factory.module.gcloud_disable.null_resource.decompress",
            "module.application_project.module.project-factory.module.gcloud_disable.null_resource.download_gcloud",
            "module.application_project.module.project-factory.module.gcloud_disable.null_resource.download_jq",
            "module.application_project.module.project-factory.module.gcloud_disable.null_resource.module_depends_on",
            "module.application_project.module.project-factory.module.gcloud_disable.null_resource.prepare_cache",
            "module.application_project.module.project-factory.module.gcloud_disable.random_id.cache",
            "module.application_project.module.project-factory.module.project_services.google_project_service.project_services",
            "module.application_project.module.project-factory.null_resource.preconditions",
            "module.application_project.module.project-factory.random_id.random_project_id_suffix",
            "module.management_folder.google_folder.default",
            "module.management_project.module.project-factory.module.project-factory.google_project.main",
            "module.management_project.module.project-factory.module.project-factory.module.project_services.google_project_service.project_services",
            "module.management_project.module.project-factory.module.project-factory.null_resource.preconditions",
            "module.management_project.module.project-factory.module.project-factory.random_id.random_project_id_suffix",
            "module.network.module.vpc.module.vpc.google_compute_network.network",
            "module.network.module.vpc.module.vpc.google_compute_shared_vpc_host_project.shared_vpc_host"
          ]
        }
      ]
    },
    {
      "module": "module.management_project.module.project-factory.module.project-factory.module.gcloud_disable",
      "mode": "managed",
      "type": "null_resource",
      "name": "upgrade",
      "each": "list",
      "provider": "provider.null",
      "instances": [
        {
          "index_key": 0,
          "schema_version": 0,
          "attributes": {
            "id": "705539614370830025",
            "triggers": {
              "activated_apis": "compute.googleapis.com",
              "arguments": "03427efcfe4a1238cd15ebf241108838",
              "default_service_account": "811248929842-compute@developer.gserviceaccount.com",
              "md5": "0f86ad1c4c3ccef768cdf56ca4e6c111",
              "project_services": "management-project-ee13",
              "upgrade_command": ".terraform/modules/management_project.project-factory.project-factory.gcloud_disable/terraform-google-gcloud-1.0.1/cache/cda98ad9/google-cloud-sdk/bin/gcloud components update --quiet"
            }
          },
          "dependencies": [
            "module.management_folder.google_folder.default",
            "module.management_project.module.project-factory.module.project-factory.google_project.main",
            "module.management_project.module.project-factory.module.project-factory.module.gcloud_disable.null_resource.decompress",
            "module.management_project.module.project-factory.module.project-factory.module.gcloud_disable.null_resource.download_gcloud",
            "module.management_project.module.project-factory.module.project-factory.module.gcloud_disable.null_resource.download_jq",
            "module.management_project.module.project-factory.module.project-factory.module.gcloud_disable.null_resource.module_depends_on",
            "module.management_project.module.project-factory.module.project-factory.module.gcloud_disable.null_resource.prepare_cache",
            "module.management_project.module.project-factory.module.project-factory.module.gcloud_disable.random_id.cache",
            "module.management_project.module.project-factory.module.project-factory.module.project_services.google_project_service.project_services",
            "module.management_project.module.project-factory.module.project-factory.null_resource.preconditions",
            "module.management_project.module.project-factory.module.project-factory.random_id.random_project_id_suffix"
          ]
        }
      ]
    },
    {
      "module": "module.management_project.module.project-factory.module.project-factory.module.gcloud_deprivilege",
      "mode": "managed",
      "type": "null_resource",
      "name": "upgrade",
      "each": "list",
      "provider": "provider.null",
      "instances": []
    },
    {
      "module": "module.application_project.module.project-factory.module.gcloud_delete",
      "mode": "managed",
      "type": "null_resource",
      "name": "upgrade",
      "each": "list",
      "provider": "provider.null",
      "instances": []
    },
    {
      "module": "module.management_project.module.project-factory.module.project-factory.module.gcloud_delete",
      "mode": "managed",
      "type": "null_resource",
      "name": "upgrade",
      "each": "list",
      "provider": "provider.null",
      "instances": []
    },
    {
      "module": "module.application_project.module.project-factory.module.gcloud_deprivilege",
      "mode": "managed",
      "type": "null_resource",
      "name": "upgrade",
      "each": "list",
      "provider": "provider.null",
      "instances": []
    },
    {
      "module": "module.application_project.module.project-factory.module.gcloud_disable",
      "mode": "managed",
      "type": "null_resource",
      "name": "upgrade_destroy",
      "each": "list",
      "provider": "provider.null",
      "instances": [
        {
          "index_key": 0,
          "schema_version": 0,
          "attributes": {
            "id": "1617635077517742332",
            "triggers": {
              "upgrade_command": ".terraform/modules/application_project.project-factory.gcloud_disable/terraform-google-gcloud-1.0.1/cache/a9402cce/google-cloud-sdk/bin/gcloud components update --quiet"
            }
          },
          "dependencies": [
            "module.application_project.module.project-factory.module.gcloud_disable.null_resource.additional_components_destroy",
            "module.application_project.module.project-factory.module.gcloud_disable.null_resource.gcloud_auth_google_credentials_destroy",
            "module.application_project.module.project-factory.module.gcloud_disable.null_resource.gcloud_auth_service_account_key_file_destroy",
            "module.application_project.module.project-factory.module.gcloud_disable.random_id.cache"
          ]
        }
      ]
    },
    {
      "module": "module.management_project.module.project-factory.module.project-factory.module.gcloud_disable",
      "mode": "managed",
      "type": "null_resource",
      "name": "upgrade_destroy",
      "each": "list",
      "provider": "provider.null",
      "instances": [
        {
          "index_key": 0,
          "schema_version": 0,
          "attributes": {
            "id": "3354608615303473331",
            "triggers": {
              "upgrade_command": ".terraform/modules/management_project.project-factory.project-factory.gcloud_disable/terraform-google-gcloud-1.0.1/cache/cda98ad9/google-cloud-sdk/bin/gcloud components update --quiet"
            }
          },
          "dependencies": [
            "module.management_project.module.project-factory.module.project-factory.module.gcloud_disable.null_resource.additional_components_destroy",
            "module.management_project.module.project-factory.module.project-factory.module.gcloud_disable.null_resource.gcloud_auth_google_credentials_destroy",
            "module.management_project.module.project-factory.module.project-factory.module.gcloud_disable.null_resource.gcloud_auth_service_account_key_file_destroy",
            "module.management_project.module.project-factory.module.project-factory.module.gcloud_disable.random_id.cache"
          ]
        }
      ]
    },
    {
      "module": "module.management_project.module.project-factory.module.project-factory.module.gcloud_deprivilege",
      "mode": "managed",
      "type": "null_resource",
      "name": "upgrade_destroy",
      "each": "list",
      "provider": "provider.null",
      "instances": []
    },
    {
      "module": "module.application_project.module.project-factory.module.gcloud_delete",
      "mode": "managed",
      "type": "null_resource",
      "name": "upgrade_destroy",
      "each": "list",
      "provider": "provider.null",
      "instances": []
    },
    {
      "module": "module.management_project.module.project-factory.module.project-factory.module.gcloud_delete",
      "mode": "managed",
      "type": "null_resource",
      "name": "upgrade_destroy",
      "each": "list",
      "provider": "provider.null",
      "instances": []
    },
    {
      "module": "module.application_project.module.project-factory.module.gcloud_deprivilege",
      "mode": "managed",
      "type": "null_resource",
      "name": "upgrade_destroy",
      "each": "list",
      "provider": "provider.null",
      "instances": []
    },
    {
      "module": "module.application_project.module.project-factory.module.gcloud_disable",
      "mode": "managed",
      "type": "random_id",
      "name": "cache",
      "provider": "provider.random",
      "instances": [
        {
          "schema_version": 0,
          "attributes": {
            "b64": "qUAszg",
            "b64_std": "qUAszg==",
            "b64_url": "qUAszg",
            "byte_length": 4,
            "dec": "2839555278",
            "hex": "a9402cce",
            "id": "qUAszg",
            "keepers": null,
            "prefix": null
          },
          "private": "bnVsbA=="
        }
      ]
    },
    {
      "module": "module.management_project.module.project-factory.module.project-factory.module.gcloud_disable",
      "mode": "managed",
      "type": "random_id",
      "name": "cache",
      "provider": "provider.random",
      "instances": [
        {
          "schema_version": 0,
          "attributes": {
            "b64": "zamK2Q",
            "b64_std": "zamK2Q==",
            "b64_url": "zamK2Q",
            "byte_length": 4,
            "dec": "3450440409",
            "hex": "cda98ad9",
            "id": "zamK2Q",
            "keepers": null,
            "prefix": null
          },
          "private": "bnVsbA=="
        }
      ]
    },
    {
      "module": "module.management_project.module.project-factory.module.project-factory.module.gcloud_deprivilege",
      "mode": "managed",
      "type": "random_id",
      "name": "cache",
      "provider": "provider.random",
      "instances": [
        {
          "schema_version": 0,
          "attributes": {
            "b64": "XET1Tg",
            "b64_std": "XET1Tg==",
            "b64_url": "XET1Tg",
            "byte_length": 4,
            "dec": "1548023118",
            "hex": "5c44f54e",
            "id": "XET1Tg",
            "keepers": null,
            "prefix": null
          },
          "private": "bnVsbA=="
        }
      ]
    },
    {
      "module": "module.application_project.module.project-factory.module.gcloud_delete",
      "mode": "managed",
      "type": "random_id",
      "name": "cache",
      "provider": "provider.random",
      "instances": [
        {
          "schema_version": 0,
          "attributes": {
            "b64": "O2iP6g",
            "b64_std": "O2iP6g==",
            "b64_url": "O2iP6g",
            "byte_length": 4,
            "dec": "996708330",
            "hex": "3b688fea",
            "id": "O2iP6g",
            "keepers": null,
            "prefix": null
          },
          "private": "bnVsbA=="
        }
      ]
    },
    {
      "module": "module.management_project.module.project-factory.module.project-factory.module.gcloud_delete",
      "mode": "managed",
      "type": "random_id",
      "name": "cache",
      "provider": "provider.random",
      "instances": [
        {
          "schema_version": 0,
          "attributes": {
            "b64": "9qMoqA",
            "b64_std": "9qMoqA==",
            "b64_url": "9qMoqA",
            "byte_length": 4,
            "dec": "4137887912",
            "hex": "f6a328a8",
            "id": "9qMoqA",
            "keepers": null,
            "prefix": null
          },
          "private": "bnVsbA=="
        }
      ]
    },
    {
      "module": "module.application_project.module.project-factory.module.gcloud_deprivilege",
      "mode": "managed",
      "type": "random_id",
      "name": "cache",
      "provider": "provider.random",
      "instances": [
        {
          "schema_version": 0,
          "attributes": {
            "b64": "svzC5w",
            "b64_std": "svzC5w==",
            "b64_url": "svzC5w",
            "byte_length": 4,
            "dec": "3002909415",
            "hex": "b2fcc2e7",
            "id": "svzC5w",
            "keepers": null,
            "prefix": null
          },
          "private": "bnVsbA=="
        }
      ]
    },
    {
      "module": "module.management_project.module.project-factory.module.project-factory",
      "mode": "managed",
      "type": "random_id",
      "name": "random_project_id_suffix",
      "provider": "provider.random",
      "instances": [
        {
          "schema_version": 0,
          "attributes": {
            "b64": "7hM",
            "b64_std": "7hM=",
            "b64_url": "7hM",
            "byte_length": 2,
            "dec": "60947",
            "hex": "ee13",
            "id": "7hM",
            "keepers": null,
            "prefix": null
          },
          "private": "bnVsbA=="
        }
      ]
    },
    {
      "module": "module.application_project.module.project-factory",
      "mode": "managed",
      "type": "random_id",
      "name": "random_project_id_suffix",
      "provider": "provider.random",
      "instances": [
        {
          "schema_version": 0,
          "attributes": {
            "b64": "odA",
            "b64_std": "odA=",
            "b64_url": "odA",
            "byte_length": 2,
            "dec": "41424",
            "hex": "a1d0",
            "id": "odA",
            "keepers": null,
            "prefix": null
          },
          "private": "bnVsbA=="
        }
      ]
    }
  ]
}
